
Microsoft Visual Studio Solution File, Format Version 12.00
# Visual Studio Version 17
VisualStudioVersion = 17.12.35514.174 d17.12
MinimumVisualStudioVersion = 10.0.40219.1
Project("{6870E480-7721-4708-BFB8-9AE898AA21B3}") = "Koski opintojen kulku lukio", "Koski opintojen kulku lukio\Koski opintojen kulku lukio.smproj", "{8CE414BB-95B2-4C99-9E03-51BA72086E22}"
EndProject
Project("{6870E480-7721-4708-BFB8-9AE898AA21B3}") = "Koski opintojen kulku amm", "Koski opintojen kulku amm\Koski opintojen kulku amm.smproj", "{246C8082-CE92-41DB-B2F3-B9F42FDD93AA}"
EndProject
Project("{6870E480-7721-4708-BFB8-9AE898AA21B3}") = "Koski opintojen kulku amm cultures", "Koski opintojen kulku amm cultures\Koski opintojen kulku amm cultures.smproj", "{9A74861B-569E-4EEB-A114-727DE328B632}"
EndProject
Project("{6870E480-7721-4708-BFB8-9AE898AA21B3}") = "Koski opintojen kulku lukio cultures", "Koski opintojen kulku lukio cultures\Koski opintojen kulku lukio cultures.smproj", "{10D0078C-9437-4D3E-A1A9-E6060589B1D1}"
EndProject
Project("{6870E480-7721-4708-BFB8-9AE898AA21B3}") = "Koski oppivelvollisten opintojen kulku cultures", "Koski oppivelvollisten opintojen kulku cultures\Koski oppivelvollisten opintojen kulku cultures.smproj", "{6342F494-A478-43EE-B6AC-B5119AD3226D}"
EndProject
Project("{6870E480-7721-4708-BFB8-9AE898AA21B3}") = "Koski opintojen kulku toinen aste cultures", "Koski opintojen kulku toinen aste cultures\Koski opintojen kulku toinen aste cultures.smproj", "{604AFCE1-599F-4F72-B912-4D340FD51362}"
EndProject
Global
	GlobalSection(SolutionConfigurationPlatforms) = preSolution
		Development|x86 = Development|x86
	EndGlobalSection
	GlobalSection(ProjectConfigurationPlatforms) = postSolution
		{8CE414BB-95B2-4C99-9E03-51BA72086E22}.Development|x86.ActiveCfg = Development|x86
		{8CE414BB-95B2-4C99-9E03-51BA72086E22}.Development|x86.Build.0 = Development|x86
		{8CE414BB-95B2-4C99-9E03-51BA72086E22}.Development|x86.Deploy.0 = Development|x86
		{246C8082-CE92-41DB-B2F3-B9F42FDD93AA}.Development|x86.ActiveCfg = Development|x86
		{246C8082-CE92-41DB-B2F3-B9F42FDD93AA}.Development|x86.Build.0 = Development|x86
		{246C8082-CE92-41DB-B2F3-B9F42FDD93AA}.Development|x86.Deploy.0 = Development|x86
		{9A74861B-569E-4EEB-A114-727DE328B632}.Development|x86.ActiveCfg = Development|x86
		{9A74861B-569E-4EEB-A114-727DE328B632}.Development|x86.Build.0 = Development|x86
		{9A74861B-569E-4EEB-A114-727DE328B632}.Development|x86.Deploy.0 = Development|x86
		{10D0078C-9437-4D3E-A1A9-E6060589B1D1}.Development|x86.ActiveCfg = Development|x86
		{10D0078C-9437-4D3E-A1A9-E6060589B1D1}.Development|x86.Build.0 = Development|x86
		{10D0078C-9437-4D3E-A1A9-E6060589B1D1}.Development|x86.Deploy.0 = Development|x86
		{6342F494-A478-43EE-B6AC-B5119AD3226D}.Development|x86.ActiveCfg = Development|x86
		{6342F494-A478-43EE-B6AC-B5119AD3226D}.Development|x86.Build.0 = Development|x86
		{6342F494-A478-43EE-B6AC-B5119AD3226D}.Development|x86.Deploy.0 = Development|x86
		{604AFCE1-599F-4F72-B912-4D340FD51362}.Development|x86.ActiveCfg = Development|x86
		{604AFCE1-599F-4F72-B912-4D340FD51362}.Development|x86.Build.0 = Development|x86
		{604AFCE1-599F-4F72-B912-4D340FD51362}.Development|x86.Deploy.0 = Development|x86
	EndGlobalSection
	GlobalSection(SolutionProperties) = preSolution
		HideSolutionNode = FALSE
	EndGlobalSection
EndGlobal
