
Microsoft Visual Studio Solution File, Format Version 12.00
# Visual Studio Version 17
VisualStudioVersion = 17.12.35514.174
MinimumVisualStudioVersion = 10.0.40219.1
Project("{6870E480-7721-4708-BFB8-9AE898AA21B3}") = "AMOS kustannuskysely seurantaryhmat", "AMOS kustannuskysely seurantaryhmat\AMOS kustannuskysely seurantaryhmat.smproj", "{8CE414BB-95B2-4C99-9E03-51BA72086E22}"
EndProject
Project("{6870E480-7721-4708-BFB8-9AE898AA21B3}") = "AMOS kustannuskysely jarjestajakohtainen", "AMOS kustannuskysely jarjestajakohtainen\AMOS kustannuskysely jarjestajakohtainen.smproj", "{6CC1141D-2530-4749-8DD8-9589936770A8}"
EndProject
Project("{6870E480-7721-4708-BFB8-9AE898AA21B3}") = "AMOS tase ja tunnusluvut", "AMOS tase ja tunnusluvut\AMOS tase ja tunnusluvut.smproj", "{3F2B0917-A029-4D4F-A449-5742D74D7CFF}"
EndProject
Project("{6870E480-7721-4708-BFB8-9AE898AA21B3}") = "AMOS kustannuskysely yhdistelma", "AMOS kustannuskysely yhdistelma\AMOS kustannuskysely yhdistelma.smproj", "{83EB6EA3-F47B-415B-9FB0-D07C00CC935D}"
EndProject
Project("{6870E480-7721-4708-BFB8-9AE898AA21B3}") = "AMOS tase ja tunnusluvut ilman kuntia", "AMOS tase ja tunnusluvut ilman kuntia\AMOS tase ja tunnusluvut ilman kuntia.smproj", "{B5BDB7CC-71D2-49F5-A932-89CF046BE6F0}"
EndProject
Global
	GlobalSection(SolutionConfigurationPlatforms) = preSolution
		Development|x86 = Development|x86
	EndGlobalSection
	GlobalSection(ProjectConfigurationPlatforms) = postSolution
		{8CE414BB-95B2-4C99-9E03-51BA72086E22}.Development|x86.ActiveCfg = Development|x86
		{8CE414BB-95B2-4C99-9E03-51BA72086E22}.Development|x86.Build.0 = Development|x86
		{8CE414BB-95B2-4C99-9E03-51BA72086E22}.Development|x86.Deploy.0 = Development|x86
		{6CC1141D-2530-4749-8DD8-9589936770A8}.Development|x86.ActiveCfg = Development|x86
		{6CC1141D-2530-4749-8DD8-9589936770A8}.Development|x86.Build.0 = Development|x86
		{6CC1141D-2530-4749-8DD8-9589936770A8}.Development|x86.Deploy.0 = Development|x86
		{3F2B0917-A029-4D4F-A449-5742D74D7CFF}.Development|x86.ActiveCfg = Development|x86
		{3F2B0917-A029-4D4F-A449-5742D74D7CFF}.Development|x86.Build.0 = Development|x86
		{3F2B0917-A029-4D4F-A449-5742D74D7CFF}.Development|x86.Deploy.0 = Development|x86
		{83EB6EA3-F47B-415B-9FB0-D07C00CC935D}.Development|x86.ActiveCfg = Development|x86
		{83EB6EA3-F47B-415B-9FB0-D07C00CC935D}.Development|x86.Build.0 = Development|x86
		{83EB6EA3-F47B-415B-9FB0-D07C00CC935D}.Development|x86.Deploy.0 = Development|x86
		{B5BDB7CC-71D2-49F5-A932-89CF046BE6F0}.Development|x86.ActiveCfg = Development|x86
		{B5BDB7CC-71D2-49F5-A932-89CF046BE6F0}.Development|x86.Build.0 = Development|x86
		{B5BDB7CC-71D2-49F5-A932-89CF046BE6F0}.Development|x86.Deploy.0 = Development|x86
	EndGlobalSection
	GlobalSection(SolutionProperties) = preSolution
		HideSolutionNode = FALSE
	EndGlobalSection
EndGlobal
