
Microsoft Visual Studio Solution File, Format Version 11.00
# Visual Studio 2010
Project("{6870E480-7721-4708-BFB8-9AE898AA21B3}") = "Tutk suor osuus poistumasta erityisopisk", "Tutk suor osuus poistumasta erityisopisk\Tutk suor osuus poistumasta erityisopisk.smproj", "{36FADC38-886C-4ED7-A173-5D7F81272439}"
EndProject
Project("{6870E480-7721-4708-BFB8-9AE898AA21B3}") = "Tutk suor osuus aloittaneista erityisopisk", "Tutk suor osuus aloittaneista erityisopisk\Tutk suor osuus aloittaneista erityisopisk.smproj", "{A2E6B2D8-C330-4433-B123-53098D27D06D}"
EndProject
Global
	GlobalSection(SolutionConfigurationPlatforms) = preSolution
		Development|x86 = Development|x86
	EndGlobalSection
	GlobalSection(ProjectConfigurationPlatforms) = postSolution
		{36FADC38-886C-4ED7-A173-5D7F81272439}.Development|x86.ActiveCfg = Development|x86
		{36FADC38-886C-4ED7-A173-5D7F81272439}.Development|x86.Build.0 = Development|x86
		{36FADC38-886C-4ED7-A173-5D7F81272439}.Development|x86.Deploy.0 = Development|x86
		{A2E6B2D8-C330-4433-B123-53098D27D06D}.Development|x86.ActiveCfg = Development|x86
		{A2E6B2D8-C330-4433-B123-53098D27D06D}.Development|x86.Build.0 = Development|x86
		{A2E6B2D8-C330-4433-B123-53098D27D06D}.Development|x86.Deploy.0 = Development|x86
	EndGlobalSection
	GlobalSection(SolutionProperties) = preSolution
		HideSolutionNode = FALSE
	EndGlobalSection
EndGlobal
