
Microsoft Visual Studio Solution File, Format Version 11.00
# Visual Studio 2010
Project("{6870E480-7721-4708-BFB8-9AE898AA21B3}") = "Ammatillinen scorecard", "Ammatillinen scorecard\Ammatillinen scorecard.smproj", "{993B6469-E443-457E-A8BD-828E5F468852}"
EndProject
Global
	GlobalSection(SolutionConfigurationPlatforms) = preSolution
		Development|x86 = Development|x86
	EndGlobalSection
	GlobalSection(ProjectConfigurationPlatforms) = postSolution
		{993B6469-E443-457E-A8BD-828E5F468852}.Development|x86.ActiveCfg = Development|x86
		{993B6469-E443-457E-A8BD-828E5F468852}.Development|x86.Build.0 = Development|x86
		{993B6469-E443-457E-A8BD-828E5F468852}.Development|x86.Deploy.0 = Development|x86
	EndGlobalSection
	GlobalSection(SolutionProperties) = preSolution
		HideSolutionNode = FALSE
	EndGlobalSection
EndGlobal
