Microsoft Visual Studio Solution File, Format Version 12.00
# Visual Studio Version 17
VisualStudioVersion = 17.12.35514.174 d17.12
MinimumVisualStudioVersion = 10.0.40219.1
Project("{6870E480-7721-4708-BFB8-9AE898AA21B3}") = "ARVO", "ARVO\ARVO.smproj", "{8CE414BB-95B2-4C99-9E03-51BA72086E22}"
EndProject
Project("{6870E480-7721-4708-BFB8-9AE898AA21B3}") = "ARVO uraseuranta", "ARVO uraseuranta\ARVO uraseuranta.smproj", "{A20E9513-CFD5-4C73-919C-D933CD9B7F62}"
EndProject
Project("{6870E480-7721-4708-BFB8-9AE898AA21B3}") = "ARVO amis", "ARVO amis\ARVO amis.smproj", "{D7E37779-3F1C-4D76-8B9E-AB2719366AC8}"
EndProject
Project("{6870E480-7721-4708-BFB8-9AE898AA21B3}") = "ARVO uraseuranta amk", "ARVO uraseuranta amk\ARVO uraseuranta amk.smproj", "{6D742B89-ACB5-4863-8138-AEFC79FEF12F}"
EndProject
Project("{6870E480-7721-4708-BFB8-9AE898AA21B3}") = "ARVO avop", "ARVO avop\ARVO avop.smproj", "{1D8414DC-51DD-4858-8204-8D4610EB9247}"
EndProject
Project("{6870E480-7721-4708-BFB8-9AE898AA21B3}") = "ARVO kandi", "ARVO kandi\ARVO kandi.smproj", "{418F5BCC-2621-4327-8F07-9819865F7F7A}"
EndProject
Project("{6870E480-7721-4708-BFB8-9AE898AA21B3}") = "ARVO amis tep", "ARVO amis tep\ARVO amis tep.smproj", "{89E1493B-60C7-4F47-AFB7-6F4268B86A9A}"
EndProject
Project("{6870E480-7721-4708-BFB8-9AE898AA21B3}") = "ARVO amis tep cultures", "ARVO amis tep cultures\ARVO amis tep cultures.smproj", "{D965A530-6CFF-4D07-BD95-0B9C8B6725C2}"
EndProject
Project("{6870E480-7721-4708-BFB8-9AE898AA21B3}") = "ARVO move cultures", "ARVO move cultures\ARVO move cultures.smproj", "{76474181-9CF1-4309-AA77-04FE0AE1A0E7}"
EndProject
Global
	GlobalSection(SolutionConfigurationPlatforms) = preSolution
		Development|x86 = Development|x86
	EndGlobalSection
	GlobalSection(ProjectConfigurationPlatforms) = postSolution
		{8CE414BB-95B2-4C99-9E03-51BA72086E22}.Development|x86.ActiveCfg = Development|x86
		{8CE414BB-95B2-4C99-9E03-51BA72086E22}.Development|x86.Build.0 = Development|x86
		{8CE414BB-95B2-4C99-9E03-51BA72086E22}.Development|x86.Deploy.0 = Development|x86
		{A20E9513-CFD5-4C73-919C-D933CD9B7F62}.Development|x86.ActiveCfg = Development|x86
		{A20E9513-CFD5-4C73-919C-D933CD9B7F62}.Development|x86.Build.0 = Development|x86
		{A20E9513-CFD5-4C73-919C-D933CD9B7F62}.Development|x86.Deploy.0 = Development|x86
		{D7E37779-3F1C-4D76-8B9E-AB2719366AC8}.Development|x86.ActiveCfg = Development|x86
		{D7E37779-3F1C-4D76-8B9E-AB2719366AC8}.Development|x86.Build.0 = Development|x86
		{D7E37779-3F1C-4D76-8B9E-AB2719366AC8}.Development|x86.Deploy.0 = Development|x86
		{6D742B89-ACB5-4863-8138-AEFC79FEF12F}.Development|x86.ActiveCfg = Development|x86
		{6D742B89-ACB5-4863-8138-AEFC79FEF12F}.Development|x86.Build.0 = Development|x86
		{6D742B89-ACB5-4863-8138-AEFC79FEF12F}.Development|x86.Deploy.0 = Development|x86
		{1D8414DC-51DD-4858-8204-8D4610EB9247}.Development|x86.ActiveCfg = Development|x86
		{1D8414DC-51DD-4858-8204-8D4610EB9247}.Development|x86.Build.0 = Development|x86
		{1D8414DC-51DD-4858-8204-8D4610EB9247}.Development|x86.Deploy.0 = Development|x86
		{418F5BCC-2621-4327-8F07-9819865F7F7A}.Development|x86.ActiveCfg = Development|x86
		{418F5BCC-2621-4327-8F07-9819865F7F7A}.Development|x86.Build.0 = Development|x86
		{418F5BCC-2621-4327-8F07-9819865F7F7A}.Development|x86.Deploy.0 = Development|x86
		{89E1493B-60C7-4F47-AFB7-6F4268B86A9A}.Development|x86.ActiveCfg = Development|x86
		{89E1493B-60C7-4F47-AFB7-6F4268B86A9A}.Development|x86.Build.0 = Development|x86
		{89E1493B-60C7-4F47-AFB7-6F4268B86A9A}.Development|x86.Deploy.0 = Development|x86
		{D965A530-6CFF-4D07-BD95-0B9C8B6725C2}.Development|x86.ActiveCfg = Development|x86
		{D965A530-6CFF-4D07-BD95-0B9C8B6725C2}.Development|x86.Build.0 = Development|x86
		{D965A530-6CFF-4D07-BD95-0B9C8B6725C2}.Development|x86.Deploy.0 = Development|x86
		{76474181-9CF1-4309-AA77-04FE0AE1A0E7}.Development|x86.ActiveCfg = Development|x86
		{76474181-9CF1-4309-AA77-04FE0AE1A0E7}.Development|x86.Build.0 = Development|x86
		{76474181-9CF1-4309-AA77-04FE0AE1A0E7}.Development|x86.Deploy.0 = Development|x86
	EndGlobalSection
	GlobalSection(SolutionProperties) = preSolution
		HideSolutionNode = FALSE
	EndGlobalSection
EndGlobal
