
Microsoft Visual Studio Solution File, Format Version 12.00
# Visual Studio 14
VisualStudioVersion = 14.0.25420.1
MinimumVisualStudioVersion = 10.0.40219.1
Project("{6870E480-7721-4708-BFB8-9AE898AA21B3}") = "Tutkintoennusteaineisto", "Tutkintoennusteaineisto\Tutkintoennusteaineisto.smproj", "{7BE93145-6853-4587-B6B7-245E4C2F675B}"
EndProject
Global
	GlobalSection(SolutionConfigurationPlatforms) = preSolution
		Development|x86 = Development|x86
	EndGlobalSection
	GlobalSection(ProjectConfigurationPlatforms) = postSolution
		{7BE93145-6853-4587-B6B7-245E4C2F675B}.Development|x86.ActiveCfg = Development|x86
		{7BE93145-6853-4587-B6B7-245E4C2F675B}.Development|x86.Build.0 = Development|x86
		{7BE93145-6853-4587-B6B7-245E4C2F675B}.Development|x86.Deploy.0 = Development|x86
	EndGlobalSection
	GlobalSection(SolutionProperties) = preSolution
		HideSolutionNode = FALSE
	EndGlobalSection
EndGlobal
