
Microsoft Visual Studio Solution File, Format Version 11.00
# Visual Studio 2010
Project("{6870E480-7721-4708-BFB8-9AE898AA21B3}") = "Ulkomaalaistaustaiset yhteiset", "Ulkomaalaistaustaiset yhteiset\Ulkomaalaistaustaiset yhteiset.smproj", "{DE3897F4-BF7B-4898-B81A-8F55891DC724}"
EndProject
Global
	GlobalSection(SolutionConfigurationPlatforms) = preSolution
		Development|x86 = Development|x86
	EndGlobalSection
	GlobalSection(ProjectConfigurationPlatforms) = postSolution
		{DE3897F4-BF7B-4898-B81A-8F55891DC724}.Development|x86.ActiveCfg = Development|x86
		{DE3897F4-BF7B-4898-B81A-8F55891DC724}.Development|x86.Build.0 = Development|x86
		{DE3897F4-BF7B-4898-B81A-8F55891DC724}.Development|x86.Deploy.0 = Development|x86
	EndGlobalSection
	GlobalSection(SolutionProperties) = preSolution
		HideSolutionNode = FALSE
	EndGlobalSection
EndGlobal
