
Microsoft Visual Studio Solution File, Format Version 11.00
# Visual Studio 2010
Project("{6870E480-7721-4708-BFB8-9AE898AA21B3}") = "Ulkomaalaiset_ulk_ja_vieraskieliset_yhteiset", "Ulkomaalaiset_ulk_ja_vieraskieliset_yhteiset\Ulkomaalaiset_ulk_ja_vieraskieliset_yhteiset.smproj", "{D6F1D7CA-88DF-49E9-B6AC-6C8538E67CD5}"
EndProject
Global
	GlobalSection(SolutionConfigurationPlatforms) = preSolution
		Development|x86 = Development|x86
	EndGlobalSection
	GlobalSection(ProjectConfigurationPlatforms) = postSolution
		{D6F1D7CA-88DF-49E9-B6AC-6C8538E67CD5}.Development|x86.ActiveCfg = Development|x86
		{D6F1D7CA-88DF-49E9-B6AC-6C8538E67CD5}.Development|x86.Build.0 = Development|x86
		{D6F1D7CA-88DF-49E9-B6AC-6C8538E67CD5}.Development|x86.Deploy.0 = Development|x86
	EndGlobalSection
	GlobalSection(SolutionProperties) = preSolution
		HideSolutionNode = FALSE
	EndGlobalSection
EndGlobal
