
Microsoft Visual Studio Solution File, Format Version 12.00
# Visual Studio Version 17
VisualStudioVersion = 17.12.35514.174 d17.12
MinimumVisualStudioVersion = 10.0.40219.1
Project("{6870E480-7721-4708-BFB8-9AE898AA21B3}") = "Virta OTP 55 op jaahdytetty 2022", "Virta OTP 55 op jaahdytetty 2022\Virta OTP 55 op jaahdytetty 2022.smproj", "{8CE414BB-95B2-4C99-9E03-51BA72086E22}"
EndProject
Project("{6870E480-7721-4708-BFB8-9AE898AA21B3}") = "Virta OTP 55 op jaahdytetty 2021", "Virta OTP 55 op jaahdytetty 2021\Virta OTP 55 op jaahdytetty 2021.smproj", "{58C0570C-9958-44A3-8C7B-4EF21B9D1801}"
EndProject
Project("{6870E480-7721-4708-BFB8-9AE898AA21B3}") = "Virta OTP 55 op jaahdytetty 2020", "Virta OTP 55 op jaahdytetty 2020\Virta OTP 55 op jaahdytetty 2020.smproj", "{0E45B58F-240C-49DA-A0EF-F66D71280C17}"
EndProject
Project("{6870E480-7721-4708-BFB8-9AE898AA21B3}") = "Virta OTP 55 op jaahdytetty 2019", "Virta OTP 55 op jaahdytetty 2019\Virta OTP 55 op jaahdytetty 2019.smproj", "{21A48FE9-2B26-446B-860A-8BCBA9C6908A}"
EndProject
Project("{6870E480-7721-4708-BFB8-9AE898AA21B3}") = "Virta OTP 55 op jaahdytetty 2018", "Virta OTP 55 op jaahdytetty 2018\Virta OTP 55 op jaahdytetty 2018.smproj", "{8FA1D77D-1494-43FA-9AA9-D92D4D232BDB}"
EndProject
Project("{6870E480-7721-4708-BFB8-9AE898AA21B3}") = "Virta OTP 55 op jaahdytetty 2017", "Virta OTP 55 op jaahdytetty 2017\Virta OTP 55 op jaahdytetty 2017.smproj", "{D00AEC2B-54AA-4AE9-928F-1EE60D9FC6FA}"
EndProject
Project("{6870E480-7721-4708-BFB8-9AE898AA21B3}") = "Virta OTP 55 op jaahdytetty 2016", "Virta OTP 55 op jaahdytetty 2016\Virta OTP 55 op jaahdytetty 2016.smproj", "{587FEC95-561E-4373-B09C-9E2F87E7420A}"
EndProject
Project("{6870E480-7721-4708-BFB8-9AE898AA21B3}") = "Virta OTP 55 op jaahdytetty 2023", "Virta OTP 55 op jaahdytetty 2023\Virta OTP 55 op jaahdytetty 2023.smproj", "{44442F17-6870-4E55-96A5-945651A5D351}"
EndProject
Project("{6870E480-7721-4708-BFB8-9AE898AA21B3}") = "Virta OTP 55 op jaahdytetty 2024", "Virta OTP 55 op jaahdytetty 2024\Virta OTP 55 op jaahdytetty 2024.smproj", "{1E14CE11-331C-46F8-89F1-DB2A44F3EBB9}"
EndProject
Project("{6870E480-7721-4708-BFB8-9AE898AA21B3}") = "Virta OTP 55 op jaahdytetty 2025", "Virta OTP 55 op jaahdytetty 2025\Virta OTP 55 op jaahdytetty 2025.smproj", "{741645A1-EC4A-43B6-9FF0-B2CF4BC26CF7}"
EndProject
Global
	GlobalSection(SolutionConfigurationPlatforms) = preSolution
		Development|x86 = Development|x86
	EndGlobalSection
	GlobalSection(ProjectConfigurationPlatforms) = postSolution
		{8CE414BB-95B2-4C99-9E03-51BA72086E22}.Development|x86.ActiveCfg = Development|x86
		{8CE414BB-95B2-4C99-9E03-51BA72086E22}.Development|x86.Build.0 = Development|x86
		{8CE414BB-95B2-4C99-9E03-51BA72086E22}.Development|x86.Deploy.0 = Development|x86
		{58C0570C-9958-44A3-8C7B-4EF21B9D1801}.Development|x86.ActiveCfg = Development|x86
		{58C0570C-9958-44A3-8C7B-4EF21B9D1801}.Development|x86.Build.0 = Development|x86
		{58C0570C-9958-44A3-8C7B-4EF21B9D1801}.Development|x86.Deploy.0 = Development|x86
		{0E45B58F-240C-49DA-A0EF-F66D71280C17}.Development|x86.ActiveCfg = Development|x86
		{0E45B58F-240C-49DA-A0EF-F66D71280C17}.Development|x86.Build.0 = Development|x86
		{0E45B58F-240C-49DA-A0EF-F66D71280C17}.Development|x86.Deploy.0 = Development|x86
		{21A48FE9-2B26-446B-860A-8BCBA9C6908A}.Development|x86.ActiveCfg = Development|x86
		{21A48FE9-2B26-446B-860A-8BCBA9C6908A}.Development|x86.Build.0 = Development|x86
		{21A48FE9-2B26-446B-860A-8BCBA9C6908A}.Development|x86.Deploy.0 = Development|x86
		{8FA1D77D-1494-43FA-9AA9-D92D4D232BDB}.Development|x86.ActiveCfg = Development|x86
		{8FA1D77D-1494-43FA-9AA9-D92D4D232BDB}.Development|x86.Build.0 = Development|x86
		{8FA1D77D-1494-43FA-9AA9-D92D4D232BDB}.Development|x86.Deploy.0 = Development|x86
		{D00AEC2B-54AA-4AE9-928F-1EE60D9FC6FA}.Development|x86.ActiveCfg = Development|x86
		{D00AEC2B-54AA-4AE9-928F-1EE60D9FC6FA}.Development|x86.Build.0 = Development|x86
		{D00AEC2B-54AA-4AE9-928F-1EE60D9FC6FA}.Development|x86.Deploy.0 = Development|x86
		{587FEC95-561E-4373-B09C-9E2F87E7420A}.Development|x86.ActiveCfg = Development|x86
		{587FEC95-561E-4373-B09C-9E2F87E7420A}.Development|x86.Build.0 = Development|x86
		{587FEC95-561E-4373-B09C-9E2F87E7420A}.Development|x86.Deploy.0 = Development|x86
		{44442F17-6870-4E55-96A5-945651A5D351}.Development|x86.ActiveCfg = Development|x86
		{44442F17-6870-4E55-96A5-945651A5D351}.Development|x86.Build.0 = Development|x86
		{44442F17-6870-4E55-96A5-945651A5D351}.Development|x86.Deploy.0 = Development|x86
		{1E14CE11-331C-46F8-89F1-DB2A44F3EBB9}.Development|x86.ActiveCfg = Development|x86
		{1E14CE11-331C-46F8-89F1-DB2A44F3EBB9}.Development|x86.Build.0 = Development|x86
		{1E14CE11-331C-46F8-89F1-DB2A44F3EBB9}.Development|x86.Deploy.0 = Development|x86
		{741645A1-EC4A-43B6-9FF0-B2CF4BC26CF7}.Development|x86.ActiveCfg = Development|x86
		{741645A1-EC4A-43B6-9FF0-B2CF4BC26CF7}.Development|x86.Build.0 = Development|x86
		{741645A1-EC4A-43B6-9FF0-B2CF4BC26CF7}.Development|x86.Deploy.0 = Development|x86
	EndGlobalSection
	GlobalSection(SolutionProperties) = preSolution
		HideSolutionNode = FALSE
	EndGlobalSection
EndGlobal
