
Microsoft Visual Studio Solution File, Format Version 12.00
# Visual Studio 14
VisualStudioVersion = 14.0.25420.1
MinimumVisualStudioVersion = 10.0.40219.1
Project("{6870E480-7721-4708-BFB8-9AE898AA21B3}") = "TyöllistyminenYhteiset", "TyöllistyminenYhteiset\TyöllistyminenYhteiset.smproj", "{96CD27DB-DE9C-4700-8A53-007EE6AD58B7}"
EndProject
Project("{6870E480-7721-4708-BFB8-9AE898AA21B3}") = "Työllistyminen lukiokoulutus", "Työllistyminen lukiokoulutus\Työllistyminen lukiokoulutus.smproj", "{67BA84D0-E926-4FE4-8F1A-D4FA908CFBF2}"
EndProject
Project("{6870E480-7721-4708-BFB8-9AE898AA21B3}") = "Työllistyminen ammatillinen koulutus", "Työllistyminen ammatillinen koulutus\Työllistyminen ammatillinen koulutus.smproj", "{2BE2A64E-BDD0-4A89-93FA-4DA3EE99E284}"
EndProject
Project("{6870E480-7721-4708-BFB8-9AE898AA21B3}") = "Työllistyminen ammattikorkeakoulutus", "Työllistyminen ammattikorkeakoulutus\Työllistyminen ammattikorkeakoulutus.smproj", "{E35A62AE-6891-41AC-90C9-710E97048519}"
EndProject
Project("{6870E480-7721-4708-BFB8-9AE898AA21B3}") = "Työllistyminen yliopistokoulutus", "Työllistyminen yliopistokoulutus\Työllistyminen yliopistokoulutus.smproj", "{D2E0E442-9A12-41B7-B1A9-11751DF24394}"
EndProject
Project("{6870E480-7721-4708-BFB8-9AE898AA21B3}") = "TyöllistyminenExtra", "TyöllistyminenExtra\TyöllistyminenExtra.smproj", "{57207ADD-91CD-47BF-9B9C-F7DD065553DB}"
EndProject
Project("{6870E480-7721-4708-BFB8-9AE898AA21B3}") = "Työllistyminen syntyperän mukaan", "Työllistyminen syntyperän mukaan\Työllistyminen syntyperän mukaan.smproj", "{8CE414BB-95B2-4C99-9E03-51BA72086E22}"
EndProject
Global
	GlobalSection(SolutionConfigurationPlatforms) = preSolution
		Development|x86 = Development|x86
	EndGlobalSection
	GlobalSection(ProjectConfigurationPlatforms) = postSolution
		{96CD27DB-DE9C-4700-8A53-007EE6AD58B7}.Development|x86.ActiveCfg = Development|x86
		{96CD27DB-DE9C-4700-8A53-007EE6AD58B7}.Development|x86.Build.0 = Development|x86
		{96CD27DB-DE9C-4700-8A53-007EE6AD58B7}.Development|x86.Deploy.0 = Development|x86
		{67BA84D0-E926-4FE4-8F1A-D4FA908CFBF2}.Development|x86.ActiveCfg = Development|x86
		{67BA84D0-E926-4FE4-8F1A-D4FA908CFBF2}.Development|x86.Build.0 = Development|x86
		{67BA84D0-E926-4FE4-8F1A-D4FA908CFBF2}.Development|x86.Deploy.0 = Development|x86
		{2BE2A64E-BDD0-4A89-93FA-4DA3EE99E284}.Development|x86.ActiveCfg = Development|x86
		{2BE2A64E-BDD0-4A89-93FA-4DA3EE99E284}.Development|x86.Build.0 = Development|x86
		{2BE2A64E-BDD0-4A89-93FA-4DA3EE99E284}.Development|x86.Deploy.0 = Development|x86
		{E35A62AE-6891-41AC-90C9-710E97048519}.Development|x86.ActiveCfg = Development|x86
		{E35A62AE-6891-41AC-90C9-710E97048519}.Development|x86.Build.0 = Development|x86
		{E35A62AE-6891-41AC-90C9-710E97048519}.Development|x86.Deploy.0 = Development|x86
		{D2E0E442-9A12-41B7-B1A9-11751DF24394}.Development|x86.ActiveCfg = Development|x86
		{D2E0E442-9A12-41B7-B1A9-11751DF24394}.Development|x86.Build.0 = Development|x86
		{D2E0E442-9A12-41B7-B1A9-11751DF24394}.Development|x86.Deploy.0 = Development|x86
		{57207ADD-91CD-47BF-9B9C-F7DD065553DB}.Development|x86.ActiveCfg = Development|x86
		{57207ADD-91CD-47BF-9B9C-F7DD065553DB}.Development|x86.Build.0 = Development|x86
		{57207ADD-91CD-47BF-9B9C-F7DD065553DB}.Development|x86.Deploy.0 = Development|x86
		{8CE414BB-95B2-4C99-9E03-51BA72086E22}.Development|x86.ActiveCfg = Development|x86
		{8CE414BB-95B2-4C99-9E03-51BA72086E22}.Development|x86.Build.0 = Development|x86
		{8CE414BB-95B2-4C99-9E03-51BA72086E22}.Development|x86.Deploy.0 = Development|x86
	EndGlobalSection
	GlobalSection(SolutionProperties) = preSolution
		HideSolutionNode = FALSE
	EndGlobalSection
EndGlobal
