
Microsoft Visual Studio Solution File, Format Version 12.00
# Visual Studio 14
VisualStudioVersion = 14.0.25420.1
MinimumVisualStudioVersion = 10.0.40219.1
Project("{6870E480-7721-4708-BFB8-9AE898AA21B3}") = "KK-profiili_AMK", "TabularProject1\KK-profiili_AMK.smproj", "{C35C8F6D-D16F-4FB8-9A62-375444C8601F}"
EndProject
Project("{6870E480-7721-4708-BFB8-9AE898AA21B3}") = "kk_profiili_amk2", "kk_profiili_amk2\kk_profiili_amk2.smproj", "{8CE414BB-95B2-4C99-9E03-51BA72086E22}"
EndProject
Project("{6870E480-7721-4708-BFB8-9AE898AA21B3}") = "kk_profiili_amk3", "kk_profiili_amk3\kk_profiili_amk3.smproj", "{27E3450C-537D-4C14-A616-BDB45141A9AA}"
EndProject
Global
	GlobalSection(SolutionConfigurationPlatforms) = preSolution
		Development|x86 = Development|x86
	EndGlobalSection
	GlobalSection(ProjectConfigurationPlatforms) = postSolution
		{C35C8F6D-D16F-4FB8-9A62-375444C8601F}.Development|x86.ActiveCfg = Development|x86
		{C35C8F6D-D16F-4FB8-9A62-375444C8601F}.Development|x86.Build.0 = Development|x86
		{C35C8F6D-D16F-4FB8-9A62-375444C8601F}.Development|x86.Deploy.0 = Development|x86
		{8CE414BB-95B2-4C99-9E03-51BA72086E22}.Development|x86.ActiveCfg = Development|x86
		{8CE414BB-95B2-4C99-9E03-51BA72086E22}.Development|x86.Build.0 = Development|x86
		{8CE414BB-95B2-4C99-9E03-51BA72086E22}.Development|x86.Deploy.0 = Development|x86
		{27E3450C-537D-4C14-A616-BDB45141A9AA}.Development|x86.ActiveCfg = Development|x86
		{27E3450C-537D-4C14-A616-BDB45141A9AA}.Development|x86.Build.0 = Development|x86
		{27E3450C-537D-4C14-A616-BDB45141A9AA}.Development|x86.Deploy.0 = Development|x86
	EndGlobalSection
	GlobalSection(SolutionProperties) = preSolution
		HideSolutionNode = FALSE
	EndGlobalSection
EndGlobal
