
Microsoft Visual Studio Solution File, Format Version 12.00
# Visual Studio Version 17
VisualStudioVersion = 17.12.35514.174 d17.12
MinimumVisualStudioVersion = 10.0.40219.1
Project("{6870E480-7721-4708-BFB8-9AE898AA21B3}") = "Jatkuva oppiminen uusien opiskelijoiden tausta cultures", "Jatkuva oppiminen uusien opiskelijoiden tausta cultures\Jatkuva oppiminen uusien opiskelijoiden tausta cultures.smproj", "{8CE414BB-95B2-4C99-9E03-51BA72086E22}"
EndProject
Project("{6870E480-7721-4708-BFB8-9AE898AA21B3}") = "Jatkuva oppiminen tutk joht tai kurssikoul osallistuneet cultures", "Jatkuva oppiminen tutk joht tai kurssikoul osallistuneet cultures\Jatkuva oppiminen tutk joht tai kurssikoul osallistuneet cultures.smproj", "{3BFAF0F8-240C-439E-BBA5-7EE5F0B7311D}"
EndProject
Project("{6870E480-7721-4708-BFB8-9AE898AA21B3}") = "Jatkuva oppiminen aikuiskoulutukseen osallistuneet cultures", "Jatkuva oppiminen aikuiskoulutukseen osallistuneet cultures\Jatkuva oppiminen aikuiskoulutukseen osallistuneet cultures.smproj", "{F42844DE-62B1-4595-ABB3-12044B7BA9BD}"
EndProject
Project("{6870E480-7721-4708-BFB8-9AE898AA21B3}") = "Jatkuva oppiminen amm uusien opiskelijoiden tausta cultures", "Jatkuva oppiminen amm uusien opiskelijoiden tausta cultures\Jatkuva oppiminen amm uusien opiskelijoiden tausta cultures.smproj", "{8568D0E0-3094-4F76-AF36-3EC02ADC3804}"
EndProject
Global
	GlobalSection(SolutionConfigurationPlatforms) = preSolution
		Development|x86 = Development|x86
	EndGlobalSection
	GlobalSection(ProjectConfigurationPlatforms) = postSolution
		{8CE414BB-95B2-4C99-9E03-51BA72086E22}.Development|x86.ActiveCfg = Development|x86
		{8CE414BB-95B2-4C99-9E03-51BA72086E22}.Development|x86.Build.0 = Development|x86
		{8CE414BB-95B2-4C99-9E03-51BA72086E22}.Development|x86.Deploy.0 = Development|x86
		{3BFAF0F8-240C-439E-BBA5-7EE5F0B7311D}.Development|x86.ActiveCfg = Development|x86
		{3BFAF0F8-240C-439E-BBA5-7EE5F0B7311D}.Development|x86.Build.0 = Development|x86
		{3BFAF0F8-240C-439E-BBA5-7EE5F0B7311D}.Development|x86.Deploy.0 = Development|x86
		{F42844DE-62B1-4595-ABB3-12044B7BA9BD}.Development|x86.ActiveCfg = Development|x86
		{F42844DE-62B1-4595-ABB3-12044B7BA9BD}.Development|x86.Build.0 = Development|x86
		{F42844DE-62B1-4595-ABB3-12044B7BA9BD}.Development|x86.Deploy.0 = Development|x86
		{8568D0E0-3094-4F76-AF36-3EC02ADC3804}.Development|x86.ActiveCfg = Development|x86
		{8568D0E0-3094-4F76-AF36-3EC02ADC3804}.Development|x86.Build.0 = Development|x86
		{8568D0E0-3094-4F76-AF36-3EC02ADC3804}.Development|x86.Deploy.0 = Development|x86
	EndGlobalSection
	GlobalSection(SolutionProperties) = preSolution
		HideSolutionNode = FALSE
	EndGlobalSection
EndGlobal
