
Microsoft Visual Studio Solution File, Format Version 12.00
# Visual Studio 14
VisualStudioVersion = 14.0.25420.1
MinimumVisualStudioVersion = 10.0.40219.1
Project("{6870E480-7721-4708-BFB8-9AE898AA21B3}") = "Ammatillinen koulutus cultures jäädytys", "Koski ammatillinen opiskelijat ja tutkinnot cultures jäädytys\Ammatillinen koulutus cultures jäädytys.smproj", "{B7FA7DC7-F6D5-4E0D-8B18-AA9078BF209A}"
EndProject
Global
	GlobalSection(SolutionConfigurationPlatforms) = preSolution
		Development|x86 = Development|x86
	EndGlobalSection
	GlobalSection(ProjectConfigurationPlatforms) = postSolution
		{8CE414BB-95B2-4C99-9E03-51BA72086E22}.Development|x86.ActiveCfg = Development|x86
		{8CE414BB-95B2-4C99-9E03-51BA72086E22}.Development|x86.Build.0 = Development|x86
		{8CE414BB-95B2-4C99-9E03-51BA72086E22}.Development|x86.Deploy.0 = Development|x86
		{1B16CF71-AF44-4994-8428-61BA151B9F74}.Development|x86.ActiveCfg = Development|x86
		{1B16CF71-AF44-4994-8428-61BA151B9F74}.Development|x86.Build.0 = Development|x86
		{1B16CF71-AF44-4994-8428-61BA151B9F74}.Development|x86.Deploy.0 = Development|x86
		{F0BD4CC8-CCA6-4AD7-8D3D-E6455D4F2FFE}.Development|x86.ActiveCfg = Development|x86
		{F0BD4CC8-CCA6-4AD7-8D3D-E6455D4F2FFE}.Development|x86.Build.0 = Development|x86
		{F0BD4CC8-CCA6-4AD7-8D3D-E6455D4F2FFE}.Development|x86.Deploy.0 = Development|x86
		{B48A8C19-ABAF-4E2D-A489-AABDC35240B4}.Development|x86.ActiveCfg = Development|x86
		{B48A8C19-ABAF-4E2D-A489-AABDC35240B4}.Development|x86.Build.0 = Development|x86
		{B48A8C19-ABAF-4E2D-A489-AABDC35240B4}.Development|x86.Deploy.0 = Development|x86
		{3121D5E4-FF82-43AC-98D6-60E733B93609}.Development|x86.ActiveCfg = Development|x86
		{3121D5E4-FF82-43AC-98D6-60E733B93609}.Development|x86.Build.0 = Development|x86
		{3121D5E4-FF82-43AC-98D6-60E733B93609}.Development|x86.Deploy.0 = Development|x86
		{B7FA7DC7-F6D5-4E0D-8B18-AA9078BF209A}.Development|x86.ActiveCfg = Development|x86
		{B7FA7DC7-F6D5-4E0D-8B18-AA9078BF209A}.Development|x86.Build.0 = Development|x86
		{B7FA7DC7-F6D5-4E0D-8B18-AA9078BF209A}.Development|x86.Deploy.0 = Development|x86
		{DBCD768F-F186-4E5D-AE30-3D16DAE5A737}.Development|x86.ActiveCfg = Development|x86
		{DBCD768F-F186-4E5D-AE30-3D16DAE5A737}.Development|x86.Build.0 = Development|x86
		{DBCD768F-F186-4E5D-AE30-3D16DAE5A737}.Development|x86.Deploy.0 = Development|x86
	EndGlobalSection
	GlobalSection(SolutionProperties) = preSolution
		HideSolutionNode = FALSE
	EndGlobalSection
EndGlobal
