
Microsoft Visual Studio Solution File, Format Version 12.00
# Visual Studio 14
VisualStudioVersion = 14.0.25420.1
MinimumVisualStudioVersion = 10.0.40219.1
Project("{6870E480-7721-4708-BFB8-9AE898AA21B3}") = "Lukio opiskelijat netto", "Lukio opiskelijat netto\Lukio opiskelijat netto.smproj", "{B48A8C19-ABAF-4E2D-A489-AABDC35240B4}"
EndProject
Project("{6870E480-7721-4708-BFB8-9AE898AA21B3}") = "Koski Lukio perus opiskelijamaara", "Koski Lukio perus opiskelijamaara\Koski Lukio perus opiskelijamaara.smproj", "{F0BD4CC8-CCA6-4AD7-8D3D-E6455D4F2FFE}"
EndProject
Project("{6870E480-7721-4708-BFB8-9AE898AA21B3}") = "Koski Lukio perus laskentapaiva", "Koski Lukio perus laskentapaiva\Koski Lukio perus laskentapaiva.smproj", "{1B16CF71-AF44-4994-8428-61BA151B9F74}"
EndProject
Global
	GlobalSection(SolutionConfigurationPlatforms) = preSolution
		Development|x86 = Development|x86
	EndGlobalSection
	GlobalSection(ProjectConfigurationPlatforms) = postSolution
		{B48A8C19-ABAF-4E2D-A489-AABDC35240B4}.Development|x86.ActiveCfg = Development|x86
		{B48A8C19-ABAF-4E2D-A489-AABDC35240B4}.Development|x86.Build.0 = Development|x86
		{B48A8C19-ABAF-4E2D-A489-AABDC35240B4}.Development|x86.Deploy.0 = Development|x86
		{F0BD4CC8-CCA6-4AD7-8D3D-E6455D4F2FFE}.Development|x86.ActiveCfg = Development|x86
		{F0BD4CC8-CCA6-4AD7-8D3D-E6455D4F2FFE}.Development|x86.Build.0 = Development|x86
		{F0BD4CC8-CCA6-4AD7-8D3D-E6455D4F2FFE}.Development|x86.Deploy.0 = Development|x86
		{1B16CF71-AF44-4994-8428-61BA151B9F74}.Development|x86.ActiveCfg = Development|x86
		{1B16CF71-AF44-4994-8428-61BA151B9F74}.Development|x86.Build.0 = Development|x86
		{1B16CF71-AF44-4994-8428-61BA151B9F74}.Development|x86.Deploy.0 = Development|x86
	EndGlobalSection
	GlobalSection(SolutionProperties) = preSolution
		HideSolutionNode = FALSE
	EndGlobalSection
EndGlobal
