
Microsoft Visual Studio Solution File, Format Version 11.00
# Visual Studio 2010
Project("{6870E480-7721-4708-BFB8-9AE898AA21B3}") = "Oppisopimus_koulutuksen_kesto", "Oppisopimus_koulutuksen_kesto\Oppisopimus_koulutuksen_kesto.smproj", "{F164319A-0328-4EAB-8DCD-8CCC7991D05F}"
EndProject
Global
	GlobalSection(SolutionConfigurationPlatforms) = preSolution
		Development|x86 = Development|x86
	EndGlobalSection
	GlobalSection(ProjectConfigurationPlatforms) = postSolution
		{F164319A-0328-4EAB-8DCD-8CCC7991D05F}.Development|x86.ActiveCfg = Development|x86
		{F164319A-0328-4EAB-8DCD-8CCC7991D05F}.Development|x86.Build.0 = Development|x86
		{F164319A-0328-4EAB-8DCD-8CCC7991D05F}.Development|x86.Deploy.0 = Development|x86
	EndGlobalSection
	GlobalSection(SolutionProperties) = preSolution
		HideSolutionNode = FALSE
	EndGlobalSection
EndGlobal
