
Microsoft Visual Studio Solution File, Format Version 12.00
# Visual Studio 14
VisualStudioVersion = 14.0.25420.1
MinimumVisualStudioVersion = 10.0.40219.1
Project("{6870E480-7721-4708-BFB8-9AE898AA21B3}") = "Koulutuksen kustannukset ja suoritteet", "Koulutuksen kustannukset ja suoritteet\Koulutuksen kustannukset ja suoritteet.smproj", "{8CE414BB-95B2-4C99-9E03-51BA72086E22}"
EndProject
Project("{6870E480-7721-4708-BFB8-9AE898AA21B3}") = "Koulutuksen kustannukset toiminnoittain", "Koulutuksen kustannukset toiminnoittain\Koulutuksen kustannukset toiminnoittain.smproj", "{E8D82827-3358-41DB-8F5D-1D50F613B519}"
EndProject
Global
	GlobalSection(SolutionConfigurationPlatforms) = preSolution
		Development|x86 = Development|x86
	EndGlobalSection
	GlobalSection(ProjectConfigurationPlatforms) = postSolution
		{8CE414BB-95B2-4C99-9E03-51BA72086E22}.Development|x86.ActiveCfg = Development|x86
		{8CE414BB-95B2-4C99-9E03-51BA72086E22}.Development|x86.Build.0 = Development|x86
		{8CE414BB-95B2-4C99-9E03-51BA72086E22}.Development|x86.Deploy.0 = Development|x86
		{E8D82827-3358-41DB-8F5D-1D50F613B519}.Development|x86.ActiveCfg = Development|x86
		{E8D82827-3358-41DB-8F5D-1D50F613B519}.Development|x86.Build.0 = Development|x86
		{E8D82827-3358-41DB-8F5D-1D50F613B519}.Development|x86.Deploy.0 = Development|x86
	EndGlobalSection
	GlobalSection(SolutionProperties) = preSolution
		HideSolutionNode = FALSE
	EndGlobalSection
EndGlobal
