
Microsoft Visual Studio Solution File, Format Version 12.00
# Visual Studio Version 17
VisualStudioVersion = 17.12.35514.174
MinimumVisualStudioVersion = 10.0.40219.1
Project("{6870E480-7721-4708-BFB8-9AE898AA21B3}") = "AMOS työllistyminen ja jatko-opiskelu", "AMOS_tutk_suor_tyoll\AMOS työllistyminen ja jatko-opiskelu.smproj", "{3C2C424F-2DC2-4C8E-A225-E00C4C720766}"
EndProject
Project("{6870E480-7721-4708-BFB8-9AE898AA21B3}") = "AMOS vaikuttavuus", "AMOS vaikuttavuus\AMOS vaikuttavuus.smproj", "{3838213D-A505-454A-8ACC-04BA05420D63}"
EndProject
Project("{6870E480-7721-4708-BFB8-9AE898AA21B3}") = "AMOS vaikuttavuus maakunnat", "AMOS vaikuttavuus maakunnat\AMOS vaikuttavuus maakunnat.smproj", "{B2B5E996-2F79-4AF6-8535-C6074E91F427}"
EndProject
Project("{6870E480-7721-4708-BFB8-9AE898AA21B3}") = "AMOS opiskelijapalaute", "AMOS opiskelijapalaute\AMOS opiskelijapalaute.smproj", "{04FE105A-FC69-4E52-9EB5-D0F4974559C5}"
EndProject
Project("{6870E480-7721-4708-BFB8-9AE898AA21B3}") = "AMOS opiskelijavuodet", "AMOS opiskelijavuodet\AMOS opiskelijavuodet.smproj", "{A8D4A22F-8397-43BE-B27F-34B727E1B87B}"
EndProject
Project("{6870E480-7721-4708-BFB8-9AE898AA21B3}") = "AMOS tutkinnot ja tutkinnonosat", "AMOS tutkinnot ja tutkinnonosat\AMOS tutkinnot ja tutkinnonosat.smproj", "{5E5BD073-83FC-408B-BC78-5A089129A7A9}"
EndProject
Project("{6870E480-7721-4708-BFB8-9AE898AA21B3}") = "AMOS opiskelijavuodet vanha", "AMOS opiskelijavuodet vanha\AMOS opiskelijavuodet vanha.smproj", "{8CE414BB-95B2-4C99-9E03-51BA72086E22}"
EndProject
Project("{6870E480-7721-4708-BFB8-9AE898AA21B3}") = "AMOS tutkinnot ja tutkinnonosat vanha", "AMOS tutkinnot ja tutkinnonosat vanha\AMOS tutkinnot ja tutkinnonosat vanha.smproj", "{49C1EE8D-6780-48E2-9423-839C71619B7D}"
EndProject
Project("{6870E480-7721-4708-BFB8-9AE898AA21B3}") = "AMOS nettoopiskelijat cultures", "AMOS nettoopiskelijat cultures\AMOS nettoopiskelijat cultures.smproj", "{B7FA7DC7-F6D5-4E0D-8B18-AA9078BF209A}"
EndProject
Project("{6870E480-7721-4708-BFB8-9AE898AA21B3}") = "AMOS tyoelamapalaute", "AMOS tyoelamapalaute\AMOS tyoelamapalaute.smproj", "{81A7827E-5E5D-432C-BF12-CF9C62AE11AC}"
EndProject
Project("{6870E480-7721-4708-BFB8-9AE898AA21B3}") = "AMOS suoritepaatokset", "AMOS suoritepaatokset\AMOS suoritepaatokset.smproj", "{4A0D94AD-F639-43E3-9F05-5D224297D752}"
EndProject
Project("{6870E480-7721-4708-BFB8-9AE898AA21B3}") = "AMOS koonti", "AMOS koonti\AMOS koonti.smproj", "{A924AE80-74ED-4AD2-BBDD-DC02B9B91B38}"
EndProject
Project("{6870E480-7721-4708-BFB8-9AE898AA21B3}") = "AMOS palautteet koonti", "AMOS palautteet koonti\AMOS palautteet koonti.smproj", "{DD580FCC-43A3-4ED5-A893-53CB771B1091}"
EndProject
Project("{6870E480-7721-4708-BFB8-9AE898AA21B3}") = "AMOS opiskelijavuodet uusi", "AMOS opiskelijavuodet uusi\AMOS opiskelijavuodet uusi.smproj", "{3537BAC4-4667-4E47-BB3D-4CD9607BA148}"
EndProject
Project("{6870E480-7721-4708-BFB8-9AE898AA21B3}") = "AMOS tutkinnot ja tutkinnonosat uusi", "AMOS tutkinnot ja tutkinnonosat uusi\AMOS tutkinnot ja tutkinnonosat uusi.smproj", "{DD1A8123-E747-4992-BFE8-96ABAD76D637}"
EndProject
Project("{6870E480-7721-4708-BFB8-9AE898AA21B3}") = "AMOS tyollistyminen ja jatko-opiskelu uusi", "AMOS tyollistyminen ja jatko-opiskelu uusi\AMOS tyollistyminen ja jatko-opiskelu uusi.smproj", "{67D4442E-4E1E-4A2B-BCD9-9C2925601D6F}"
EndProject
Project("{6870E480-7721-4708-BFB8-9AE898AA21B3}") = "AMOS suoritepaatokset 2026", "AMOS suoritepaatokset 2026\AMOS suoritepaatokset 2026.smproj", "{5C946F4E-CEFE-4ACD-84FF-0E91BD193DC4}"
EndProject
Global
	GlobalSection(SolutionConfigurationPlatforms) = preSolution
		Development|x86 = Development|x86
	EndGlobalSection
	GlobalSection(ProjectConfigurationPlatforms) = postSolution
		{3C2C424F-2DC2-4C8E-A225-E00C4C720766}.Development|x86.ActiveCfg = Development|x86
		{3C2C424F-2DC2-4C8E-A225-E00C4C720766}.Development|x86.Build.0 = Development|x86
		{3C2C424F-2DC2-4C8E-A225-E00C4C720766}.Development|x86.Deploy.0 = Development|x86
		{3838213D-A505-454A-8ACC-04BA05420D63}.Development|x86.ActiveCfg = Development|x86
		{3838213D-A505-454A-8ACC-04BA05420D63}.Development|x86.Build.0 = Development|x86
		{3838213D-A505-454A-8ACC-04BA05420D63}.Development|x86.Deploy.0 = Development|x86
		{B2B5E996-2F79-4AF6-8535-C6074E91F427}.Development|x86.ActiveCfg = Development|x86
		{B2B5E996-2F79-4AF6-8535-C6074E91F427}.Development|x86.Build.0 = Development|x86
		{B2B5E996-2F79-4AF6-8535-C6074E91F427}.Development|x86.Deploy.0 = Development|x86
		{04FE105A-FC69-4E52-9EB5-D0F4974559C5}.Development|x86.ActiveCfg = Development|x86
		{04FE105A-FC69-4E52-9EB5-D0F4974559C5}.Development|x86.Build.0 = Development|x86
		{04FE105A-FC69-4E52-9EB5-D0F4974559C5}.Development|x86.Deploy.0 = Development|x86
		{A8D4A22F-8397-43BE-B27F-34B727E1B87B}.Development|x86.ActiveCfg = Development|x86
		{A8D4A22F-8397-43BE-B27F-34B727E1B87B}.Development|x86.Build.0 = Development|x86
		{A8D4A22F-8397-43BE-B27F-34B727E1B87B}.Development|x86.Deploy.0 = Development|x86
		{5E5BD073-83FC-408B-BC78-5A089129A7A9}.Development|x86.ActiveCfg = Development|x86
		{5E5BD073-83FC-408B-BC78-5A089129A7A9}.Development|x86.Build.0 = Development|x86
		{5E5BD073-83FC-408B-BC78-5A089129A7A9}.Development|x86.Deploy.0 = Development|x86
		{8CE414BB-95B2-4C99-9E03-51BA72086E22}.Development|x86.ActiveCfg = Development|x86
		{8CE414BB-95B2-4C99-9E03-51BA72086E22}.Development|x86.Build.0 = Development|x86
		{8CE414BB-95B2-4C99-9E03-51BA72086E22}.Development|x86.Deploy.0 = Development|x86
		{49C1EE8D-6780-48E2-9423-839C71619B7D}.Development|x86.ActiveCfg = Development|x86
		{49C1EE8D-6780-48E2-9423-839C71619B7D}.Development|x86.Build.0 = Development|x86
		{49C1EE8D-6780-48E2-9423-839C71619B7D}.Development|x86.Deploy.0 = Development|x86
		{B7FA7DC7-F6D5-4E0D-8B18-AA9078BF209A}.Development|x86.ActiveCfg = Development|x86
		{B7FA7DC7-F6D5-4E0D-8B18-AA9078BF209A}.Development|x86.Build.0 = Development|x86
		{B7FA7DC7-F6D5-4E0D-8B18-AA9078BF209A}.Development|x86.Deploy.0 = Development|x86
		{81A7827E-5E5D-432C-BF12-CF9C62AE11AC}.Development|x86.ActiveCfg = Development|x86
		{81A7827E-5E5D-432C-BF12-CF9C62AE11AC}.Development|x86.Build.0 = Development|x86
		{81A7827E-5E5D-432C-BF12-CF9C62AE11AC}.Development|x86.Deploy.0 = Development|x86
		{4A0D94AD-F639-43E3-9F05-5D224297D752}.Development|x86.ActiveCfg = Development|x86
		{4A0D94AD-F639-43E3-9F05-5D224297D752}.Development|x86.Build.0 = Development|x86
		{4A0D94AD-F639-43E3-9F05-5D224297D752}.Development|x86.Deploy.0 = Development|x86
		{A924AE80-74ED-4AD2-BBDD-DC02B9B91B38}.Development|x86.ActiveCfg = Development|x86
		{A924AE80-74ED-4AD2-BBDD-DC02B9B91B38}.Development|x86.Build.0 = Development|x86
		{A924AE80-74ED-4AD2-BBDD-DC02B9B91B38}.Development|x86.Deploy.0 = Development|x86
		{DD580FCC-43A3-4ED5-A893-53CB771B1091}.Development|x86.ActiveCfg = Development|x86
		{DD580FCC-43A3-4ED5-A893-53CB771B1091}.Development|x86.Build.0 = Development|x86
		{DD580FCC-43A3-4ED5-A893-53CB771B1091}.Development|x86.Deploy.0 = Development|x86
		{3537BAC4-4667-4E47-BB3D-4CD9607BA148}.Development|x86.ActiveCfg = Development|x86
		{3537BAC4-4667-4E47-BB3D-4CD9607BA148}.Development|x86.Build.0 = Development|x86
		{3537BAC4-4667-4E47-BB3D-4CD9607BA148}.Development|x86.Deploy.0 = Development|x86
		{DD1A8123-E747-4992-BFE8-96ABAD76D637}.Development|x86.ActiveCfg = Development|x86
		{DD1A8123-E747-4992-BFE8-96ABAD76D637}.Development|x86.Build.0 = Development|x86
		{DD1A8123-E747-4992-BFE8-96ABAD76D637}.Development|x86.Deploy.0 = Development|x86
		{67D4442E-4E1E-4A2B-BCD9-9C2925601D6F}.Development|x86.ActiveCfg = Development|x86
		{67D4442E-4E1E-4A2B-BCD9-9C2925601D6F}.Development|x86.Build.0 = Development|x86
		{67D4442E-4E1E-4A2B-BCD9-9C2925601D6F}.Development|x86.Deploy.0 = Development|x86
		{5C946F4E-CEFE-4ACD-84FF-0E91BD193DC4}.Development|x86.ActiveCfg = Development|x86
		{5C946F4E-CEFE-4ACD-84FF-0E91BD193DC4}.Development|x86.Build.0 = Development|x86
		{5C946F4E-CEFE-4ACD-84FF-0E91BD193DC4}.Development|x86.Deploy.0 = Development|x86
	EndGlobalSection
	GlobalSection(SolutionProperties) = preSolution
		HideSolutionNode = FALSE
	EndGlobalSection
EndGlobal
