
Microsoft Visual Studio Solution File, Format Version 12.00
# Visual Studio 14
VisualStudioVersion = 14.0.25420.1
MinimumVisualStudioVersion = 10.0.40219.1
Project("{6870E480-7721-4708-BFB8-9AE898AA21B3}") = "Suorat tiedonkeruut täydennyskoulutukset", "Suorat tiedonkeruut täydennyskoulutukset\Suorat tiedonkeruut täydennyskoulutukset.smproj", "{8CE414BB-95B2-4C99-9E03-51BA72086E22}"
EndProject
Project("{6870E480-7721-4708-BFB8-9AE898AA21B3}") = "Suorat tiedonkeruut henkilöstö", "Suorat tiedonkeruut henkilöstö\Suorat tiedonkeruut henkilöstö.smproj", "{65862618-8C76-4390-A944-6E126659107E}"
EndProject
Project("{6870E480-7721-4708-BFB8-9AE898AA21B3}") = "Suorat tiedonkeruut toimitilat", "Suorat tiedonkeruut toimitilat\Suorat tiedonkeruut toimitilat.smproj", "{F57D06DA-1F17-4BE6-99F3-41E663F82CAD}"
EndProject
Project("{6870E480-7721-4708-BFB8-9AE898AA21B3}") = "Suorat tiedonkeruut harjoittelukoulut", "Suorat tiedonkeruut harjoittelukoulut\Suorat tiedonkeruut harjoittelukoulut.smproj", "{0DB74CFC-CAA5-46ED-936A-E87F01BB78C0}"
EndProject
Project("{6870E480-7721-4708-BFB8-9AE898AA21B3}") = "Suorat tiedonkeruut liikkuvuus", "Suorat tiedonkeruut liikkuvuus\Suorat tiedonkeruut liikkuvuus.smproj", "{2635759D-646D-4A34-A5EF-45A17D9BC637}"
EndProject
Project("{6870E480-7721-4708-BFB8-9AE898AA21B3}") = "Suorat tiedonkeruut julkaisut", "Suorat tiedonkeruut julkaisut\Suorat tiedonkeruut julkaisut.smproj", "{8C65C3C5-73D3-449E-875A-0E1C46E6EE8E}"
EndProject
Project("{6870E480-7721-4708-BFB8-9AE898AA21B3}") = "Suorat tiedonkeruut opinnäytetyöt", "Suorat tiedonkeruut opinnäytetyöt\Suorat tiedonkeruut opinnäytetyöt.smproj", "{029BF34C-1757-4C57-AC04-B0D71567D713}"
EndProject
Project("{6870E480-7721-4708-BFB8-9AE898AA21B3}") = "Suorat tiedonkeruut avoin yliopisto", "Suorat tiedonkeruut avoin yliopisto\Suorat tiedonkeruut avoin yliopisto.smproj", "{226C3D60-3957-45FB-9FD3-29F6B6AB7690}"
EndProject
Project("{6870E480-7721-4708-BFB8-9AE898AA21B3}") = "Suorat tiedonkeruut erilliset opinto-oikeudet", "Suorat tiedonkeruut erilliset opinto-oikeudet\Suorat tiedonkeruut erilliset opinto-oikeudet.smproj", "{BC65ED61-CC32-486F-947D-5ECF3B1D42CE}"
EndProject
Project("{6870E480-7721-4708-BFB8-9AE898AA21B3}") = "Suorat tiedonkeruut muu henkilöstö amk", "Suorat tiedonkeruut muu henkilöstö amk\Suorat tiedonkeruut muu henkilöstö amk.smproj", "{F43BA81E-C17C-4CD8-A9F2-374F0A08ADAF}"
EndProject
Project("{6870E480-7721-4708-BFB8-9AE898AA21B3}") = "Suorat tiedonkeruut opintopisteet", "Suorat tiedonkeruut opintopisteet\Suorat tiedonkeruut opintopisteet.smproj", "{CE602933-BE5B-4969-8B3D-69CE72A38691}"
EndProject
Project("{6870E480-7721-4708-BFB8-9AE898AA21B3}") = "Suorat tiedonkeruut rekrytointi", "Suorat tiedonkeruut rekrytointi\Suorat tiedonkeruut rekrytointi.smproj", "{BC71EC0E-CC65-4DC8-85F0-0EA549F8732B}"
EndProject
Project("{6870E480-7721-4708-BFB8-9AE898AA21B3}") = "Suorat tiedonkeruut rekrytointi hakijat ja valitut", "Suorat tiedonkeruut rekrytointi hakijat ja valitut\Suorat tiedonkeruut rekrytointi hakijat ja valitut.smproj", "{2E6FE158-FF0C-4F64-BF97-4F104BF89642}"
EndProject
Global
	GlobalSection(SolutionConfigurationPlatforms) = preSolution
		Development|x86 = Development|x86
	EndGlobalSection
	GlobalSection(ProjectConfigurationPlatforms) = postSolution
		{8CE414BB-95B2-4C99-9E03-51BA72086E22}.Development|x86.ActiveCfg = Development|x86
		{8CE414BB-95B2-4C99-9E03-51BA72086E22}.Development|x86.Build.0 = Development|x86
		{8CE414BB-95B2-4C99-9E03-51BA72086E22}.Development|x86.Deploy.0 = Development|x86
		{65862618-8C76-4390-A944-6E126659107E}.Development|x86.ActiveCfg = Development|x86
		{65862618-8C76-4390-A944-6E126659107E}.Development|x86.Build.0 = Development|x86
		{65862618-8C76-4390-A944-6E126659107E}.Development|x86.Deploy.0 = Development|x86
		{F57D06DA-1F17-4BE6-99F3-41E663F82CAD}.Development|x86.ActiveCfg = Development|x86
		{F57D06DA-1F17-4BE6-99F3-41E663F82CAD}.Development|x86.Build.0 = Development|x86
		{F57D06DA-1F17-4BE6-99F3-41E663F82CAD}.Development|x86.Deploy.0 = Development|x86
		{0DB74CFC-CAA5-46ED-936A-E87F01BB78C0}.Development|x86.ActiveCfg = Development|x86
		{0DB74CFC-CAA5-46ED-936A-E87F01BB78C0}.Development|x86.Build.0 = Development|x86
		{0DB74CFC-CAA5-46ED-936A-E87F01BB78C0}.Development|x86.Deploy.0 = Development|x86
		{2635759D-646D-4A34-A5EF-45A17D9BC637}.Development|x86.ActiveCfg = Development|x86
		{2635759D-646D-4A34-A5EF-45A17D9BC637}.Development|x86.Build.0 = Development|x86
		{2635759D-646D-4A34-A5EF-45A17D9BC637}.Development|x86.Deploy.0 = Development|x86
		{8C65C3C5-73D3-449E-875A-0E1C46E6EE8E}.Development|x86.ActiveCfg = Development|x86
		{8C65C3C5-73D3-449E-875A-0E1C46E6EE8E}.Development|x86.Build.0 = Development|x86
		{8C65C3C5-73D3-449E-875A-0E1C46E6EE8E}.Development|x86.Deploy.0 = Development|x86
		{029BF34C-1757-4C57-AC04-B0D71567D713}.Development|x86.ActiveCfg = Development|x86
		{029BF34C-1757-4C57-AC04-B0D71567D713}.Development|x86.Build.0 = Development|x86
		{029BF34C-1757-4C57-AC04-B0D71567D713}.Development|x86.Deploy.0 = Development|x86
		{226C3D60-3957-45FB-9FD3-29F6B6AB7690}.Development|x86.ActiveCfg = Development|x86
		{226C3D60-3957-45FB-9FD3-29F6B6AB7690}.Development|x86.Build.0 = Development|x86
		{226C3D60-3957-45FB-9FD3-29F6B6AB7690}.Development|x86.Deploy.0 = Development|x86
		{BC65ED61-CC32-486F-947D-5ECF3B1D42CE}.Development|x86.ActiveCfg = Development|x86
		{BC65ED61-CC32-486F-947D-5ECF3B1D42CE}.Development|x86.Build.0 = Development|x86
		{BC65ED61-CC32-486F-947D-5ECF3B1D42CE}.Development|x86.Deploy.0 = Development|x86
		{F43BA81E-C17C-4CD8-A9F2-374F0A08ADAF}.Development|x86.ActiveCfg = Development|x86
		{F43BA81E-C17C-4CD8-A9F2-374F0A08ADAF}.Development|x86.Build.0 = Development|x86
		{F43BA81E-C17C-4CD8-A9F2-374F0A08ADAF}.Development|x86.Deploy.0 = Development|x86
		{CE602933-BE5B-4969-8B3D-69CE72A38691}.Development|x86.ActiveCfg = Development|x86
		{CE602933-BE5B-4969-8B3D-69CE72A38691}.Development|x86.Build.0 = Development|x86
		{CE602933-BE5B-4969-8B3D-69CE72A38691}.Development|x86.Deploy.0 = Development|x86
		{BC71EC0E-CC65-4DC8-85F0-0EA549F8732B}.Development|x86.ActiveCfg = Development|x86
		{BC71EC0E-CC65-4DC8-85F0-0EA549F8732B}.Development|x86.Build.0 = Development|x86
		{BC71EC0E-CC65-4DC8-85F0-0EA549F8732B}.Development|x86.Deploy.0 = Development|x86
		{2E6FE158-FF0C-4F64-BF97-4F104BF89642}.Development|x86.ActiveCfg = Development|x86
		{2E6FE158-FF0C-4F64-BF97-4F104BF89642}.Development|x86.Build.0 = Development|x86
		{2E6FE158-FF0C-4F64-BF97-4F104BF89642}.Development|x86.Deploy.0 = Development|x86
	EndGlobalSection
	GlobalSection(SolutionProperties) = preSolution
		HideSolutionNode = FALSE
	EndGlobalSection
EndGlobal
