
Microsoft Visual Studio Solution File, Format Version 11.00
# Visual Studio 2010
Project("{6870E480-7721-4708-BFB8-9AE898AA21B3}") = "Sosioekonominen asema yhteiset", "Sosioekonominen asema yhteiset\Sosioekonominen asema yhteiset.smproj", "{F800429A-B19D-4861-9B40-4AEFF0E0D07E}"
EndProject
Global
	GlobalSection(SolutionConfigurationPlatforms) = preSolution
		Development|x86 = Development|x86
	EndGlobalSection
	GlobalSection(ProjectConfigurationPlatforms) = postSolution
		{F800429A-B19D-4861-9B40-4AEFF0E0D07E}.Development|x86.ActiveCfg = Development|x86
		{F800429A-B19D-4861-9B40-4AEFF0E0D07E}.Development|x86.Build.0 = Development|x86
		{F800429A-B19D-4861-9B40-4AEFF0E0D07E}.Development|x86.Deploy.0 = Development|x86
	EndGlobalSection
	GlobalSection(SolutionProperties) = preSolution
		HideSolutionNode = FALSE
	EndGlobalSection
EndGlobal
