
Microsoft Visual Studio Solution File, Format Version 12.00
# Visual Studio Version 17
VisualStudioVersion = 17.12.35514.174 d17.12
MinimumVisualStudioVersion = 10.0.40219.1
Project("{6870E480-7721-4708-BFB8-9AE898AA21B3}") = "Bibliometriikka", "Bibliometriikka\Bibliometriikka.smproj", "{6EA4C991-FCBB-4966-8CA9-B3AE31E99F5B}"
EndProject
Project("{6870E480-7721-4708-BFB8-9AE898AA21B3}") = "Bibliometriikka 2016", "Bibliometriikka 2016\Bibliometriikka 2016.smproj", "{8CE414BB-95B2-4C99-9E03-51BA72086E22}"
EndProject
Project("{6870E480-7721-4708-BFB8-9AE898AA21B3}") = "Bibliometriikka 2017", "Bibliometriikka 2017\Bibliometriikka 2017.smproj", "{E3274014-6E78-4026-9D0A-63D6117F9FC0}"
EndProject
Project("{6870E480-7721-4708-BFB8-9AE898AA21B3}") = "Bibliometriikka 2018", "Bibliometriikka 2018\Bibliometriikka 2018.smproj", "{67736EF9-A054-46E8-98CF-9A66D9DC37A0}"
EndProject
Project("{6870E480-7721-4708-BFB8-9AE898AA21B3}") = "Bibliometriikka 2019", "Bibliometriikka 2019\Bibliometriikka 2019.smproj", "{95DEA965-5612-4879-BDD5-481AA633C9B6}"
EndProject
Project("{6870E480-7721-4708-BFB8-9AE898AA21B3}") = "Bibliometriikka 2020", "Bibliometriikka 2020\Bibliometriikka 2020.smproj", "{B820A1FB-F293-404F-95FC-8EEB74AF47EB}"
EndProject
Project("{6870E480-7721-4708-BFB8-9AE898AA21B3}") = "Bibliometriikka 2021", "Bibliometriikka 2021\Bibliometriikka 2021.smproj", "{D1E696F0-9A00-4DB8-9A4D-7BF3C3A200A3}"
EndProject
Project("{6870E480-7721-4708-BFB8-9AE898AA21B3}") = "Bibliometriikka 2022", "Bibliometriikka 2022\Bibliometriikka 2022.smproj", "{FE093505-BD0F-41BE-A08A-F1B6359F8829}"
EndProject
Project("{6870E480-7721-4708-BFB8-9AE898AA21B3}") = "Bibliometriikka 2023", "Bibliometriikka 2023\Bibliometriikka 2023.smproj", "{2CAE7829-D3CE-4FE0-9DC0-37903F285657}"
EndProject
Project("{6870E480-7721-4708-BFB8-9AE898AA21B3}") = "Bibliometriikka 2024", "Bibliometriikka 2024\Bibliometriikka 2024.smproj", "{FA80EE64-F2BD-46B2-B521-1B6B211E0DE6}"
EndProject
Global
	GlobalSection(SolutionConfigurationPlatforms) = preSolution
		Development|x86 = Development|x86
	EndGlobalSection
	GlobalSection(ProjectConfigurationPlatforms) = postSolution
		{6EA4C991-FCBB-4966-8CA9-B3AE31E99F5B}.Development|x86.ActiveCfg = Development|x86
		{6EA4C991-FCBB-4966-8CA9-B3AE31E99F5B}.Development|x86.Build.0 = Development|x86
		{6EA4C991-FCBB-4966-8CA9-B3AE31E99F5B}.Development|x86.Deploy.0 = Development|x86
		{8CE414BB-95B2-4C99-9E03-51BA72086E22}.Development|x86.ActiveCfg = Development|x86
		{8CE414BB-95B2-4C99-9E03-51BA72086E22}.Development|x86.Build.0 = Development|x86
		{8CE414BB-95B2-4C99-9E03-51BA72086E22}.Development|x86.Deploy.0 = Development|x86
		{E3274014-6E78-4026-9D0A-63D6117F9FC0}.Development|x86.ActiveCfg = Development|x86
		{E3274014-6E78-4026-9D0A-63D6117F9FC0}.Development|x86.Build.0 = Development|x86
		{E3274014-6E78-4026-9D0A-63D6117F9FC0}.Development|x86.Deploy.0 = Development|x86
		{67736EF9-A054-46E8-98CF-9A66D9DC37A0}.Development|x86.ActiveCfg = Development|x86
		{67736EF9-A054-46E8-98CF-9A66D9DC37A0}.Development|x86.Build.0 = Development|x86
		{67736EF9-A054-46E8-98CF-9A66D9DC37A0}.Development|x86.Deploy.0 = Development|x86
		{95DEA965-5612-4879-BDD5-481AA633C9B6}.Development|x86.ActiveCfg = Development|x86
		{95DEA965-5612-4879-BDD5-481AA633C9B6}.Development|x86.Build.0 = Development|x86
		{95DEA965-5612-4879-BDD5-481AA633C9B6}.Development|x86.Deploy.0 = Development|x86
		{B820A1FB-F293-404F-95FC-8EEB74AF47EB}.Development|x86.ActiveCfg = Development|x86
		{B820A1FB-F293-404F-95FC-8EEB74AF47EB}.Development|x86.Build.0 = Development|x86
		{B820A1FB-F293-404F-95FC-8EEB74AF47EB}.Development|x86.Deploy.0 = Development|x86
		{D1E696F0-9A00-4DB8-9A4D-7BF3C3A200A3}.Development|x86.ActiveCfg = Development|x86
		{D1E696F0-9A00-4DB8-9A4D-7BF3C3A200A3}.Development|x86.Build.0 = Development|x86
		{D1E696F0-9A00-4DB8-9A4D-7BF3C3A200A3}.Development|x86.Deploy.0 = Development|x86
		{FE093505-BD0F-41BE-A08A-F1B6359F8829}.Development|x86.ActiveCfg = Development|x86
		{FE093505-BD0F-41BE-A08A-F1B6359F8829}.Development|x86.Build.0 = Development|x86
		{FE093505-BD0F-41BE-A08A-F1B6359F8829}.Development|x86.Deploy.0 = Development|x86
		{2CAE7829-D3CE-4FE0-9DC0-37903F285657}.Development|x86.ActiveCfg = Development|x86
		{2CAE7829-D3CE-4FE0-9DC0-37903F285657}.Development|x86.Build.0 = Development|x86
		{2CAE7829-D3CE-4FE0-9DC0-37903F285657}.Development|x86.Deploy.0 = Development|x86
		{FA80EE64-F2BD-46B2-B521-1B6B211E0DE6}.Development|x86.ActiveCfg = Development|x86
		{FA80EE64-F2BD-46B2-B521-1B6B211E0DE6}.Development|x86.Build.0 = Development|x86
		{FA80EE64-F2BD-46B2-B521-1B6B211E0DE6}.Development|x86.Deploy.0 = Development|x86
	EndGlobalSection
	GlobalSection(SolutionProperties) = preSolution
		HideSolutionNode = FALSE
	EndGlobalSection
EndGlobal
