
Microsoft Visual Studio Solution File, Format Version 12.00
# Visual Studio 14
VisualStudioVersion = 14.0.25420.1
MinimumVisualStudioVersion = 10.0.40219.1
Project("{6870E480-7721-4708-BFB8-9AE898AA21B3}") = "Koulutukseen sijoittuneet 2v yhteiset", "Koulutukseen sijoittuneet 2v\Koulutukseen sijoittuneet 2v yhteiset.smproj", "{7DA47E40-B54E-45DE-AFC1-5D5C118EEF1F}"
EndProject
Project("{6870E480-7721-4708-BFB8-9AE898AA21B3}") = "Koulutukseen sijoittuneet 2v peruskoulu", "Koulutukseen sijoittuneet 2v peruskoulu\Koulutukseen sijoittuneet 2v peruskoulu.smproj", "{14C42D4D-3765-4209-BD8E-3B34F52D9BBD}"
EndProject
Project("{6870E480-7721-4708-BFB8-9AE898AA21B3}") = "Koulutukseen sijoittuneet 6v lukio", "Koulutukseen sijoittuneet 6v lukio\Koulutukseen sijoittuneet 6v lukio.smproj", "{8E2C9796-36D5-487C-9E54-48AD2F45D34B}"
EndProject
Project("{6870E480-7721-4708-BFB8-9AE898AA21B3}") = "Koulutukseen sijoittuneet 6v peruskoulu", "Koulutukseen sijoittuneet 6v peruskoulu\Koulutukseen sijoittuneet 6v peruskoulu.smproj", "{37D3B747-D302-467A-A76E-1F45EA90D880}"
EndProject
Project("{6870E480-7721-4708-BFB8-9AE898AA21B3}") = "Koulutukseen sijoittuneet 6v yhteiset", "Koulutukseen sijoittuneet 6v yhteiset\Koulutukseen sijoittuneet 6v yhteiset.smproj", "{BD720B0C-C716-4EA4-AF45-B01E6543A5C5}"
EndProject
Project("{6870E480-7721-4708-BFB8-9AE898AA21B3}") = "Koulutukseen sijoittuneet 2v ammatillinen", "Koulutukseen sijoittuneet 2v ammatillinen\Koulutukseen sijoittuneet 2v ammatillinen.smproj", "{044EA48E-78E5-4FAD-B429-76641AF70DF4}"
EndProject
Project("{6870E480-7721-4708-BFB8-9AE898AA21B3}") = "Koulutukseen sijoittuneet 2v lukio", "Koulutukseen sijoittuneet 2v lukio\Koulutukseen sijoittuneet 2v lukio.smproj", "{3E43EC58-28F2-4B57-97A6-5FF588BBB0A5}"
EndProject
Project("{6870E480-7721-4708-BFB8-9AE898AA21B3}") = "Koulutukseen sijoittuneet 6v ammatillinen", "Koulutukseen sijoittuneet 6v ammatillinen\Koulutukseen sijoittuneet 6v ammatillinen.smproj", "{00C18202-4A7C-4435-9547-67074BFC3CD3}"
EndProject
Project("{6870E480-7721-4708-BFB8-9AE898AA21B3}") = "Koulutukseen sijoittuneet 8v ammatillinen", "Koulutukseen sijoittuneet 8v ammatillinen\Koulutukseen sijoittuneet 8v ammatillinen.smproj", "{8CE414BB-95B2-4C99-9E03-51BA72086E22}"
EndProject
Project("{6870E480-7721-4708-BFB8-9AE898AA21B3}") = "Koulutukseen sijoittuneet 8v lukio", "Koulutukseen sijoittuneet 8v lukio\Koulutukseen sijoittuneet 8v lukio.smproj", "{3E9A50F0-9EF8-48A5-82EA-67628A0F5453}"
EndProject
Project("{6870E480-7721-4708-BFB8-9AE898AA21B3}") = "Koulutukseen sijoittuneet 8v peruskoulu", "Koulutukseen sijoittuneet 8v peruskoulu\Koulutukseen sijoittuneet 8v peruskoulu.smproj", "{288F04FA-D724-46CC-B415-0B493153F663}"
EndProject
Project("{6870E480-7721-4708-BFB8-9AE898AA21B3}") = "Koulutukseen sijoittuneet 8v yhteiset", "Koulutukseen sijoittuneet 8v yhteiset\Koulutukseen sijoittuneet 8v yhteiset.smproj", "{576F20A2-5406-435D-98BD-C641D5085371}"
EndProject
Global
	GlobalSection(SolutionConfigurationPlatforms) = preSolution
		Development|x86 = Development|x86
	EndGlobalSection
	GlobalSection(ProjectConfigurationPlatforms) = postSolution
		{7DA47E40-B54E-45DE-AFC1-5D5C118EEF1F}.Development|x86.ActiveCfg = Development|x86
		{7DA47E40-B54E-45DE-AFC1-5D5C118EEF1F}.Development|x86.Build.0 = Development|x86
		{7DA47E40-B54E-45DE-AFC1-5D5C118EEF1F}.Development|x86.Deploy.0 = Development|x86
		{14C42D4D-3765-4209-BD8E-3B34F52D9BBD}.Development|x86.ActiveCfg = Development|x86
		{14C42D4D-3765-4209-BD8E-3B34F52D9BBD}.Development|x86.Build.0 = Development|x86
		{14C42D4D-3765-4209-BD8E-3B34F52D9BBD}.Development|x86.Deploy.0 = Development|x86
		{8E2C9796-36D5-487C-9E54-48AD2F45D34B}.Development|x86.ActiveCfg = Development|x86
		{8E2C9796-36D5-487C-9E54-48AD2F45D34B}.Development|x86.Build.0 = Development|x86
		{8E2C9796-36D5-487C-9E54-48AD2F45D34B}.Development|x86.Deploy.0 = Development|x86
		{37D3B747-D302-467A-A76E-1F45EA90D880}.Development|x86.ActiveCfg = Development|x86
		{37D3B747-D302-467A-A76E-1F45EA90D880}.Development|x86.Build.0 = Development|x86
		{37D3B747-D302-467A-A76E-1F45EA90D880}.Development|x86.Deploy.0 = Development|x86
		{BD720B0C-C716-4EA4-AF45-B01E6543A5C5}.Development|x86.ActiveCfg = Development|x86
		{BD720B0C-C716-4EA4-AF45-B01E6543A5C5}.Development|x86.Build.0 = Development|x86
		{BD720B0C-C716-4EA4-AF45-B01E6543A5C5}.Development|x86.Deploy.0 = Development|x86
		{044EA48E-78E5-4FAD-B429-76641AF70DF4}.Development|x86.ActiveCfg = Development|x86
		{044EA48E-78E5-4FAD-B429-76641AF70DF4}.Development|x86.Build.0 = Development|x86
		{044EA48E-78E5-4FAD-B429-76641AF70DF4}.Development|x86.Deploy.0 = Development|x86
		{3E43EC58-28F2-4B57-97A6-5FF588BBB0A5}.Development|x86.ActiveCfg = Development|x86
		{3E43EC58-28F2-4B57-97A6-5FF588BBB0A5}.Development|x86.Build.0 = Development|x86
		{3E43EC58-28F2-4B57-97A6-5FF588BBB0A5}.Development|x86.Deploy.0 = Development|x86
		{00C18202-4A7C-4435-9547-67074BFC3CD3}.Development|x86.ActiveCfg = Development|x86
		{00C18202-4A7C-4435-9547-67074BFC3CD3}.Development|x86.Build.0 = Development|x86
		{00C18202-4A7C-4435-9547-67074BFC3CD3}.Development|x86.Deploy.0 = Development|x86
		{8CE414BB-95B2-4C99-9E03-51BA72086E22}.Development|x86.ActiveCfg = Development|x86
		{8CE414BB-95B2-4C99-9E03-51BA72086E22}.Development|x86.Build.0 = Development|x86
		{8CE414BB-95B2-4C99-9E03-51BA72086E22}.Development|x86.Deploy.0 = Development|x86
		{3E9A50F0-9EF8-48A5-82EA-67628A0F5453}.Development|x86.ActiveCfg = Development|x86
		{3E9A50F0-9EF8-48A5-82EA-67628A0F5453}.Development|x86.Build.0 = Development|x86
		{3E9A50F0-9EF8-48A5-82EA-67628A0F5453}.Development|x86.Deploy.0 = Development|x86
		{288F04FA-D724-46CC-B415-0B493153F663}.Development|x86.ActiveCfg = Development|x86
		{288F04FA-D724-46CC-B415-0B493153F663}.Development|x86.Build.0 = Development|x86
		{288F04FA-D724-46CC-B415-0B493153F663}.Development|x86.Deploy.0 = Development|x86
		{576F20A2-5406-435D-98BD-C641D5085371}.Development|x86.ActiveCfg = Development|x86
		{576F20A2-5406-435D-98BD-C641D5085371}.Development|x86.Build.0 = Development|x86
		{576F20A2-5406-435D-98BD-C641D5085371}.Development|x86.Deploy.0 = Development|x86
	EndGlobalSection
	GlobalSection(SolutionProperties) = preSolution
		HideSolutionNode = FALSE
	EndGlobalSection
EndGlobal
