
Microsoft Visual Studio Solution File, Format Version 11.00
# Visual Studio 2010
Project("{6870E480-7721-4708-BFB8-9AE898AA21B3}") = "Perusopetuksen lisäopetuksen päättäneiden sijoit", "Perusopetuksen lisäopetuksen päättäneiden sijoit\Perusopetuksen lisäopetuksen päättäneiden sijoit.smproj", "{2B01E5D7-E7E2-478E-A4D6-933B8D57A403}"
EndProject
Global
	GlobalSection(SolutionConfigurationPlatforms) = preSolution
		Development|x86 = Development|x86
	EndGlobalSection
	GlobalSection(ProjectConfigurationPlatforms) = postSolution
		{2B01E5D7-E7E2-478E-A4D6-933B8D57A403}.Development|x86.ActiveCfg = Development|x86
		{2B01E5D7-E7E2-478E-A4D6-933B8D57A403}.Development|x86.Build.0 = Development|x86
		{2B01E5D7-E7E2-478E-A4D6-933B8D57A403}.Development|x86.Deploy.0 = Development|x86
	EndGlobalSection
	GlobalSection(SolutionProperties) = preSolution
		HideSolutionNode = FALSE
	EndGlobalSection
EndGlobal
