
Microsoft Visual Studio Solution File, Format Version 12.00
# Visual Studio 14
VisualStudioVersion = 14.0.25420.1
MinimumVisualStudioVersion = 10.0.40219.1
Project("{6870E480-7721-4708-BFB8-9AE898AA21B3}") = "Väestön koulutusrakenne", "Väestön koulutusrakenne\Väestön koulutusrakenne.smproj", "{8BB97747-FB4E-42B1-A784-F68E476BBB0E}"
EndProject
Project("{6870E480-7721-4708-BFB8-9AE898AA21B3}") = "Väestön koulutusrakenne ja pääasiallinen toiminta", "Väestön koulutusrakenne ja pääasiallinen toiminta\Väestön koulutusrakenne ja pääasiallinen toiminta.smproj", "{1AAE2E01-3B6E-4A17-ADC8-261AC7FE3673}"
EndProject
Project("{6870E480-7721-4708-BFB8-9AE898AA21B3}") = "Väestön koulutusrakenne syntyperän mukaan", "Väestön koulutusrakenne syntyperän mukaan\Väestön koulutusrakenne syntyperän mukaan.smproj", "{8CE414BB-95B2-4C99-9E03-51BA72086E22}"
EndProject
Global
	GlobalSection(SolutionConfigurationPlatforms) = preSolution
		Development|x86 = Development|x86
	EndGlobalSection
	GlobalSection(ProjectConfigurationPlatforms) = postSolution
		{8BB97747-FB4E-42B1-A784-F68E476BBB0E}.Development|x86.ActiveCfg = Development|x86
		{8BB97747-FB4E-42B1-A784-F68E476BBB0E}.Development|x86.Build.0 = Development|x86
		{8BB97747-FB4E-42B1-A784-F68E476BBB0E}.Development|x86.Deploy.0 = Development|x86
		{1AAE2E01-3B6E-4A17-ADC8-261AC7FE3673}.Development|x86.ActiveCfg = Development|x86
		{1AAE2E01-3B6E-4A17-ADC8-261AC7FE3673}.Development|x86.Build.0 = Development|x86
		{1AAE2E01-3B6E-4A17-ADC8-261AC7FE3673}.Development|x86.Deploy.0 = Development|x86
		{8CE414BB-95B2-4C99-9E03-51BA72086E22}.Development|x86.ActiveCfg = Development|x86
		{8CE414BB-95B2-4C99-9E03-51BA72086E22}.Development|x86.Build.0 = Development|x86
		{8CE414BB-95B2-4C99-9E03-51BA72086E22}.Development|x86.Deploy.0 = Development|x86
	EndGlobalSection
	GlobalSection(SolutionProperties) = preSolution
		HideSolutionNode = FALSE
	EndGlobalSection
EndGlobal
