
Microsoft Visual Studio Solution File, Format Version 11.00
# Visual Studio 2010
Project("{6870E480-7721-4708-BFB8-9AE898AA21B3}") = "Indikaattorit vapaa sivistystyö väestö", "Indikaattorit vapaa sivistystyö väestö\Indikaattorit vapaa sivistystyö väestö.smproj", "{CD4F1005-678F-4E33-800D-BD143E957C3C}"
EndProject
Global
	GlobalSection(SolutionConfigurationPlatforms) = preSolution
		Development|x86 = Development|x86
	EndGlobalSection
	GlobalSection(ProjectConfigurationPlatforms) = postSolution
		{CD4F1005-678F-4E33-800D-BD143E957C3C}.Development|x86.ActiveCfg = Development|x86
		{CD4F1005-678F-4E33-800D-BD143E957C3C}.Development|x86.Build.0 = Development|x86
		{CD4F1005-678F-4E33-800D-BD143E957C3C}.Development|x86.Deploy.0 = Development|x86
	EndGlobalSection
	GlobalSection(SolutionProperties) = preSolution
		HideSolutionNode = FALSE
	EndGlobalSection
EndGlobal
