
Microsoft Visual Studio Solution File, Format Version 11.00
# Visual Studio 2010
Project("{6870E480-7721-4708-BFB8-9AE898AA21B3}") = "Toisen asteen opiskelijat ja tutkinnot ikä 1v", "Toisen asteen opiskelijat ja tutkinnot ikä 1v\Toisen asteen opiskelijat ja tutkinnot ikä 1v.smproj", "{D17251BA-B894-4476-82EE-1233FCDB13C0}"
EndProject
Global
	GlobalSection(SolutionConfigurationPlatforms) = preSolution
		Development|x86 = Development|x86
	EndGlobalSection
	GlobalSection(ProjectConfigurationPlatforms) = postSolution
		{D17251BA-B894-4476-82EE-1233FCDB13C0}.Development|x86.ActiveCfg = Development|x86
		{D17251BA-B894-4476-82EE-1233FCDB13C0}.Development|x86.Build.0 = Development|x86
		{D17251BA-B894-4476-82EE-1233FCDB13C0}.Development|x86.Deploy.0 = Development|x86
	EndGlobalSection
	GlobalSection(SolutionProperties) = preSolution
		HideSolutionNode = FALSE
	EndGlobalSection
EndGlobal
