
Microsoft Visual Studio Solution File, Format Version 11.00
# Visual Studio 2010
Project("{6870E480-7721-4708-BFB8-9AE898AA21B3}") = "Tieteen ja teknologian henkilovoimavarat yhteiset", "Tieteen ja teknologian henkilovoimavarat yhteiset\Tieteen ja teknologian henkilovoimavarat yhteiset.smproj", "{5331F85C-7C6B-49D4-999D-D6D282BFAE00}"
EndProject
Global
	GlobalSection(SolutionConfigurationPlatforms) = preSolution
		Development|x86 = Development|x86
	EndGlobalSection
	GlobalSection(ProjectConfigurationPlatforms) = postSolution
		{5331F85C-7C6B-49D4-999D-D6D282BFAE00}.Development|x86.ActiveCfg = Development|x86
		{5331F85C-7C6B-49D4-999D-D6D282BFAE00}.Development|x86.Build.0 = Development|x86
		{5331F85C-7C6B-49D4-999D-D6D282BFAE00}.Development|x86.Deploy.0 = Development|x86
	EndGlobalSection
	GlobalSection(SolutionProperties) = preSolution
		HideSolutionNode = FALSE
	EndGlobalSection
EndGlobal
