
Microsoft Visual Studio Solution File, Format Version 11.00
# Visual Studio 2010
Project("{6870E480-7721-4708-BFB8-9AE898AA21B3}") = "Oppisopimus_paaasiallinen_toiminta", "Oppisopimus_paaasiallinen_toiminta\Oppisopimus_paaasiallinen_toiminta.smproj", "{3813AE72-F44D-4741-AF72-3FE6AABA5080}"
EndProject
Global
	GlobalSection(SolutionConfigurationPlatforms) = preSolution
		Development|x86 = Development|x86
	EndGlobalSection
	GlobalSection(ProjectConfigurationPlatforms) = postSolution
		{3813AE72-F44D-4741-AF72-3FE6AABA5080}.Development|x86.ActiveCfg = Development|x86
		{3813AE72-F44D-4741-AF72-3FE6AABA5080}.Development|x86.Build.0 = Development|x86
		{3813AE72-F44D-4741-AF72-3FE6AABA5080}.Development|x86.Deploy.0 = Development|x86
	EndGlobalSection
	GlobalSection(SolutionProperties) = preSolution
		HideSolutionNode = FALSE
	EndGlobalSection
EndGlobal
