
Microsoft Visual Studio Solution File, Format Version 11.00
# Visual Studio 2010
Project("{6870E480-7721-4708-BFB8-9AE898AA21B3}") = "Päivähoidon yhteydessä annettava esiopetus", "Päivähoidon yhteydessä annettava esiopetus\Päivähoidon yhteydessä annettava esiopetus.smproj", "{3A2A3F37-7504-41BE-B17B-0852D942CE59}"
EndProject
Global
	GlobalSection(SolutionConfigurationPlatforms) = preSolution
		Development|x86 = Development|x86
	EndGlobalSection
	GlobalSection(ProjectConfigurationPlatforms) = postSolution
		{3A2A3F37-7504-41BE-B17B-0852D942CE59}.Development|x86.ActiveCfg = Development|x86
		{3A2A3F37-7504-41BE-B17B-0852D942CE59}.Development|x86.Build.0 = Development|x86
		{3A2A3F37-7504-41BE-B17B-0852D942CE59}.Development|x86.Deploy.0 = Development|x86
	EndGlobalSection
	GlobalSection(SolutionProperties) = preSolution
		HideSolutionNode = FALSE
	EndGlobalSection
EndGlobal
