
Microsoft Visual Studio Solution File, Format Version 12.00
# Visual Studio 14
VisualStudioVersion = 14.0.25420.1
MinimumVisualStudioVersion = 10.0.40219.1
Project("{6870E480-7721-4708-BFB8-9AE898AA21B3}") = "Koski esi ja perus oppilaat ja paattaneet kuukausittain", "Koski esi ja perus oppilaat ja paattaneet kuukausittain\Koski esi ja perus oppilaat ja paattaneet kuukausittain.smproj", "{7CFEB823-BA3E-40A0-915D-48D1928659C4}"
EndProject
Project("{6870E480-7721-4708-BFB8-9AE898AA21B3}") = "Koski esi ja perus oppilaat ja paattaneet lukuvuosittain", "Koski esi ja perus oppilaat ja paattaneet lukuvuosittain\Koski esi ja perus oppilaat ja paattaneet lukuvuosittain.smproj", "{06589413-F8D0-46A7-BE3C-A1C1812C4E37}"
EndProject
Global
	GlobalSection(SolutionConfigurationPlatforms) = preSolution
		Development|x86 = Development|x86
	EndGlobalSection
	GlobalSection(ProjectConfigurationPlatforms) = postSolution
		{7CFEB823-BA3E-40A0-915D-48D1928659C4}.Development|x86.ActiveCfg = Development|x86
		{7CFEB823-BA3E-40A0-915D-48D1928659C4}.Development|x86.Build.0 = Development|x86
		{7CFEB823-BA3E-40A0-915D-48D1928659C4}.Development|x86.Deploy.0 = Development|x86
		{06589413-F8D0-46A7-BE3C-A1C1812C4E37}.Development|x86.ActiveCfg = Development|x86
		{06589413-F8D0-46A7-BE3C-A1C1812C4E37}.Development|x86.Build.0 = Development|x86
		{06589413-F8D0-46A7-BE3C-A1C1812C4E37}.Development|x86.Deploy.0 = Development|x86
	EndGlobalSection
	GlobalSection(SolutionProperties) = preSolution
		HideSolutionNode = FALSE
	EndGlobalSection
EndGlobal
