
Microsoft Visual Studio Solution File, Format Version 12.00
# Visual Studio 14
VisualStudioVersion = 14.0.25420.1
MinimumVisualStudioVersion = 10.0.40219.1
Project("{6870E480-7721-4708-BFB8-9AE898AA21B3}") = "Koski esi ja perus lukuvuosittain cultures", "Koski esi ja perus lukuvuosittain cultures\Koski esi ja perus lukuvuosittain cultures.smproj", "{8CE414BB-95B2-4C99-9E03-51BA72086E22}"
EndProject
Project("{6870E480-7721-4708-BFB8-9AE898AA21B3}") = "Koski esi ja perus kuukausittain cultures", "Koski esi ja perus kuukausittain cultures\Koski esi ja perus kuukausittain cultures.smproj", "{F6F6DD1D-3863-4FB4-8917-21E1DBAD4F93}"
EndProject
Project("{6870E480-7721-4708-BFB8-9AE898AA21B3}") = "Koski esi ja perus lukuvuosittain jaadytys cultures", "Koski esi ja perus lukuvuosittain jaadytys cultures\Koski esi ja perus lukuvuosittain jaadytys cultures.smproj", "{0FA2DAC0-41B0-4D3A-AF91-6E4DDBECC5A0}"
EndProject
Project("{6870E480-7721-4708-BFB8-9AE898AA21B3}") = "Koski esi ja perus yksilollistaminen cultures", "Koski esi ja perus yksilollistaminen cultures\Koski esi ja perus yksilollistaminen cultures.smproj", "{833D9070-E300-4E93-9C88-0B1D4FFD93C1}"
EndProject
Global
	GlobalSection(SolutionConfigurationPlatforms) = preSolution
		Development|x86 = Development|x86
	EndGlobalSection
	GlobalSection(ProjectConfigurationPlatforms) = postSolution
		{8CE414BB-95B2-4C99-9E03-51BA72086E22}.Development|x86.ActiveCfg = Development|x86
		{8CE414BB-95B2-4C99-9E03-51BA72086E22}.Development|x86.Build.0 = Development|x86
		{8CE414BB-95B2-4C99-9E03-51BA72086E22}.Development|x86.Deploy.0 = Development|x86
		{F6F6DD1D-3863-4FB4-8917-21E1DBAD4F93}.Development|x86.ActiveCfg = Development|x86
		{F6F6DD1D-3863-4FB4-8917-21E1DBAD4F93}.Development|x86.Build.0 = Development|x86
		{F6F6DD1D-3863-4FB4-8917-21E1DBAD4F93}.Development|x86.Deploy.0 = Development|x86
		{0FA2DAC0-41B0-4D3A-AF91-6E4DDBECC5A0}.Development|x86.ActiveCfg = Development|x86
		{0FA2DAC0-41B0-4D3A-AF91-6E4DDBECC5A0}.Development|x86.Build.0 = Development|x86
		{0FA2DAC0-41B0-4D3A-AF91-6E4DDBECC5A0}.Development|x86.Deploy.0 = Development|x86
		{833D9070-E300-4E93-9C88-0B1D4FFD93C1}.Development|x86.ActiveCfg = Development|x86
		{833D9070-E300-4E93-9C88-0B1D4FFD93C1}.Development|x86.Build.0 = Development|x86
		{833D9070-E300-4E93-9C88-0B1D4FFD93C1}.Development|x86.Deploy.0 = Development|x86
	EndGlobalSection
	GlobalSection(SolutionProperties) = preSolution
		HideSolutionNode = FALSE
	EndGlobalSection
EndGlobal
