
Microsoft Visual Studio Solution File, Format Version 11.00
# Visual Studio 2010
Project("{6870E480-7721-4708-BFB8-9AE898AA21B3}") = "Amm erityisopetus Opiskelijat ja tutkinnon suorittaneet", "Opiskelijat ja tutkinnon suorittaneet\Amm erityisopetus Opiskelijat ja tutkinnon suorittaneet.smproj", "{34D677A6-8853-4371-95B9-AD07438F31BE}"
EndProject
Project("{6870E480-7721-4708-BFB8-9AE898AA21B3}") = "Amm erityisopetus Opiskelijat ja tutkinnon suorittaneet järjestäjittäin", "Opiskelijat ja tutkinnon suorittaneet järjestäjittäin\Amm erityisopetus Opiskelijat ja tutkinnon suorittaneet järjestäjittäin.smproj", "{E7CC67C9-8237-436B-8D22-B314C55DF62A}"
EndProject
Global
	GlobalSection(SolutionConfigurationPlatforms) = preSolution
		Development|x86 = Development|x86
	EndGlobalSection
	GlobalSection(ProjectConfigurationPlatforms) = postSolution
		{34D677A6-8853-4371-95B9-AD07438F31BE}.Development|x86.ActiveCfg = Development|x86
		{34D677A6-8853-4371-95B9-AD07438F31BE}.Development|x86.Build.0 = Development|x86
		{34D677A6-8853-4371-95B9-AD07438F31BE}.Development|x86.Deploy.0 = Development|x86
		{E7CC67C9-8237-436B-8D22-B314C55DF62A}.Development|x86.ActiveCfg = Development|x86
		{E7CC67C9-8237-436B-8D22-B314C55DF62A}.Development|x86.Build.0 = Development|x86
		{E7CC67C9-8237-436B-8D22-B314C55DF62A}.Development|x86.Deploy.0 = Development|x86
	EndGlobalSection
	GlobalSection(SolutionProperties) = preSolution
		HideSolutionNode = FALSE
	EndGlobalSection
EndGlobal
