
Microsoft Visual Studio Solution File, Format Version 12.00
# Visual Studio 14
VisualStudioVersion = 14.0.25420.1
MinimumVisualStudioVersion = 10.0.40219.1
Project("{6870E480-7721-4708-BFB8-9AE898AA21B3}") = "kk rahoitusmalli amk", "kk rahoitusmalli amk\kk rahoitusmalli amk\kk rahoitusmalli amk.smproj", "{923C213B-86AF-495F-BBE3-CF4CD69F0757}"
EndProject
Project("{6870E480-7721-4708-BFB8-9AE898AA21B3}") = "kk rahoitusmalli yo", "kk rahoitusmalli yo\kk rahoitusmalli yo\kk rahoitusmalli yo.smproj", "{8CE414BB-95B2-4C99-9E03-51BA72086E22}"
EndProject
Project("{6870E480-7721-4708-BFB8-9AE898AA21B3}") = "kk rahoitusmalli amk uusi", "kk rahoitusmalli amk uusi\kk rahoitusmalli amk uusi.smproj", "{5689B257-B500-45F0-A751-CB67CA0CDBE4}"
EndProject
Project("{6870E480-7721-4708-BFB8-9AE898AA21B3}") = "kk rahoitusmalli yo uusi", "kk rahoitusmalli yo uusi\kk rahoitusmalli yo uusi.smproj", "{008FD23D-80C4-4CA7-8B74-CEDB68A3957C}"
EndProject
Project("{6870E480-7721-4708-BFB8-9AE898AA21B3}") = "Korkeakoulujen rahoitusmalli", "Korkeakoulujen rahoitusmalli\Korkeakoulujen rahoitusmalli.smproj", "{D44F0AD5-1F54-4A69-BF9F-0D915B6BD87A}"
EndProject
Global
	GlobalSection(SolutionConfigurationPlatforms) = preSolution
		Development|x86 = Development|x86
	EndGlobalSection
	GlobalSection(ProjectConfigurationPlatforms) = postSolution
		{923C213B-86AF-495F-BBE3-CF4CD69F0757}.Development|x86.ActiveCfg = Development|x86
		{923C213B-86AF-495F-BBE3-CF4CD69F0757}.Development|x86.Build.0 = Development|x86
		{923C213B-86AF-495F-BBE3-CF4CD69F0757}.Development|x86.Deploy.0 = Development|x86
		{8CE414BB-95B2-4C99-9E03-51BA72086E22}.Development|x86.ActiveCfg = Development|x86
		{8CE414BB-95B2-4C99-9E03-51BA72086E22}.Development|x86.Build.0 = Development|x86
		{8CE414BB-95B2-4C99-9E03-51BA72086E22}.Development|x86.Deploy.0 = Development|x86
		{5689B257-B500-45F0-A751-CB67CA0CDBE4}.Development|x86.ActiveCfg = Development|x86
		{5689B257-B500-45F0-A751-CB67CA0CDBE4}.Development|x86.Build.0 = Development|x86
		{5689B257-B500-45F0-A751-CB67CA0CDBE4}.Development|x86.Deploy.0 = Development|x86
		{008FD23D-80C4-4CA7-8B74-CEDB68A3957C}.Development|x86.ActiveCfg = Development|x86
		{008FD23D-80C4-4CA7-8B74-CEDB68A3957C}.Development|x86.Build.0 = Development|x86
		{008FD23D-80C4-4CA7-8B74-CEDB68A3957C}.Development|x86.Deploy.0 = Development|x86
		{D44F0AD5-1F54-4A69-BF9F-0D915B6BD87A}.Development|x86.ActiveCfg = Development|x86
		{D44F0AD5-1F54-4A69-BF9F-0D915B6BD87A}.Development|x86.Build.0 = Development|x86
		{D44F0AD5-1F54-4A69-BF9F-0D915B6BD87A}.Development|x86.Deploy.0 = Development|x86
	EndGlobalSection
	GlobalSection(SolutionProperties) = preSolution
		HideSolutionNode = FALSE
	EndGlobalSection
EndGlobal
