
Microsoft Visual Studio Solution File, Format Version 11.00
# Visual Studio 2010
Project("{6870E480-7721-4708-BFB8-9AE898AA21B3}") = "K5_5", "K5_5\K5_5.smproj", "{8993D7E8-8915-44B5-901D-756A7F60B21D}"
EndProject
Global
	GlobalSection(SolutionConfigurationPlatforms) = preSolution
		Development|x86 = Development|x86
	EndGlobalSection
	GlobalSection(ProjectConfigurationPlatforms) = postSolution
		{8993D7E8-8915-44B5-901D-756A7F60B21D}.Development|x86.ActiveCfg = Development|x86
		{8993D7E8-8915-44B5-901D-756A7F60B21D}.Development|x86.Build.0 = Development|x86
		{8993D7E8-8915-44B5-901D-756A7F60B21D}.Development|x86.Deploy.0 = Development|x86
	EndGlobalSection
	GlobalSection(SolutionProperties) = preSolution
		HideSolutionNode = FALSE
	EndGlobalSection
EndGlobal
