
Microsoft Visual Studio Solution File, Format Version 12.00
# Visual Studio Version 17
VisualStudioVersion = 17.12.35514.174 d17.12
MinimumVisualStudioVersion = 10.0.40219.1
Project("{6870E480-7721-4708-BFB8-9AE898AA21B3}") = "Julkaisutietopalvelu", "Julkaisutietopalvelu\Julkaisutietopalvelu.smproj", "{8CE414BB-95B2-4C99-9E03-51BA72086E22}"
EndProject
Project("{6870E480-7721-4708-BFB8-9AE898AA21B3}") = "Julkaisutietopalvelu tieteenalat", "Julkaisutietopalvelu tieteenalat\Julkaisutietopalvelu tieteenalat.smproj", "{EB79337D-07CA-44E2-8EB7-345001FDBE1C}"
EndProject
Project("{6870E480-7721-4708-BFB8-9AE898AA21B3}") = "Julkaisutietopalvelu tilanne", "Julkaisutietopalvelu tilanne\Julkaisutietopalvelu tilanne.smproj", "{3E8357F6-C870-4184-81CA-E8BE1A798A6E}"
EndProject
Project("{6870E480-7721-4708-BFB8-9AE898AA21B3}") = "Julkaisutietopalvelu virheet", "Julkaisutietopalvelu virheet\Julkaisutietopalvelu virheet.smproj", "{C86355E8-6577-4B06-BB8C-9C17CA39F39B}"
EndProject
Project("{6870E480-7721-4708-BFB8-9AE898AA21B3}") = "Julkaisutietopalvelu duplikaatit", "Julkaisutietopalvelu duplikaatit\Julkaisutietopalvelu duplikaatit.smproj", "{C6869B44-AFE6-4AEC-9922-F1FB0C6C7B18}"
EndProject
Project("{6870E480-7721-4708-BFB8-9AE898AA21B3}") = "Julkaisutietopalvelu yhteisjulkaisut ristiriitaiset", "Julkaisutietopalvelu yhteisjulkaisut ristiriitaiset\Julkaisutietopalvelu yhteisjulkaisut ristiriitaiset.smproj", "{7E9B93C3-77EF-4FF2-9249-ABFDFCD34AAA}"
EndProject
Project("{6870E480-7721-4708-BFB8-9AE898AA21B3}") = "Julkaisutietopalvelu poistetut", "Julkaisutietopalvelu poistetut\Julkaisutietopalvelu poistetut.smproj", "{8F35B1C9-1BF6-4A98-AA81-4EF03980B63C}"
EndProject
Global
	GlobalSection(SolutionConfigurationPlatforms) = preSolution
		Development|x86 = Development|x86
	EndGlobalSection
	GlobalSection(ProjectConfigurationPlatforms) = postSolution
		{8CE414BB-95B2-4C99-9E03-51BA72086E22}.Development|x86.ActiveCfg = Development|x86
		{8CE414BB-95B2-4C99-9E03-51BA72086E22}.Development|x86.Build.0 = Development|x86
		{8CE414BB-95B2-4C99-9E03-51BA72086E22}.Development|x86.Deploy.0 = Development|x86
		{EB79337D-07CA-44E2-8EB7-345001FDBE1C}.Development|x86.ActiveCfg = Development|x86
		{EB79337D-07CA-44E2-8EB7-345001FDBE1C}.Development|x86.Build.0 = Development|x86
		{EB79337D-07CA-44E2-8EB7-345001FDBE1C}.Development|x86.Deploy.0 = Development|x86
		{3E8357F6-C870-4184-81CA-E8BE1A798A6E}.Development|x86.ActiveCfg = Development|x86
		{3E8357F6-C870-4184-81CA-E8BE1A798A6E}.Development|x86.Build.0 = Development|x86
		{3E8357F6-C870-4184-81CA-E8BE1A798A6E}.Development|x86.Deploy.0 = Development|x86
		{C86355E8-6577-4B06-BB8C-9C17CA39F39B}.Development|x86.ActiveCfg = Development|x86
		{C86355E8-6577-4B06-BB8C-9C17CA39F39B}.Development|x86.Build.0 = Development|x86
		{C86355E8-6577-4B06-BB8C-9C17CA39F39B}.Development|x86.Deploy.0 = Development|x86
		{C6869B44-AFE6-4AEC-9922-F1FB0C6C7B18}.Development|x86.ActiveCfg = Development|x86
		{C6869B44-AFE6-4AEC-9922-F1FB0C6C7B18}.Development|x86.Build.0 = Development|x86
		{C6869B44-AFE6-4AEC-9922-F1FB0C6C7B18}.Development|x86.Deploy.0 = Development|x86
		{7E9B93C3-77EF-4FF2-9249-ABFDFCD34AAA}.Development|x86.ActiveCfg = Development|x86
		{7E9B93C3-77EF-4FF2-9249-ABFDFCD34AAA}.Development|x86.Build.0 = Development|x86
		{7E9B93C3-77EF-4FF2-9249-ABFDFCD34AAA}.Development|x86.Deploy.0 = Development|x86
		{8F35B1C9-1BF6-4A98-AA81-4EF03980B63C}.Development|x86.ActiveCfg = Development|x86
		{8F35B1C9-1BF6-4A98-AA81-4EF03980B63C}.Development|x86.Build.0 = Development|x86
		{8F35B1C9-1BF6-4A98-AA81-4EF03980B63C}.Development|x86.Deploy.0 = Development|x86
	EndGlobalSection
	GlobalSection(SolutionProperties) = preSolution
		HideSolutionNode = FALSE
	EndGlobalSection
EndGlobal
