
Microsoft Visual Studio Solution File, Format Version 12.00
# Visual Studio 14
VisualStudioVersion = 14.0.25420.1
MinimumVisualStudioVersion = 10.0.40219.1
Project("{6870E480-7721-4708-BFB8-9AE898AA21B3}") = "Julkaisutietopalvelu", "Julkaisutietopalvelu\Julkaisutietopalvelu.smproj", "{8CE414BB-95B2-4C99-9E03-51BA72086E22}"
EndProject
Project("{6870E480-7721-4708-BFB8-9AE898AA21B3}") = "Julkaisutietopalvelu tieteenalat", "Julkaisutietopalvelu tieteenalat\Julkaisutietopalvelu tieteenalat.smproj", "{EB79337D-07CA-44E2-8EB7-345001FDBE1C}"
EndProject
Project("{6870E480-7721-4708-BFB8-9AE898AA21B3}") = "Julkaisutietopalvelu tilanne", "Julkaisutietopalvelu tilanne\Julkaisutietopalvelu tilanne.smproj", "{3E8357F6-C870-4184-81CA-E8BE1A798A6E}"
EndProject
Global
	GlobalSection(SolutionConfigurationPlatforms) = preSolution
		Development|x86 = Development|x86
	EndGlobalSection
	GlobalSection(ProjectConfigurationPlatforms) = postSolution
		{8CE414BB-95B2-4C99-9E03-51BA72086E22}.Development|x86.ActiveCfg = Development|x86
		{8CE414BB-95B2-4C99-9E03-51BA72086E22}.Development|x86.Build.0 = Development|x86
		{8CE414BB-95B2-4C99-9E03-51BA72086E22}.Development|x86.Deploy.0 = Development|x86
		{EB79337D-07CA-44E2-8EB7-345001FDBE1C}.Development|x86.ActiveCfg = Development|x86
		{EB79337D-07CA-44E2-8EB7-345001FDBE1C}.Development|x86.Build.0 = Development|x86
		{EB79337D-07CA-44E2-8EB7-345001FDBE1C}.Development|x86.Deploy.0 = Development|x86
		{3E8357F6-C870-4184-81CA-E8BE1A798A6E}.Development|x86.ActiveCfg = Development|x86
		{3E8357F6-C870-4184-81CA-E8BE1A798A6E}.Development|x86.Build.0 = Development|x86
		{3E8357F6-C870-4184-81CA-E8BE1A798A6E}.Development|x86.Deploy.0 = Development|x86
	EndGlobalSection
	GlobalSection(SolutionProperties) = preSolution
		HideSolutionNode = FALSE
	EndGlobalSection
EndGlobal
