
Microsoft Visual Studio Solution File, Format Version 11.00
# Visual Studio 2010
Project("{6870E480-7721-4708-BFB8-9AE898AA21B3}") = "Indikaattori hakijat paikan vastaanottaneet", "Indikaattori hakijat paikan vastaanottaneet\Indikaattori hakijat paikan vastaanottaneet.smproj", "{2D431671-F3C8-46F1-9ACA-48557AF0E98E}"
EndProject
Global
	GlobalSection(SolutionConfigurationPlatforms) = preSolution
		Development|x86 = Development|x86
	EndGlobalSection
	GlobalSection(ProjectConfigurationPlatforms) = postSolution
		{2D431671-F3C8-46F1-9ACA-48557AF0E98E}.Development|x86.ActiveCfg = Development|x86
		{2D431671-F3C8-46F1-9ACA-48557AF0E98E}.Development|x86.Build.0 = Development|x86
		{2D431671-F3C8-46F1-9ACA-48557AF0E98E}.Development|x86.Deploy.0 = Development|x86
	EndGlobalSection
	GlobalSection(SolutionProperties) = preSolution
		HideSolutionNode = FALSE
	EndGlobalSection
EndGlobal
