
Microsoft Visual Studio Solution File, Format Version 12.00
# Visual Studio 14
VisualStudioVersion = 14.0.25420.1
MinimumVisualStudioVersion = 10.0.40219.1
Project("{6870E480-7721-4708-BFB8-9AE898AA21B3}") = "Latausraportit virheet", "Latausraportit virheet\Latausraportit virheet.smproj", "{8CE414BB-95B2-4C99-9E03-51BA72086E22}"
EndProject
Project("{6870E480-7721-4708-BFB8-9AE898AA21B3}") = "Latausraportit tilanne", "Latausraportit tilanne\Latausraportit tilanne.smproj", "{EECED794-3298-4911-8459-0A63774D1023}"
EndProject
Project("{6870E480-7721-4708-BFB8-9AE898AA21B3}") = "Yhteisjulkaisut ristiriitaiset", "Yhteisjulkaisut ristiriitaiset\Yhteisjulkaisut ristiriitaiset.smproj", "{BDCB051D-E837-4FC7-AAF3-29EAF2314ED5}"
EndProject
Global
	GlobalSection(SolutionConfigurationPlatforms) = preSolution
		Development|x86 = Development|x86
	EndGlobalSection
	GlobalSection(ProjectConfigurationPlatforms) = postSolution
		{8CE414BB-95B2-4C99-9E03-51BA72086E22}.Development|x86.ActiveCfg = Development|x86
		{8CE414BB-95B2-4C99-9E03-51BA72086E22}.Development|x86.Build.0 = Development|x86
		{8CE414BB-95B2-4C99-9E03-51BA72086E22}.Development|x86.Deploy.0 = Development|x86
		{EECED794-3298-4911-8459-0A63774D1023}.Development|x86.ActiveCfg = Development|x86
		{EECED794-3298-4911-8459-0A63774D1023}.Development|x86.Build.0 = Development|x86
		{EECED794-3298-4911-8459-0A63774D1023}.Development|x86.Deploy.0 = Development|x86
		{BDCB051D-E837-4FC7-AAF3-29EAF2314ED5}.Development|x86.ActiveCfg = Development|x86
		{BDCB051D-E837-4FC7-AAF3-29EAF2314ED5}.Development|x86.Build.0 = Development|x86
		{BDCB051D-E837-4FC7-AAF3-29EAF2314ED5}.Development|x86.Deploy.0 = Development|x86
	EndGlobalSection
	GlobalSection(SolutionProperties) = preSolution
		HideSolutionNode = FALSE
	EndGlobalSection
EndGlobal
