
Microsoft Visual Studio Solution File, Format Version 12.00
# Visual Studio 14
VisualStudioVersion = 14.0.25420.1
MinimumVisualStudioVersion = 10.0.40219.1
Project("{6870E480-7721-4708-BFB8-9AE898AA21B3}") = "Ammatillinen koulutus", "Koski ammatillinen opiskelijat ja tutkinnot\Ammatillinen koulutus.smproj", "{8CE414BB-95B2-4C99-9E03-51BA72086E22}"
EndProject
Project("{6870E480-7721-4708-BFB8-9AE898AA21B3}") = "Lukio perus laskentapaiva", "Koski lukio opiskelijat\Koski Lukio perus laskentapaiva\Lukio perus laskentapaiva.smproj", "{1B16CF71-AF44-4994-8428-61BA151B9F74}"
EndProject
Project("{6870E480-7721-4708-BFB8-9AE898AA21B3}") = "Lukio perus opiskelijamaara", "Koski lukio opiskelijat\Koski Lukio perus opiskelijamaara\Lukio perus opiskelijamaara.smproj", "{F0BD4CC8-CCA6-4AD7-8D3D-E6455D4F2FFE}"
EndProject
Project("{6870E480-7721-4708-BFB8-9AE898AA21B3}") = "Lukio opiskelijat netto", "Koski lukio opiskelijat\Lukio opiskelijat netto\Lukio opiskelijat netto.smproj", "{B48A8C19-ABAF-4E2D-A489-AABDC35240B4}"
EndProject
Project("{6870E480-7721-4708-BFB8-9AE898AA21B3}") = "Ammatillinen koulutus opiskelijavuodet", "Koski ammatillinen opiskelijavuodet\Ammatillinen koulutus opiskelijavuodet.smproj", "{3121D5E4-FF82-43AC-98D6-60E733B93609}"
EndProject
Project("{6870E480-7721-4708-BFB8-9AE898AA21B3}") = "Ammatillinen koulutus cultures", "Koski ammatillinen opiskelijat ja tutkinnot cultures\Ammatillinen koulutus cultures.smproj", "{B7FA7DC7-F6D5-4E0D-8B18-AA9078BF209A}"
EndProject
Project("{6870E480-7721-4708-BFB8-9AE898AA21B3}") = "Ammatillinen koulutus opiskelijavuodet cultures", "Koski ammatillinen opiskelijavuodet cultures\Ammatillinen koulutus opiskelijavuodet cultures.smproj", "{DBCD768F-F186-4E5D-AE30-3D16DAE5A737}"
EndProject
Project("{6870E480-7721-4708-BFB8-9AE898AA21B3}") = "Koski Lukio opiskelijamaara cultures", "Koski Lukio opiskelijamaara cultures\Koski Lukio opiskelijamaara cultures.smproj", "{04CE5583-7BD7-41E2-9BA0-7B7622C3080F}"
EndProject
Project("{6870E480-7721-4708-BFB8-9AE898AA21B3}") = "Koski Lukio perus laskentapaiva cultures", "Koski Lukio perus laskentapaiva cultures\Koski Lukio perus laskentapaiva cultures.smproj", "{9AAF5F40-12DA-4243-A9D8-CA6788462646}"
EndProject
Project("{6870E480-7721-4708-BFB8-9AE898AA21B3}") = "Lukio opiskelijat netto cultures", "Lukio opiskelijat netto cultures\Lukio opiskelijat netto cultures.smproj", "{0C072290-492E-4E59-ADE3-67765C16A21F}"
EndProject
Global
	GlobalSection(SolutionConfigurationPlatforms) = preSolution
		Development|x86 = Development|x86
	EndGlobalSection
	GlobalSection(ProjectConfigurationPlatforms) = postSolution
		{8CE414BB-95B2-4C99-9E03-51BA72086E22}.Development|x86.ActiveCfg = Development|x86
		{8CE414BB-95B2-4C99-9E03-51BA72086E22}.Development|x86.Build.0 = Development|x86
		{8CE414BB-95B2-4C99-9E03-51BA72086E22}.Development|x86.Deploy.0 = Development|x86
		{1B16CF71-AF44-4994-8428-61BA151B9F74}.Development|x86.ActiveCfg = Development|x86
		{1B16CF71-AF44-4994-8428-61BA151B9F74}.Development|x86.Build.0 = Development|x86
		{1B16CF71-AF44-4994-8428-61BA151B9F74}.Development|x86.Deploy.0 = Development|x86
		{F0BD4CC8-CCA6-4AD7-8D3D-E6455D4F2FFE}.Development|x86.ActiveCfg = Development|x86
		{F0BD4CC8-CCA6-4AD7-8D3D-E6455D4F2FFE}.Development|x86.Build.0 = Development|x86
		{F0BD4CC8-CCA6-4AD7-8D3D-E6455D4F2FFE}.Development|x86.Deploy.0 = Development|x86
		{B48A8C19-ABAF-4E2D-A489-AABDC35240B4}.Development|x86.ActiveCfg = Development|x86
		{B48A8C19-ABAF-4E2D-A489-AABDC35240B4}.Development|x86.Build.0 = Development|x86
		{B48A8C19-ABAF-4E2D-A489-AABDC35240B4}.Development|x86.Deploy.0 = Development|x86
		{3121D5E4-FF82-43AC-98D6-60E733B93609}.Development|x86.ActiveCfg = Development|x86
		{3121D5E4-FF82-43AC-98D6-60E733B93609}.Development|x86.Build.0 = Development|x86
		{3121D5E4-FF82-43AC-98D6-60E733B93609}.Development|x86.Deploy.0 = Development|x86
		{B7FA7DC7-F6D5-4E0D-8B18-AA9078BF209A}.Development|x86.ActiveCfg = Development|x86
		{B7FA7DC7-F6D5-4E0D-8B18-AA9078BF209A}.Development|x86.Build.0 = Development|x86
		{B7FA7DC7-F6D5-4E0D-8B18-AA9078BF209A}.Development|x86.Deploy.0 = Development|x86
		{DBCD768F-F186-4E5D-AE30-3D16DAE5A737}.Development|x86.ActiveCfg = Development|x86
		{DBCD768F-F186-4E5D-AE30-3D16DAE5A737}.Development|x86.Build.0 = Development|x86
		{DBCD768F-F186-4E5D-AE30-3D16DAE5A737}.Development|x86.Deploy.0 = Development|x86
		{04CE5583-7BD7-41E2-9BA0-7B7622C3080F}.Development|x86.ActiveCfg = Development|x86
		{04CE5583-7BD7-41E2-9BA0-7B7622C3080F}.Development|x86.Build.0 = Development|x86
		{04CE5583-7BD7-41E2-9BA0-7B7622C3080F}.Development|x86.Deploy.0 = Development|x86
		{9AAF5F40-12DA-4243-A9D8-CA6788462646}.Development|x86.ActiveCfg = Development|x86
		{9AAF5F40-12DA-4243-A9D8-CA6788462646}.Development|x86.Build.0 = Development|x86
		{9AAF5F40-12DA-4243-A9D8-CA6788462646}.Development|x86.Deploy.0 = Development|x86
		{0C072290-492E-4E59-ADE3-67765C16A21F}.Development|x86.ActiveCfg = Development|x86
		{0C072290-492E-4E59-ADE3-67765C16A21F}.Development|x86.Build.0 = Development|x86
		{0C072290-492E-4E59-ADE3-67765C16A21F}.Development|x86.Deploy.0 = Development|x86
	EndGlobalSection
	GlobalSection(SolutionProperties) = preSolution
		HideSolutionNode = FALSE
	EndGlobalSection
EndGlobal
