
Microsoft Visual Studio Solution File, Format Version 12.00
# Visual Studio 14
VisualStudioVersion = 14.0.25420.1
MinimumVisualStudioVersion = 10.0.40219.1
Project("{6870E480-7721-4708-BFB8-9AE898AA21B3}") = "OTV korkeakoulut yhteiset", "OTV korkeakoulut yhteiset\OTV korkeakoulut yhteiset.smproj", "{8BDF1EB3-EBE9-44C7-A515-9F2246852B96}"
EndProject
Project("{6870E480-7721-4708-BFB8-9AE898AA21B3}") = "OTV korkeakoulut amk", "OTV korkeakoulut amk\OTV korkeakoulut amk.smproj", "{958D5D59-7014-4831-9609-9A018C0B719F}"
EndProject
Project("{6870E480-7721-4708-BFB8-9AE898AA21B3}") = "OTV korkeakoulut yliopisto", "OTV korkeakoulut yliopisto\OTV korkeakoulut yliopisto.smproj", "{EBC9D370-7D36-4857-96C9-E90A1A65CC46}"
EndProject
Project("{6870E480-7721-4708-BFB8-9AE898AA21B3}") = "OTV korkeakoulut syntypera", "OTV korkeakoulut syntypera\OTV korkeakoulut syntypera.smproj", "{8CE414BB-95B2-4C99-9E03-51BA72086E22}"
EndProject
Global
	GlobalSection(SolutionConfigurationPlatforms) = preSolution
		Development|x86 = Development|x86
	EndGlobalSection
	GlobalSection(ProjectConfigurationPlatforms) = postSolution
		{8BDF1EB3-EBE9-44C7-A515-9F2246852B96}.Development|x86.ActiveCfg = Development|x86
		{8BDF1EB3-EBE9-44C7-A515-9F2246852B96}.Development|x86.Build.0 = Development|x86
		{8BDF1EB3-EBE9-44C7-A515-9F2246852B96}.Development|x86.Deploy.0 = Development|x86
		{958D5D59-7014-4831-9609-9A018C0B719F}.Development|x86.ActiveCfg = Development|x86
		{958D5D59-7014-4831-9609-9A018C0B719F}.Development|x86.Build.0 = Development|x86
		{958D5D59-7014-4831-9609-9A018C0B719F}.Development|x86.Deploy.0 = Development|x86
		{EBC9D370-7D36-4857-96C9-E90A1A65CC46}.Development|x86.ActiveCfg = Development|x86
		{EBC9D370-7D36-4857-96C9-E90A1A65CC46}.Development|x86.Build.0 = Development|x86
		{EBC9D370-7D36-4857-96C9-E90A1A65CC46}.Development|x86.Deploy.0 = Development|x86
		{8CE414BB-95B2-4C99-9E03-51BA72086E22}.Development|x86.ActiveCfg = Development|x86
		{8CE414BB-95B2-4C99-9E03-51BA72086E22}.Development|x86.Build.0 = Development|x86
		{8CE414BB-95B2-4C99-9E03-51BA72086E22}.Development|x86.Deploy.0 = Development|x86
	EndGlobalSection
	GlobalSection(SolutionProperties) = preSolution
		HideSolutionNode = FALSE
	EndGlobalSection
EndGlobal
