
Microsoft Visual Studio Solution File, Format Version 11.00
# Visual Studio 2010
Project("{6870E480-7721-4708-BFB8-9AE898AA21B3}") = "Indikaattorit-opiskelijat suhteessa ikäluokkaan", "Indikaattorit-opiskelijat suhteessa ikäluokkaan\Indikaattorit-opiskelijat suhteessa ikäluokkaan.smproj", "{21955705-0B69-4FF3-9A48-04852681B79E}"
EndProject
Global
	GlobalSection(SolutionConfigurationPlatforms) = preSolution
		Development|x86 = Development|x86
	EndGlobalSection
	GlobalSection(ProjectConfigurationPlatforms) = postSolution
		{21955705-0B69-4FF3-9A48-04852681B79E}.Development|x86.ActiveCfg = Development|x86
		{21955705-0B69-4FF3-9A48-04852681B79E}.Development|x86.Build.0 = Development|x86
		{21955705-0B69-4FF3-9A48-04852681B79E}.Development|x86.Deploy.0 = Development|x86
	EndGlobalSection
	GlobalSection(SolutionProperties) = preSolution
		HideSolutionNode = FALSE
	EndGlobalSection
EndGlobal
