
Microsoft Visual Studio Solution File, Format Version 11.00
# Visual Studio 2010
Project("{6870E480-7721-4708-BFB8-9AE898AA21B3}") = "Korkeakoulujen tutkimus ja kehitys yhteiset", "Korkeakoulujen tutkimus ja kehitys yhteiset\Korkeakoulujen tutkimus ja kehitys yhteiset.smproj", "{CCB57548-C03E-4454-965E-DDD70FB1653B}"
EndProject
Global
	GlobalSection(SolutionConfigurationPlatforms) = preSolution
		Development|x86 = Development|x86
	EndGlobalSection
	GlobalSection(ProjectConfigurationPlatforms) = postSolution
		{CCB57548-C03E-4454-965E-DDD70FB1653B}.Development|x86.ActiveCfg = Development|x86
		{CCB57548-C03E-4454-965E-DDD70FB1653B}.Development|x86.Build.0 = Development|x86
		{CCB57548-C03E-4454-965E-DDD70FB1653B}.Development|x86.Deploy.0 = Development|x86
	EndGlobalSection
	GlobalSection(SolutionProperties) = preSolution
		HideSolutionNode = FALSE
	EndGlobalSection
EndGlobal
