
Microsoft Visual Studio Solution File, Format Version 11.00
# Visual Studio 2010
Project("{6870E480-7721-4708-BFB8-9AE898AA21B3}") = "Ainevalinnat perusopetuksessa", "Ainevalinnat perusopetuksessa\Ainevalinnat perusopetuksessa.smproj", "{58E4E236-1A5B-4AAE-BB45-4F47BCE36330}"
EndProject
Project("{6870E480-7721-4708-BFB8-9AE898AA21B3}") = "Ainevalinnat perusopetuksessa - kielten määrä", "Ainevalinnat perusopetuksessa - kielten määrä\Ainevalinnat perusopetuksessa - kielten määrä.smproj", "{1E96E235-160C-46A2-AF86-2BCD89070AD8}"
EndProject
Global
	GlobalSection(SolutionConfigurationPlatforms) = preSolution
		Development|x86 = Development|x86
	EndGlobalSection
	GlobalSection(ProjectConfigurationPlatforms) = postSolution
		{58E4E236-1A5B-4AAE-BB45-4F47BCE36330}.Development|x86.ActiveCfg = Development|x86
		{58E4E236-1A5B-4AAE-BB45-4F47BCE36330}.Development|x86.Build.0 = Development|x86
		{58E4E236-1A5B-4AAE-BB45-4F47BCE36330}.Development|x86.Deploy.0 = Development|x86
		{1E96E235-160C-46A2-AF86-2BCD89070AD8}.Development|x86.ActiveCfg = Development|x86
		{1E96E235-160C-46A2-AF86-2BCD89070AD8}.Development|x86.Build.0 = Development|x86
		{1E96E235-160C-46A2-AF86-2BCD89070AD8}.Development|x86.Deploy.0 = Development|x86
	EndGlobalSection
	GlobalSection(SolutionProperties) = preSolution
		HideSolutionNode = FALSE
	EndGlobalSection
EndGlobal
