
Microsoft Visual Studio Solution File, Format Version 12.00
# Visual Studio 14
VisualStudioVersion = 14.0.25420.1
MinimumVisualStudioVersion = 10.0.40219.1
Project("{6870E480-7721-4708-BFB8-9AE898AA21B3}") = "Tutkintoon johtamaton koulutus", "Tutkintoon johtamaton koulutus\Tutkintoon johtamaton koulutus.smproj", "{8CE414BB-95B2-4C99-9E03-51BA72086E22}"
EndProject
Project("{6870E480-7721-4708-BFB8-9AE898AA21B3}") = "Vapaan sivistystyön opiskelijaprofiili", "Vapaan sivistystyön opiskelijaprofiili\Vapaan sivistystyön opiskelijaprofiili.smproj", "{4FE4C038-0F41-4D67-8B2F-C13BF4E15150}"
EndProject
Global
	GlobalSection(SolutionConfigurationPlatforms) = preSolution
		Development|x86 = Development|x86
	EndGlobalSection
	GlobalSection(ProjectConfigurationPlatforms) = postSolution
		{8CE414BB-95B2-4C99-9E03-51BA72086E22}.Development|x86.ActiveCfg = Development|x86
		{8CE414BB-95B2-4C99-9E03-51BA72086E22}.Development|x86.Build.0 = Development|x86
		{8CE414BB-95B2-4C99-9E03-51BA72086E22}.Development|x86.Deploy.0 = Development|x86
		{4FE4C038-0F41-4D67-8B2F-C13BF4E15150}.Development|x86.ActiveCfg = Development|x86
		{4FE4C038-0F41-4D67-8B2F-C13BF4E15150}.Development|x86.Build.0 = Development|x86
		{4FE4C038-0F41-4D67-8B2F-C13BF4E15150}.Development|x86.Deploy.0 = Development|x86
	EndGlobalSection
	GlobalSection(SolutionProperties) = preSolution
		HideSolutionNode = FALSE
	EndGlobalSection
EndGlobal
