
Microsoft Visual Studio Solution File, Format Version 11.00
# Visual Studio 2010
Project("{6870E480-7721-4708-BFB8-9AE898AA21B3}") = "Opintopisteet_amk", "Opintopisteet_amk\Opintopisteet_amk.smproj", "{26537396-3802-4995-9055-C3D664CC3A53}"
EndProject
Project("{6870E480-7721-4708-BFB8-9AE898AA21B3}") = "Opintopisteet_yo", "Opintopisteet_yo\Opintopisteet_yo.smproj", "{E65CD8EF-C983-4EBD-8858-00FB50C713FB}"
EndProject
Global
	GlobalSection(SolutionConfigurationPlatforms) = preSolution
		Development|x86 = Development|x86
	EndGlobalSection
	GlobalSection(ProjectConfigurationPlatforms) = postSolution
		{26537396-3802-4995-9055-C3D664CC3A53}.Development|x86.ActiveCfg = Development|x86
		{26537396-3802-4995-9055-C3D664CC3A53}.Development|x86.Build.0 = Development|x86
		{26537396-3802-4995-9055-C3D664CC3A53}.Development|x86.Deploy.0 = Development|x86
		{E65CD8EF-C983-4EBD-8858-00FB50C713FB}.Development|x86.ActiveCfg = Development|x86
		{E65CD8EF-C983-4EBD-8858-00FB50C713FB}.Development|x86.Build.0 = Development|x86
		{E65CD8EF-C983-4EBD-8858-00FB50C713FB}.Development|x86.Deploy.0 = Development|x86
	EndGlobalSection
	GlobalSection(SolutionProperties) = preSolution
		HideSolutionNode = FALSE
	EndGlobalSection
EndGlobal
