
Microsoft Visual Studio Solution File, Format Version 12.00
# Visual Studio 14
VisualStudioVersion = 14.0.25420.1
MinimumVisualStudioVersion = 10.0.40219.1
Project("{6870E480-7721-4708-BFB8-9AE898AA21B3}") = "Vammaistukea saaneet ja vakaan osallistuneet", "Vammaistukea saaneet ja vakaan osallistuneet\Vammaistukea saaneet ja vakaan osallistuneet.smproj", "{6DD5947F-8E25-47EF-BD09-98E6300DE196}"
EndProject
Project("{6870E480-7721-4708-BFB8-9AE898AA21B3}") = "Lapset ja vakaan osallistuneet", "Lapset ja vakaan osallistuneet\Lapset ja vakaan osallistuneet.smproj", "{5A9ACDAE-14AE-42A2-9B0E-AF748656B909}"
EndProject
Global
	GlobalSection(SolutionConfigurationPlatforms) = preSolution
		Development|x86 = Development|x86
	EndGlobalSection
	GlobalSection(ProjectConfigurationPlatforms) = postSolution
		{6DD5947F-8E25-47EF-BD09-98E6300DE196}.Development|x86.ActiveCfg = Development|x86
		{6DD5947F-8E25-47EF-BD09-98E6300DE196}.Development|x86.Build.0 = Development|x86
		{6DD5947F-8E25-47EF-BD09-98E6300DE196}.Development|x86.Deploy.0 = Development|x86
		{5A9ACDAE-14AE-42A2-9B0E-AF748656B909}.Development|x86.ActiveCfg = Development|x86
		{5A9ACDAE-14AE-42A2-9B0E-AF748656B909}.Development|x86.Build.0 = Development|x86
		{5A9ACDAE-14AE-42A2-9B0E-AF748656B909}.Development|x86.Deploy.0 = Development|x86
	EndGlobalSection
	GlobalSection(SolutionProperties) = preSolution
		HideSolutionNode = FALSE
	EndGlobalSection
EndGlobal
