
Microsoft Visual Studio Solution File, Format Version 11.00
# Visual Studio 2010
Project("{6870E480-7721-4708-BFB8-9AE898AA21B3}") = "OTV yhteinen", "OTV yhteinen\OTV yhteinen.smproj", "{08DF5BB7-A89A-4884-B47E-861D0C384FAA}"
EndProject
Project("{6870E480-7721-4708-BFB8-9AE898AA21B3}") = "OTV esi ja perus", "OTV esi ja perus\OTV esi ja perus.smproj", "{7CC06701-47D9-4AC6-BDAD-6F8BF2C55E96}"
EndProject
Project("{6870E480-7721-4708-BFB8-9AE898AA21B3}") = "OTV toinen aste", "OTV toinen aste\OTV toinen aste.smproj", "{A5E2E28B-BE71-4FF1-B4E8-334EF9ECC2FC}"
EndProject
Global
	GlobalSection(SolutionConfigurationPlatforms) = preSolution
		Development|x86 = Development|x86
	EndGlobalSection
	GlobalSection(ProjectConfigurationPlatforms) = postSolution
		{08DF5BB7-A89A-4884-B47E-861D0C384FAA}.Development|x86.ActiveCfg = Development|x86
		{08DF5BB7-A89A-4884-B47E-861D0C384FAA}.Development|x86.Build.0 = Development|x86
		{08DF5BB7-A89A-4884-B47E-861D0C384FAA}.Development|x86.Deploy.0 = Development|x86
		{7CC06701-47D9-4AC6-BDAD-6F8BF2C55E96}.Development|x86.ActiveCfg = Development|x86
		{7CC06701-47D9-4AC6-BDAD-6F8BF2C55E96}.Development|x86.Build.0 = Development|x86
		{7CC06701-47D9-4AC6-BDAD-6F8BF2C55E96}.Development|x86.Deploy.0 = Development|x86
		{A5E2E28B-BE71-4FF1-B4E8-334EF9ECC2FC}.Development|x86.ActiveCfg = Development|x86
		{A5E2E28B-BE71-4FF1-B4E8-334EF9ECC2FC}.Development|x86.Build.0 = Development|x86
		{A5E2E28B-BE71-4FF1-B4E8-334EF9ECC2FC}.Development|x86.Deploy.0 = Development|x86
	EndGlobalSection
	GlobalSection(SolutionProperties) = preSolution
		HideSolutionNode = FALSE
	EndGlobalSection
EndGlobal
