
Microsoft Visual Studio Solution File, Format Version 12.00
# Visual Studio 14
VisualStudioVersion = 14.0.25420.1
MinimumVisualStudioVersion = 10.0.40219.1
Project("{6870E480-7721-4708-BFB8-9AE898AA21B3}") = "AMOS suoritepaatokset", "AMOS suoritepaatokset.smproj", "{4A0D94AD-F639-43E3-9F05-5D224297D752}"
EndProject
Global
	GlobalSection(SolutionConfigurationPlatforms) = preSolution
		Development|x86 = Development|x86
	EndGlobalSection
	GlobalSection(ProjectConfigurationPlatforms) = postSolution
		{4A0D94AD-F639-43E3-9F05-5D224297D752}.Development|x86.ActiveCfg = Development|x86
		{4A0D94AD-F639-43E3-9F05-5D224297D752}.Development|x86.Build.0 = Development|x86
		{4A0D94AD-F639-43E3-9F05-5D224297D752}.Development|x86.Deploy.0 = Development|x86
	EndGlobalSection
	GlobalSection(SolutionProperties) = preSolution
		HideSolutionNode = FALSE
	EndGlobalSection
EndGlobal
