
Microsoft Visual Studio Solution File, Format Version 11.00
# Visual Studio 2010
Project("{6870E480-7721-4708-BFB8-9AE898AA21B3}") = "Moninkertainen haku korkeakoulut", "Moninkertainen haku yhteiset\Moninkertainen haku korkeakoulut.smproj", "{A8B904A9-8885-44CF-9382-9217B90774D5}"
EndProject
Project("{6870E480-7721-4708-BFB8-9AE898AA21B3}") = "Moninkertainen haku toinen aste", "Moninkertainen haku toinen aste\Moninkertainen haku toinen aste.smproj", "{3E93565A-1B2B-4BF4-97FC-A4500F82B79D}"
EndProject
Global
	GlobalSection(SolutionConfigurationPlatforms) = preSolution
		Development|x86 = Development|x86
	EndGlobalSection
	GlobalSection(ProjectConfigurationPlatforms) = postSolution
		{A8B904A9-8885-44CF-9382-9217B90774D5}.Development|x86.ActiveCfg = Development|x86
		{A8B904A9-8885-44CF-9382-9217B90774D5}.Development|x86.Build.0 = Development|x86
		{A8B904A9-8885-44CF-9382-9217B90774D5}.Development|x86.Deploy.0 = Development|x86
		{3E93565A-1B2B-4BF4-97FC-A4500F82B79D}.Development|x86.ActiveCfg = Development|x86
		{3E93565A-1B2B-4BF4-97FC-A4500F82B79D}.Development|x86.Build.0 = Development|x86
		{3E93565A-1B2B-4BF4-97FC-A4500F82B79D}.Development|x86.Deploy.0 = Development|x86
	EndGlobalSection
	GlobalSection(SolutionProperties) = preSolution
		HideSolutionNode = FALSE
	EndGlobalSection
EndGlobal
