
Microsoft Visual Studio Solution File, Format Version 12.00
# Visual Studio Version 17
VisualStudioVersion = 17.12.35514.174
MinimumVisualStudioVersion = 10.0.40219.1
Project("{6870E480-7721-4708-BFB8-9AE898AA21B3}") = "Koski lukio ainevalinnat suorittaneet", "Koski lukio ainevalinnat suorittaneet\Koski lukio ainevalinnat suorittaneet.smproj", "{8CE414BB-95B2-4C99-9E03-51BA72086E22}"
EndProject
Project("{6870E480-7721-4708-BFB8-9AE898AA21B3}") = "Koski lukio ainevalinnat kurssit", "Koski lukio ainevalinnat kurssit\Koski lukio ainevalinnat kurssit.smproj", "{C45AC6F9-5453-4C1B-9BF8-39666363624A}"
EndProject
Project("{6870E480-7721-4708-BFB8-9AE898AA21B3}") = "Koski lukio ainevalinnat suorittaneet arvosanat", "Koski lukio ainevalinnat suorittaneet arvosanat\Koski lukio ainevalinnat suorittaneet arvosanat.smproj", "{5CFD965D-7D62-412F-BBFE-928EA11F7ABE}"
EndProject
Project("{6870E480-7721-4708-BFB8-9AE898AA21B3}") = "Koski lukio ainevalinnat suorittaneet cultures", "Koski lukio ainevalinnat suorittaneet cultures\Koski lukio ainevalinnat suorittaneet cultures.smproj", "{E26927D0-6A25-4708-9633-E7F4786AB0E2}"
EndProject
Project("{6870E480-7721-4708-BFB8-9AE898AA21B3}") = "Koski lukio ainevalinnat suorittaneet arvosanat cultures", "Koski lukio ainevalinnat suorittaneet arvosanat cultures\Koski lukio ainevalinnat suorittaneet arvosanat cultures.smproj", "{C38436BF-AFDF-4825-A4EC-86C94D234E5D}"
EndProject
Project("{6870E480-7721-4708-BFB8-9AE898AA21B3}") = "Koski lukio ainevalinnat kurssit cultures", "Koski lukio ainevalinnat kurssit cultures\Koski lukio ainevalinnat kurssit cultures.smproj", "{40F8F8E4-6CCA-4D57-A238-36D32A86280D}"
EndProject
Global
	GlobalSection(SolutionConfigurationPlatforms) = preSolution
		Development|x86 = Development|x86
	EndGlobalSection
	GlobalSection(ProjectConfigurationPlatforms) = postSolution
		{8CE414BB-95B2-4C99-9E03-51BA72086E22}.Development|x86.ActiveCfg = Development|x86
		{8CE414BB-95B2-4C99-9E03-51BA72086E22}.Development|x86.Build.0 = Development|x86
		{8CE414BB-95B2-4C99-9E03-51BA72086E22}.Development|x86.Deploy.0 = Development|x86
		{C45AC6F9-5453-4C1B-9BF8-39666363624A}.Development|x86.ActiveCfg = Development|x86
		{C45AC6F9-5453-4C1B-9BF8-39666363624A}.Development|x86.Build.0 = Development|x86
		{C45AC6F9-5453-4C1B-9BF8-39666363624A}.Development|x86.Deploy.0 = Development|x86
		{5CFD965D-7D62-412F-BBFE-928EA11F7ABE}.Development|x86.ActiveCfg = Development|x86
		{5CFD965D-7D62-412F-BBFE-928EA11F7ABE}.Development|x86.Build.0 = Development|x86
		{5CFD965D-7D62-412F-BBFE-928EA11F7ABE}.Development|x86.Deploy.0 = Development|x86
		{E26927D0-6A25-4708-9633-E7F4786AB0E2}.Development|x86.ActiveCfg = Development|x86
		{E26927D0-6A25-4708-9633-E7F4786AB0E2}.Development|x86.Build.0 = Development|x86
		{E26927D0-6A25-4708-9633-E7F4786AB0E2}.Development|x86.Deploy.0 = Development|x86
		{C38436BF-AFDF-4825-A4EC-86C94D234E5D}.Development|x86.ActiveCfg = Development|x86
		{C38436BF-AFDF-4825-A4EC-86C94D234E5D}.Development|x86.Build.0 = Development|x86
		{C38436BF-AFDF-4825-A4EC-86C94D234E5D}.Development|x86.Deploy.0 = Development|x86
		{40F8F8E4-6CCA-4D57-A238-36D32A86280D}.Development|x86.ActiveCfg = Development|x86
		{40F8F8E4-6CCA-4D57-A238-36D32A86280D}.Development|x86.Build.0 = Development|x86
		{40F8F8E4-6CCA-4D57-A238-36D32A86280D}.Development|x86.Deploy.0 = Development|x86
	EndGlobalSection
	GlobalSection(SolutionProperties) = preSolution
		HideSolutionNode = FALSE
	EndGlobalSection
EndGlobal
