
Microsoft Visual Studio Solution File, Format Version 11.00
# Visual Studio 2010
Project("{6870E480-7721-4708-BFB8-9AE898AA21B3}") = "Indikaattorit Kunta_liikkuvuus", "Indikaattorit Kunta_liikkuvuus\Indikaattorit Kunta_liikkuvuus.smproj", "{58AA3667-C9A7-4CAA-B29E-5818980E5825}"
EndProject
Global
	GlobalSection(SolutionConfigurationPlatforms) = preSolution
		Development|x86 = Development|x86
	EndGlobalSection
	GlobalSection(ProjectConfigurationPlatforms) = postSolution
		{58AA3667-C9A7-4CAA-B29E-5818980E5825}.Development|x86.ActiveCfg = Development|x86
		{58AA3667-C9A7-4CAA-B29E-5818980E5825}.Development|x86.Build.0 = Development|x86
		{58AA3667-C9A7-4CAA-B29E-5818980E5825}.Development|x86.Deploy.0 = Development|x86
	EndGlobalSection
	GlobalSection(SolutionProperties) = preSolution
		HideSolutionNode = FALSE
	EndGlobalSection
EndGlobal
