
Microsoft Visual Studio Solution File, Format Version 12.00
# Visual Studio 14
VisualStudioVersion = 14.0.25420.1
MinimumVisualStudioVersion = 10.0.40219.1
Project("{6870E480-7721-4708-BFB8-9AE898AA21B3}") = "AMOS opiskelijavuodet jäädytys", "AMOS opiskelijavuodet jäädytys\AMOS opiskelijavuodet jäädytys.smproj", "{8CE414BB-95B2-4C99-9E03-51BA72086E22}"
EndProject
Project("{6870E480-7721-4708-BFB8-9AE898AA21B3}") = "AMOS tutkinnot ja tutkinnonosat jäädytys", "AMOS tutkinnot ja tutkinnonosat jäädytys\AMOS tutkinnot ja tutkinnonosat jäädytys.smproj", "{49C1EE8D-6780-48E2-9423-839C71619B7D}"
EndProject
Project("{6870E480-7721-4708-BFB8-9AE898AA21B3}") = "AMOS vaikuttavuus jäädytys", "AMOS vaikuttavuus jäädytys\AMOS vaikuttavuus jäädytys.smproj", "{3838213D-A505-454A-8ACC-04BA05420D63}"
EndProject
Project("{6870E480-7721-4708-BFB8-9AE898AA21B3}") = "AMOS vaikuttavuus maakunnat jäädytys", "AMOS vaikuttavuus maakunnat jäädytys\AMOS vaikuttavuus maakunnat jäädytys.smproj", "{B2B5E996-2F79-4AF6-8535-C6074E91F427}"
EndProject
Project("{6870E480-7721-4708-BFB8-9AE898AA21B3}") = "ARVO amis jäädytys", "AMOS arvo jäädytys\ARVO amis jäädytys.smproj", "{D7E37779-3F1C-4D76-8B9E-AB2719366AC8}"
EndProject
Global
	GlobalSection(SolutionConfigurationPlatforms) = preSolution
		Development|x86 = Development|x86
	EndGlobalSection
	GlobalSection(ProjectConfigurationPlatforms) = postSolution
		{8CE414BB-95B2-4C99-9E03-51BA72086E22}.Development|x86.ActiveCfg = Development|x86
		{8CE414BB-95B2-4C99-9E03-51BA72086E22}.Development|x86.Build.0 = Development|x86
		{8CE414BB-95B2-4C99-9E03-51BA72086E22}.Development|x86.Deploy.0 = Development|x86
		{49C1EE8D-6780-48E2-9423-839C71619B7D}.Development|x86.ActiveCfg = Development|x86
		{49C1EE8D-6780-48E2-9423-839C71619B7D}.Development|x86.Build.0 = Development|x86
		{49C1EE8D-6780-48E2-9423-839C71619B7D}.Development|x86.Deploy.0 = Development|x86
		{3838213D-A505-454A-8ACC-04BA05420D63}.Development|x86.ActiveCfg = Development|x86
		{3838213D-A505-454A-8ACC-04BA05420D63}.Development|x86.Build.0 = Development|x86
		{3838213D-A505-454A-8ACC-04BA05420D63}.Development|x86.Deploy.0 = Development|x86
		{B2B5E996-2F79-4AF6-8535-C6074E91F427}.Development|x86.ActiveCfg = Development|x86
		{B2B5E996-2F79-4AF6-8535-C6074E91F427}.Development|x86.Build.0 = Development|x86
		{B2B5E996-2F79-4AF6-8535-C6074E91F427}.Development|x86.Deploy.0 = Development|x86
		{D7E37779-3F1C-4D76-8B9E-AB2719366AC8}.Development|x86.ActiveCfg = Development|x86
		{D7E37779-3F1C-4D76-8B9E-AB2719366AC8}.Development|x86.Build.0 = Development|x86
		{D7E37779-3F1C-4D76-8B9E-AB2719366AC8}.Development|x86.Deploy.0 = Development|x86
	EndGlobalSection
	GlobalSection(SolutionProperties) = preSolution
		HideSolutionNode = FALSE
	EndGlobalSection
EndGlobal
