
Microsoft Visual Studio Solution File, Format Version 12.00
# Visual Studio Version 17
VisualStudioVersion = 17.12.35514.174
MinimumVisualStudioVersion = 10.0.40219.1
Project("{6870E480-7721-4708-BFB8-9AE898AA21B3}") = "AMOS opiskelijavuodet jäädytys", "AMOS opiskelijavuodet jäädytys\AMOS opiskelijavuodet jäädytys.smproj", "{8CE414BB-95B2-4C99-9E03-51BA72086E22}"
EndProject
Project("{6870E480-7721-4708-BFB8-9AE898AA21B3}") = "AMOS tutkinnot ja tutkinnonosat jäädytys", "AMOS tutkinnot ja tutkinnonosat jäädytys\AMOS tutkinnot ja tutkinnonosat jäädytys.smproj", "{49C1EE8D-6780-48E2-9423-839C71619B7D}"
EndProject
Project("{6870E480-7721-4708-BFB8-9AE898AA21B3}") = "AMOS vaikuttavuus jäädytys", "AMOS vaikuttavuus jäädytys\AMOS vaikuttavuus jäädytys.smproj", "{3838213D-A505-454A-8ACC-04BA05420D63}"
EndProject
Project("{6870E480-7721-4708-BFB8-9AE898AA21B3}") = "AMOS vaikuttavuus maakunnat jäädytys", "AMOS vaikuttavuus maakunnat jäädytys\AMOS vaikuttavuus maakunnat jäädytys.smproj", "{B2B5E996-2F79-4AF6-8535-C6074E91F427}"
EndProject
Project("{6870E480-7721-4708-BFB8-9AE898AA21B3}") = "ARVO amis jäädytys", "AMOS arvo jäädytys\ARVO amis jäädytys.smproj", "{D7E37779-3F1C-4D76-8B9E-AB2719366AC8}"
EndProject
Project("{6870E480-7721-4708-BFB8-9AE898AA21B3}") = "AMOS opiskelijapalaute jäädytys", "AMOS opiskelijapalaute jäädytys\AMOS opiskelijapalaute jäädytys.smproj", "{04FE105A-FC69-4E52-9EB5-D0F4974559C5}"
EndProject
Project("{6870E480-7721-4708-BFB8-9AE898AA21B3}") = "AMOS nettoopiskelijat cultures jaadytys", "AMOS nettoopiskelijat cultures jaadytys\AMOS nettoopiskelijat cultures jaadytys.smproj", "{B7FA7DC7-F6D5-4E0D-8B18-AA9078BF209A}"
EndProject
Project("{6870E480-7721-4708-BFB8-9AE898AA21B3}") = "AMOS tyoelamapalaute jaadytys", "AMOS tyoelamapalaute jaadytys\AMOS tyoelamapalaute jaadytys.smproj", "{81A7827E-5E5D-432C-BF12-CF9C62AE11AC}"
EndProject
Project("{6870E480-7721-4708-BFB8-9AE898AA21B3}") = "AMOS koonti jaadytys", "AMOS koonti jaadytys\AMOS koonti jaadytys.smproj", "{A924AE80-74ED-4AD2-BBDD-DC02B9B91B38}"
EndProject
Project("{6870E480-7721-4708-BFB8-9AE898AA21B3}") = "AMOS opiskelijavuodet uusi jaadytys", "AMOS opiskelijavuodet uusi jaadytys\AMOS opiskelijavuodet uusi jaadytys.smproj", "{3537BAC4-4667-4E47-BB3D-4CD9607BA148}"
EndProject
Project("{6870E480-7721-4708-BFB8-9AE898AA21B3}") = "AMOS tutkinnot ja tutkinnonosat uusi jaadytys", "AMOS tutkinnot ja tutkinnonosat uusi jaadytys\AMOS tutkinnot ja tutkinnonosat uusi jaadytys.smproj", "{DD1A8123-E747-4992-BFE8-96ABAD76D637}"
EndProject
Project("{6870E480-7721-4708-BFB8-9AE898AA21B3}") = "AMOS palautteet koonti jaadytys", "AMOS palautteet koonti jaadytys\AMOS palautteet koonti jaadytys.smproj", "{DD580FCC-43A3-4ED5-A893-53CB771B1091}"
EndProject
Global
	GlobalSection(SolutionConfigurationPlatforms) = preSolution
		Development|x86 = Development|x86
	EndGlobalSection
	GlobalSection(ProjectConfigurationPlatforms) = postSolution
		{8CE414BB-95B2-4C99-9E03-51BA72086E22}.Development|x86.ActiveCfg = Development|x86
		{8CE414BB-95B2-4C99-9E03-51BA72086E22}.Development|x86.Build.0 = Development|x86
		{8CE414BB-95B2-4C99-9E03-51BA72086E22}.Development|x86.Deploy.0 = Development|x86
		{49C1EE8D-6780-48E2-9423-839C71619B7D}.Development|x86.ActiveCfg = Development|x86
		{49C1EE8D-6780-48E2-9423-839C71619B7D}.Development|x86.Build.0 = Development|x86
		{49C1EE8D-6780-48E2-9423-839C71619B7D}.Development|x86.Deploy.0 = Development|x86
		{3838213D-A505-454A-8ACC-04BA05420D63}.Development|x86.ActiveCfg = Development|x86
		{3838213D-A505-454A-8ACC-04BA05420D63}.Development|x86.Build.0 = Development|x86
		{3838213D-A505-454A-8ACC-04BA05420D63}.Development|x86.Deploy.0 = Development|x86
		{B2B5E996-2F79-4AF6-8535-C6074E91F427}.Development|x86.ActiveCfg = Development|x86
		{B2B5E996-2F79-4AF6-8535-C6074E91F427}.Development|x86.Build.0 = Development|x86
		{B2B5E996-2F79-4AF6-8535-C6074E91F427}.Development|x86.Deploy.0 = Development|x86
		{D7E37779-3F1C-4D76-8B9E-AB2719366AC8}.Development|x86.ActiveCfg = Development|x86
		{D7E37779-3F1C-4D76-8B9E-AB2719366AC8}.Development|x86.Build.0 = Development|x86
		{D7E37779-3F1C-4D76-8B9E-AB2719366AC8}.Development|x86.Deploy.0 = Development|x86
		{04FE105A-FC69-4E52-9EB5-D0F4974559C5}.Development|x86.ActiveCfg = Development|x86
		{04FE105A-FC69-4E52-9EB5-D0F4974559C5}.Development|x86.Build.0 = Development|x86
		{04FE105A-FC69-4E52-9EB5-D0F4974559C5}.Development|x86.Deploy.0 = Development|x86
		{B7FA7DC7-F6D5-4E0D-8B18-AA9078BF209A}.Development|x86.ActiveCfg = Development|x86
		{B7FA7DC7-F6D5-4E0D-8B18-AA9078BF209A}.Development|x86.Build.0 = Development|x86
		{B7FA7DC7-F6D5-4E0D-8B18-AA9078BF209A}.Development|x86.Deploy.0 = Development|x86
		{81A7827E-5E5D-432C-BF12-CF9C62AE11AC}.Development|x86.ActiveCfg = Development|x86
		{81A7827E-5E5D-432C-BF12-CF9C62AE11AC}.Development|x86.Build.0 = Development|x86
		{81A7827E-5E5D-432C-BF12-CF9C62AE11AC}.Development|x86.Deploy.0 = Development|x86
		{A924AE80-74ED-4AD2-BBDD-DC02B9B91B38}.Development|x86.ActiveCfg = Development|x86
		{A924AE80-74ED-4AD2-BBDD-DC02B9B91B38}.Development|x86.Build.0 = Development|x86
		{A924AE80-74ED-4AD2-BBDD-DC02B9B91B38}.Development|x86.Deploy.0 = Development|x86
		{3537BAC4-4667-4E47-BB3D-4CD9607BA148}.Development|x86.ActiveCfg = Development|x86
		{3537BAC4-4667-4E47-BB3D-4CD9607BA148}.Development|x86.Build.0 = Development|x86
		{3537BAC4-4667-4E47-BB3D-4CD9607BA148}.Development|x86.Deploy.0 = Development|x86
		{DD1A8123-E747-4992-BFE8-96ABAD76D637}.Development|x86.ActiveCfg = Development|x86
		{DD1A8123-E747-4992-BFE8-96ABAD76D637}.Development|x86.Build.0 = Development|x86
		{DD1A8123-E747-4992-BFE8-96ABAD76D637}.Development|x86.Deploy.0 = Development|x86
		{DD580FCC-43A3-4ED5-A893-53CB771B1091}.Development|x86.ActiveCfg = Development|x86
		{DD580FCC-43A3-4ED5-A893-53CB771B1091}.Development|x86.Build.0 = Development|x86
		{DD580FCC-43A3-4ED5-A893-53CB771B1091}.Development|x86.Deploy.0 = Development|x86
	EndGlobalSection
	GlobalSection(SolutionProperties) = preSolution
		HideSolutionNode = FALSE
	EndGlobalSection
EndGlobal
