
Microsoft Visual Studio Solution File, Format Version 11.00
# Visual Studio 2010
Project("{6870E480-7721-4708-BFB8-9AE898AA21B3}") = "Ulkomaalaiset opiskelijat yhteiset", "Ulkomaalaiset opiskelijat yhteiset\Ulkomaalaiset opiskelijat yhteiset.smproj", "{D1869C73-AB59-4ED0-B699-189A2A792096}"
EndProject
Project("{6870E480-7721-4708-BFB8-9AE898AA21B3}") = "Ulkomaalaiset opiskelijat amk", "Ulkomaalaiset opiskelijat amk\Ulkomaalaiset opiskelijat amk.smproj", "{C6301E7B-AC10-444F-8C43-3370EAD505D8}"
EndProject
Project("{6870E480-7721-4708-BFB8-9AE898AA21B3}") = "Ulkomaalaiset opiskelijat ammatillinen", "Ulkomaalaiset opiskelijat ammatillinen\Ulkomaalaiset opiskelijat ammatillinen.smproj", "{6ED13BA7-B258-4DB1-B4AE-7FFBC252BA06}"
EndProject
Project("{6870E480-7721-4708-BFB8-9AE898AA21B3}") = "Ulkomaalaiset opiskelijat lukio", "Ulkomaalaiset opiskelijat lukio\Ulkomaalaiset opiskelijat lukio.smproj", "{89B085A9-C8E7-401D-A00E-5E5990E4ED80}"
EndProject
Project("{6870E480-7721-4708-BFB8-9AE898AA21B3}") = "Ulkomaalaiset opiskelijat yliopisto", "Ulkomaalaiset opiskelijat yliopisto\Ulkomaalaiset opiskelijat yliopisto.smproj", "{7B20D338-5620-4B0C-8C03-8FC28DFDAA34}"
EndProject
Global
	GlobalSection(SolutionConfigurationPlatforms) = preSolution
		Development|x86 = Development|x86
	EndGlobalSection
	GlobalSection(ProjectConfigurationPlatforms) = postSolution
		{D1869C73-AB59-4ED0-B699-189A2A792096}.Development|x86.ActiveCfg = Development|x86
		{D1869C73-AB59-4ED0-B699-189A2A792096}.Development|x86.Build.0 = Development|x86
		{D1869C73-AB59-4ED0-B699-189A2A792096}.Development|x86.Deploy.0 = Development|x86
		{C6301E7B-AC10-444F-8C43-3370EAD505D8}.Development|x86.ActiveCfg = Development|x86
		{C6301E7B-AC10-444F-8C43-3370EAD505D8}.Development|x86.Build.0 = Development|x86
		{C6301E7B-AC10-444F-8C43-3370EAD505D8}.Development|x86.Deploy.0 = Development|x86
		{6ED13BA7-B258-4DB1-B4AE-7FFBC252BA06}.Development|x86.ActiveCfg = Development|x86
		{6ED13BA7-B258-4DB1-B4AE-7FFBC252BA06}.Development|x86.Build.0 = Development|x86
		{6ED13BA7-B258-4DB1-B4AE-7FFBC252BA06}.Development|x86.Deploy.0 = Development|x86
		{89B085A9-C8E7-401D-A00E-5E5990E4ED80}.Development|x86.ActiveCfg = Development|x86
		{89B085A9-C8E7-401D-A00E-5E5990E4ED80}.Development|x86.Build.0 = Development|x86
		{89B085A9-C8E7-401D-A00E-5E5990E4ED80}.Development|x86.Deploy.0 = Development|x86
		{7B20D338-5620-4B0C-8C03-8FC28DFDAA34}.Development|x86.ActiveCfg = Development|x86
		{7B20D338-5620-4B0C-8C03-8FC28DFDAA34}.Development|x86.Build.0 = Development|x86
		{7B20D338-5620-4B0C-8C03-8FC28DFDAA34}.Development|x86.Deploy.0 = Development|x86
	EndGlobalSection
	GlobalSection(SolutionProperties) = preSolution
		HideSolutionNode = FALSE
	EndGlobalSection
EndGlobal
