
Microsoft Visual Studio Solution File, Format Version 11.00
# Visual Studio 2010
Project("{6870E480-7721-4708-BFB8-9AE898AA21B3}") = "Yli 15-vuotiaat koulutuksen ym mukaan", "Yli 15-vuotiaat koulutuksen ym mukaan\Yli 15-vuotiaat koulutuksen ym mukaan.smproj", "{BFB8624A-E472-444C-9E9C-641A0E93D5A1}"
EndProject
Global
	GlobalSection(SolutionConfigurationPlatforms) = preSolution
		Development|x86 = Development|x86
	EndGlobalSection
	GlobalSection(ProjectConfigurationPlatforms) = postSolution
		{BFB8624A-E472-444C-9E9C-641A0E93D5A1}.Development|x86.ActiveCfg = Development|x86
		{BFB8624A-E472-444C-9E9C-641A0E93D5A1}.Development|x86.Build.0 = Development|x86
		{BFB8624A-E472-444C-9E9C-641A0E93D5A1}.Development|x86.Deploy.0 = Development|x86
	EndGlobalSection
	GlobalSection(SolutionProperties) = preSolution
		HideSolutionNode = FALSE
	EndGlobalSection
EndGlobal
