
Microsoft Visual Studio Solution File, Format Version 11.00
# Visual Studio 2010
Project("{159641D6-6404-4A2A-AE62-294DE0FE8301}") = "Vipunen-TK_SSIS", "Vipunen-TK_SSIS.dtproj", "{1D61BB99-DD8F-4733-8EC2-FF3BE2D94F72}"
EndProject
Global
	GlobalSection(SolutionConfigurationPlatforms) = preSolution
		Development|Default = Development|Default
	EndGlobalSection
	GlobalSection(ProjectConfigurationPlatforms) = postSolution
		{1D61BB99-DD8F-4733-8EC2-FF3BE2D94F72}.Development|Default.ActiveCfg = Development
		{1D61BB99-DD8F-4733-8EC2-FF3BE2D94F72}.Development|Default.Build.0 = Development
	EndGlobalSection
	GlobalSection(SolutionProperties) = preSolution
		HideSolutionNode = FALSE
	EndGlobalSection
	GlobalSection(TeamFoundationVersionControl) = preSolution
		SccNumberOfProjects = 1
		SccEnterpriseProvider = {4CA58AB2-18FA-4F8D-95D4-32DDF27D184C}
		SccTeamFoundationServer = http://xdwdev1tfs:8080/
		SccProjectUniqueName0 = Vipunen-TK_SSIS.dtproj
		SccProjectName0 = .
		SccAuxPath0 = http://xdwdev1tfs:8080
		SccLocalPath0 = .
		SccProvider0 = {4CA58AB2-18FA-4F8D-95D4-32DDF27D184C}
	EndGlobalSection
EndGlobal
