
Microsoft Visual Studio Solution File, Format Version 12.00
# Visual Studio 14
VisualStudioVersion = 14.0.25420.1
MinimumVisualStudioVersion = 10.0.40219.1
Project("{6870E480-7721-4708-BFB8-9AE898AA21B3}") = "Varda Varhaiskasvatustiedot", "Varda Varhaiskasvatustiedot\Varda Varhaiskasvatustiedot.smproj", "{8CE414BB-95B2-4C99-9E03-51BA72086E22}"
EndProject
Project("{6870E480-7721-4708-BFB8-9AE898AA21B3}") = "Varda Varhaiskasvatustoimijat", "Varda Varhaiskasvatustoimijat\Varda Varhaiskasvatustoimijat.smproj", "{C83D6D73-9C89-4777-8CF1-D339B447D897}"
EndProject
Project("{6870E480-7721-4708-BFB8-9AE898AA21B3}") = "Varda Toimipaikat Järjestämismuodot", "Varda Toimipaikat Järjestämismuodot\Varda Toimipaikat Järjestämismuodot.smproj", "{0F6F412E-9AA2-40BF-BA45-96A2CFB10809}"
EndProject
Project("{6870E480-7721-4708-BFB8-9AE898AA21B3}") = "Varda Toimipaikat Kielipainotukset", "Varda Toimipaikat Kielipainotukset\Varda Toimipaikat Kielipainotukset.smproj", "{E5EA70E8-4968-4129-ADE9-C7E03F9F302B}"
EndProject
Project("{6870E480-7721-4708-BFB8-9AE898AA21B3}") = "Varda Toimipaikat Toiminnallisetpainotukset", "Varda Toimipaikat Toiminnallisetpainotukset\Varda Toimipaikat Toiminnallisetpainotukset.smproj", "{DB91A9A7-96E6-466C-ABB5-0D9394D3127C}"
EndProject
Global
	GlobalSection(SolutionConfigurationPlatforms) = preSolution
		Development|x86 = Development|x86
	EndGlobalSection
	GlobalSection(ProjectConfigurationPlatforms) = postSolution
		{8CE414BB-95B2-4C99-9E03-51BA72086E22}.Development|x86.ActiveCfg = Development|x86
		{8CE414BB-95B2-4C99-9E03-51BA72086E22}.Development|x86.Build.0 = Development|x86
		{8CE414BB-95B2-4C99-9E03-51BA72086E22}.Development|x86.Deploy.0 = Development|x86
		{C83D6D73-9C89-4777-8CF1-D339B447D897}.Development|x86.ActiveCfg = Development|x86
		{C83D6D73-9C89-4777-8CF1-D339B447D897}.Development|x86.Build.0 = Development|x86
		{C83D6D73-9C89-4777-8CF1-D339B447D897}.Development|x86.Deploy.0 = Development|x86
		{0F6F412E-9AA2-40BF-BA45-96A2CFB10809}.Development|x86.ActiveCfg = Development|x86
		{0F6F412E-9AA2-40BF-BA45-96A2CFB10809}.Development|x86.Build.0 = Development|x86
		{0F6F412E-9AA2-40BF-BA45-96A2CFB10809}.Development|x86.Deploy.0 = Development|x86
		{E5EA70E8-4968-4129-ADE9-C7E03F9F302B}.Development|x86.ActiveCfg = Development|x86
		{E5EA70E8-4968-4129-ADE9-C7E03F9F302B}.Development|x86.Build.0 = Development|x86
		{E5EA70E8-4968-4129-ADE9-C7E03F9F302B}.Development|x86.Deploy.0 = Development|x86
		{DB91A9A7-96E6-466C-ABB5-0D9394D3127C}.Development|x86.ActiveCfg = Development|x86
		{DB91A9A7-96E6-466C-ABB5-0D9394D3127C}.Development|x86.Build.0 = Development|x86
		{DB91A9A7-96E6-466C-ABB5-0D9394D3127C}.Development|x86.Deploy.0 = Development|x86
	EndGlobalSection
	GlobalSection(SolutionProperties) = preSolution
		HideSolutionNode = FALSE
	EndGlobalSection
EndGlobal
