
Microsoft Visual Studio Solution File, Format Version 12.00
# Visual Studio 14
VisualStudioVersion = 14.0.25420.1
MinimumVisualStudioVersion = 10.0.40219.1
Project("{6870E480-7721-4708-BFB8-9AE898AA21B3}") = "Varda Varhaiskasvatustoimijat", "Varda Varhaiskasvatustoimijat\Varda Varhaiskasvatustoimijat.smproj", "{C83D6D73-9C89-4777-8CF1-D339B447D897}"
EndProject
Project("{6870E480-7721-4708-BFB8-9AE898AA21B3}") = "Varda Varhaiskasvatustiedot cultures", "Varda Varhaiskasvatustiedot cultures\Varda Varhaiskasvatustiedot cultures.smproj", "{51EC1E3F-C5EA-4287-9AEC-EB65F48353F5}"
EndProject
Global
	GlobalSection(SolutionConfigurationPlatforms) = preSolution
		Development|x86 = Development|x86
	EndGlobalSection
	GlobalSection(ProjectConfigurationPlatforms) = postSolution
		{C83D6D73-9C89-4777-8CF1-D339B447D897}.Development|x86.ActiveCfg = Development|x86
		{C83D6D73-9C89-4777-8CF1-D339B447D897}.Development|x86.Build.0 = Development|x86
		{C83D6D73-9C89-4777-8CF1-D339B447D897}.Development|x86.Deploy.0 = Development|x86
		{51EC1E3F-C5EA-4287-9AEC-EB65F48353F5}.Development|x86.ActiveCfg = Development|x86
		{51EC1E3F-C5EA-4287-9AEC-EB65F48353F5}.Development|x86.Build.0 = Development|x86
		{51EC1E3F-C5EA-4287-9AEC-EB65F48353F5}.Development|x86.Deploy.0 = Development|x86
	EndGlobalSection
	GlobalSection(SolutionProperties) = preSolution
		HideSolutionNode = FALSE
	EndGlobalSection
EndGlobal
