
Microsoft Visual Studio Solution File, Format Version 12.00
# Visual Studio 14
VisualStudioVersion = 14.0.25420.1
MinimumVisualStudioVersion = 10.0.40219.1
Project("{6870E480-7721-4708-BFB8-9AE898AA21B3}") = "Varda Varhaiskasvatustoimijat", "Varda Varhaiskasvatustoimijat\Varda Varhaiskasvatustoimijat.smproj", "{C83D6D73-9C89-4777-8CF1-D339B447D897}"
EndProject
Project("{6870E480-7721-4708-BFB8-9AE898AA21B3}") = "Varda Varhaiskasvatustiedot cultures", "Varda Varhaiskasvatustiedot cultures\Varda Varhaiskasvatustiedot cultures.smproj", "{51EC1E3F-C5EA-4287-9AEC-EB65F48353F5}"
EndProject
Project("{6870E480-7721-4708-BFB8-9AE898AA21B3}") = "Varda vuokrattu henkilosto cultures", "Varda vuokrattu henkilosto cultures\Varda vuokrattu henkilosto cultures.smproj", "{1AE638AA-0AF0-4F3C-8B7D-3AD520E1C99E}"
EndProject
Project("{6870E480-7721-4708-BFB8-9AE898AA21B3}") = "Varda Varhaiskasvatustiedot cultures jäädytys", "Varda Varhaiskasvatustiedot cultures jäädytys\Varda Varhaiskasvatustiedot cultures jäädytys.smproj", "{76331CEA-04EA-4D84-85E4-641C0F24B373}"
EndProject
Project("{6870E480-7721-4708-BFB8-9AE898AA21B3}") = "Varda Varhaiskasvatustoimijat jäädytys", "Varda Varhaiskasvatustoimijat jäädytys\Varda Varhaiskasvatustoimijat jäädytys.smproj", "{AC00E4FF-9CE9-4073-BCC1-79617AA19CD7}"
EndProject
Project("{6870E480-7721-4708-BFB8-9AE898AA21B3}") = "Varda Maaraaikainen henkilosto cultures", "Varda Maaraaikainen henkilosto\Varda Maaraaikainen henkilosto cultures.smproj", "{B6470EEC-1FFD-4B9A-BA8D-B9CDAE5C3938}"
EndProject
Project("{6870E480-7721-4708-BFB8-9AE898AA21B3}") = "Varda Henkilostotiedot cultures", "Varda Henkilostotiedot\Varda Henkilostotiedot cultures.smproj", "{8CE414BB-95B2-4C99-9E03-51BA72086E22}"
EndProject
Project("{6870E480-7721-4708-BFB8-9AE898AA21B3}") = "Varda Varhaiskasvatus mk vaesto cultures", "Varda Varhaiskasvatus mk vaesto cultures\Varda Varhaiskasvatus mk vaesto cultures.smproj", "{52CB9F42-7AB9-4822-9549-2A6047614BDA}"
EndProject
Project("{6870E480-7721-4708-BFB8-9AE898AA21B3}") = "Varda Henkilostotiedot cultures jaadytys", "Varda Henkilostotiedot jaadytys\Varda Henkilostotiedot cultures jaadytys.smproj", "{3615510A-CDFE-4E73-881F-9EC609EFD4DA}"
EndProject
Project("{6870E480-7721-4708-BFB8-9AE898AA21B3}") = "Varda Vuokrattu henkilosto cultures jaadytys", "Varda Vuokrattu henkilosto cultures jaadytys\Varda Vuokrattu henkilosto cultures jaadytys.smproj", "{5BC3E71C-6EB4-4B4C-9DF7-AA818EF805DE}"
EndProject
Global
	GlobalSection(SolutionConfigurationPlatforms) = preSolution
		Development|x86 = Development|x86
	EndGlobalSection
	GlobalSection(ProjectConfigurationPlatforms) = postSolution
		{C83D6D73-9C89-4777-8CF1-D339B447D897}.Development|x86.ActiveCfg = Development|x86
		{C83D6D73-9C89-4777-8CF1-D339B447D897}.Development|x86.Build.0 = Development|x86
		{C83D6D73-9C89-4777-8CF1-D339B447D897}.Development|x86.Deploy.0 = Development|x86
		{51EC1E3F-C5EA-4287-9AEC-EB65F48353F5}.Development|x86.ActiveCfg = Development|x86
		{51EC1E3F-C5EA-4287-9AEC-EB65F48353F5}.Development|x86.Build.0 = Development|x86
		{51EC1E3F-C5EA-4287-9AEC-EB65F48353F5}.Development|x86.Deploy.0 = Development|x86
		{1AE638AA-0AF0-4F3C-8B7D-3AD520E1C99E}.Development|x86.ActiveCfg = Development|x86
		{1AE638AA-0AF0-4F3C-8B7D-3AD520E1C99E}.Development|x86.Build.0 = Development|x86
		{1AE638AA-0AF0-4F3C-8B7D-3AD520E1C99E}.Development|x86.Deploy.0 = Development|x86
		{76331CEA-04EA-4D84-85E4-641C0F24B373}.Development|x86.ActiveCfg = Development|x86
		{76331CEA-04EA-4D84-85E4-641C0F24B373}.Development|x86.Build.0 = Development|x86
		{76331CEA-04EA-4D84-85E4-641C0F24B373}.Development|x86.Deploy.0 = Development|x86
		{AC00E4FF-9CE9-4073-BCC1-79617AA19CD7}.Development|x86.ActiveCfg = Development|x86
		{AC00E4FF-9CE9-4073-BCC1-79617AA19CD7}.Development|x86.Build.0 = Development|x86
		{AC00E4FF-9CE9-4073-BCC1-79617AA19CD7}.Development|x86.Deploy.0 = Development|x86
		{B6470EEC-1FFD-4B9A-BA8D-B9CDAE5C3938}.Development|x86.ActiveCfg = Development|x86
		{B6470EEC-1FFD-4B9A-BA8D-B9CDAE5C3938}.Development|x86.Build.0 = Development|x86
		{B6470EEC-1FFD-4B9A-BA8D-B9CDAE5C3938}.Development|x86.Deploy.0 = Development|x86
		{8CE414BB-95B2-4C99-9E03-51BA72086E22}.Development|x86.ActiveCfg = Development|x86
		{8CE414BB-95B2-4C99-9E03-51BA72086E22}.Development|x86.Build.0 = Development|x86
		{8CE414BB-95B2-4C99-9E03-51BA72086E22}.Development|x86.Deploy.0 = Development|x86
		{52CB9F42-7AB9-4822-9549-2A6047614BDA}.Development|x86.ActiveCfg = Development|x86
		{52CB9F42-7AB9-4822-9549-2A6047614BDA}.Development|x86.Build.0 = Development|x86
		{52CB9F42-7AB9-4822-9549-2A6047614BDA}.Development|x86.Deploy.0 = Development|x86
		{3615510A-CDFE-4E73-881F-9EC609EFD4DA}.Development|x86.ActiveCfg = Development|x86
		{3615510A-CDFE-4E73-881F-9EC609EFD4DA}.Development|x86.Build.0 = Development|x86
		{3615510A-CDFE-4E73-881F-9EC609EFD4DA}.Development|x86.Deploy.0 = Development|x86
		{5BC3E71C-6EB4-4B4C-9DF7-AA818EF805DE}.Development|x86.ActiveCfg = Development|x86
		{5BC3E71C-6EB4-4B4C-9DF7-AA818EF805DE}.Development|x86.Build.0 = Development|x86
		{5BC3E71C-6EB4-4B4C-9DF7-AA818EF805DE}.Development|x86.Deploy.0 = Development|x86
	EndGlobalSection
	GlobalSection(SolutionProperties) = preSolution
		HideSolutionNode = FALSE
	EndGlobalSection
EndGlobal
