
Microsoft Visual Studio Solution File, Format Version 12.00
# Visual Studio 14
VisualStudioVersion = 14.0.25420.1
MinimumVisualStudioVersion = 10.0.40219.1
Project("{6870E480-7721-4708-BFB8-9AE898AA21B3}") = "ehoks tutkinnon suorittaneet neljannekset", "ehoks tutkinnon suorittaneet neljannekset\ehoks tutkinnon suorittaneet neljannekset.smproj", "{D7B941B5-8C8A-4467-BFCE-2D17BA3D802A}"
EndProject
Project("{6870E480-7721-4708-BFB8-9AE898AA21B3}") = "ehoks opiskelijat", "ehoks opiskelijat\ehoks opiskelijat.smproj", "{8CE414BB-95B2-4C99-9E03-51BA72086E22}"
EndProject
Project("{6870E480-7721-4708-BFB8-9AE898AA21B3}") = "ehoks tutkinnon suorittaneet", "ehoks tutkinnon suorittaneet\ehoks tutkinnon suorittaneet.smproj", "{E7F5DCBC-C12D-436F-8365-2AE612B8A949}"
EndProject
Project("{6870E480-7721-4708-BFB8-9AE898AA21B3}") = "ehoks tutkinnon suorittaneet vanha", "ehoks tutkinnon suorittaneet vanha\ehoks tutkinnon suorittaneet vanha.smproj", "{9DF46916-6F13-4E43-9019-AB93E06F911B}"
EndProject
Global
	GlobalSection(SolutionConfigurationPlatforms) = preSolution
		Development|x86 = Development|x86
	EndGlobalSection
	GlobalSection(ProjectConfigurationPlatforms) = postSolution
		{D7B941B5-8C8A-4467-BFCE-2D17BA3D802A}.Development|x86.ActiveCfg = Development|x86
		{D7B941B5-8C8A-4467-BFCE-2D17BA3D802A}.Development|x86.Build.0 = Development|x86
		{D7B941B5-8C8A-4467-BFCE-2D17BA3D802A}.Development|x86.Deploy.0 = Development|x86
		{8CE414BB-95B2-4C99-9E03-51BA72086E22}.Development|x86.ActiveCfg = Development|x86
		{8CE414BB-95B2-4C99-9E03-51BA72086E22}.Development|x86.Build.0 = Development|x86
		{8CE414BB-95B2-4C99-9E03-51BA72086E22}.Development|x86.Deploy.0 = Development|x86
		{E7F5DCBC-C12D-436F-8365-2AE612B8A949}.Development|x86.ActiveCfg = Development|x86
		{E7F5DCBC-C12D-436F-8365-2AE612B8A949}.Development|x86.Build.0 = Development|x86
		{E7F5DCBC-C12D-436F-8365-2AE612B8A949}.Development|x86.Deploy.0 = Development|x86
		{9DF46916-6F13-4E43-9019-AB93E06F911B}.Development|x86.ActiveCfg = Development|x86
		{9DF46916-6F13-4E43-9019-AB93E06F911B}.Development|x86.Build.0 = Development|x86
		{9DF46916-6F13-4E43-9019-AB93E06F911B}.Development|x86.Deploy.0 = Development|x86
	EndGlobalSection
	GlobalSection(SolutionProperties) = preSolution
		HideSolutionNode = FALSE
	EndGlobalSection
EndGlobal
