
Microsoft Visual Studio Solution File, Format Version 12.00
# Visual Studio 14
VisualStudioVersion = 14.0.25420.1
MinimumVisualStudioVersion = 10.0.40219.1
Project("{6870E480-7721-4708-BFB8-9AE898AA21B3}") = "Koski TUVA opiskelijat", "Koski TUVA opiskelijat\Koski TUVA opiskelijat.smproj", "{8CE414BB-95B2-4C99-9E03-51BA72086E22}"
EndProject
Project("{6870E480-7721-4708-BFB8-9AE898AA21B3}") = "Koski TUVA opiskelijat cultures", "Koski TUVA opiskelijat cultures\Koski TUVA opiskelijat cultures.smproj", "{1F6E13C0-4ECF-4C37-B53B-B8397CFAB17D}"
EndProject
Global
	GlobalSection(SolutionConfigurationPlatforms) = preSolution
		Development|x86 = Development|x86
	EndGlobalSection
	GlobalSection(ProjectConfigurationPlatforms) = postSolution
		{8CE414BB-95B2-4C99-9E03-51BA72086E22}.Development|x86.ActiveCfg = Development|x86
		{8CE414BB-95B2-4C99-9E03-51BA72086E22}.Development|x86.Build.0 = Development|x86
		{8CE414BB-95B2-4C99-9E03-51BA72086E22}.Development|x86.Deploy.0 = Development|x86
		{1F6E13C0-4ECF-4C37-B53B-B8397CFAB17D}.Development|x86.ActiveCfg = Development|x86
		{1F6E13C0-4ECF-4C37-B53B-B8397CFAB17D}.Development|x86.Build.0 = Development|x86
		{1F6E13C0-4ECF-4C37-B53B-B8397CFAB17D}.Development|x86.Deploy.0 = Development|x86
	EndGlobalSection
	GlobalSection(SolutionProperties) = preSolution
		HideSolutionNode = FALSE
	EndGlobalSection
EndGlobal
