
Microsoft Visual Studio Solution File, Format Version 12.00
# Visual Studio 14
VisualStudioVersion = 14.0.25420.1
MinimumVisualStudioVersion = 10.0.40219.1
Project("{6870E480-7721-4708-BFB8-9AE898AA21B3}") = "AMOS opiskelijavuodet pohjakoulutus TK_K1_15", "AMOS opiskelijavuodet pohjakoulutus TK_K1_15.smproj", "{9BE86F26-C74D-4534-852B-22C603FC10BF}"
EndProject
Global
	GlobalSection(SolutionConfigurationPlatforms) = preSolution
		Development|x86 = Development|x86
	EndGlobalSection
	GlobalSection(ProjectConfigurationPlatforms) = postSolution
		{9BE86F26-C74D-4534-852B-22C603FC10BF}.Development|x86.ActiveCfg = Development|x86
		{9BE86F26-C74D-4534-852B-22C603FC10BF}.Development|x86.Build.0 = Development|x86
		{9BE86F26-C74D-4534-852B-22C603FC10BF}.Development|x86.Deploy.0 = Development|x86
	EndGlobalSection
	GlobalSection(SolutionProperties) = preSolution
		HideSolutionNode = FALSE
	EndGlobalSection
EndGlobal
