
Microsoft Visual Studio Solution File, Format Version 11.00
# Visual Studio 2010
Project("{6870E480-7721-4708-BFB8-9AE898AA21B3}") = "Tutkinnon suorittaneiden aiempi koulutus", "Tutkinnon suorittaneiden aiempi koulutus\Tutkinnon suorittaneiden aiempi koulutus.smproj", "{9140A057-B6D0-4FFA-B56D-54EE1733BC6C}"
EndProject
Global
	GlobalSection(SolutionConfigurationPlatforms) = preSolution
		Development|x86 = Development|x86
	EndGlobalSection
	GlobalSection(ProjectConfigurationPlatforms) = postSolution
		{9140A057-B6D0-4FFA-B56D-54EE1733BC6C}.Development|x86.ActiveCfg = Development|x86
		{9140A057-B6D0-4FFA-B56D-54EE1733BC6C}.Development|x86.Build.0 = Development|x86
		{9140A057-B6D0-4FFA-B56D-54EE1733BC6C}.Development|x86.Deploy.0 = Development|x86
	EndGlobalSection
	GlobalSection(SolutionProperties) = preSolution
		HideSolutionNode = FALSE
	EndGlobalSection
EndGlobal
