
Microsoft Visual Studio Solution File, Format Version 12.00
# Visual Studio 14
VisualStudioVersion = 14.0.25420.1
MinimumVisualStudioVersion = 10.0.40219.1
Project("{6870E480-7721-4708-BFB8-9AE898AA21B3}") = "Alueella työssäkäyvät", "Alueella työssäkäyvät\Alueella työssäkäyvät.smproj", "{9B879FE4-39A2-4D3F-BDCB-814E60919597}"
EndProject
Project("{6870E480-7721-4708-BFB8-9AE898AA21B3}") = "Alueella työssäkäyvät 1 v", "Alueella työssäkäyvät 1 v\Alueella työssäkäyvät 1 v.smproj", "{93C2AEC8-14C8-420C-8A33-A0C068DDFD68}"
EndProject
Project("{6870E480-7721-4708-BFB8-9AE898AA21B3}") = "Alueella työssäkäyvät ammateittain", "Alueella työssäkäyvät ammateittain\Alueella työssäkäyvät ammateittain.smproj", "{DE1CF1FB-BEB9-4E49-810D-C8DD614671E3}"
EndProject
Project("{6870E480-7721-4708-BFB8-9AE898AA21B3}") = "Alueella työssäkäyvät toimialoittain", "Alueella työssäkäyvät toimialoittain\Alueella työssäkäyvät toimialoittain.smproj", "{EE474C65-FB1F-40E3-9AFF-EA19956F7F3F}"
EndProject
Project("{6870E480-7721-4708-BFB8-9AE898AA21B3}") = "Vastaavuusavain", "Vastaavuusavain\Vastaavuusavain.smproj", "{8CE414BB-95B2-4C99-9E03-51BA72086E22}"
EndProject
Global
	GlobalSection(SolutionConfigurationPlatforms) = preSolution
		Development|x86 = Development|x86
	EndGlobalSection
	GlobalSection(ProjectConfigurationPlatforms) = postSolution
		{9B879FE4-39A2-4D3F-BDCB-814E60919597}.Development|x86.ActiveCfg = Development|x86
		{9B879FE4-39A2-4D3F-BDCB-814E60919597}.Development|x86.Build.0 = Development|x86
		{9B879FE4-39A2-4D3F-BDCB-814E60919597}.Development|x86.Deploy.0 = Development|x86
		{93C2AEC8-14C8-420C-8A33-A0C068DDFD68}.Development|x86.ActiveCfg = Development|x86
		{93C2AEC8-14C8-420C-8A33-A0C068DDFD68}.Development|x86.Build.0 = Development|x86
		{93C2AEC8-14C8-420C-8A33-A0C068DDFD68}.Development|x86.Deploy.0 = Development|x86
		{DE1CF1FB-BEB9-4E49-810D-C8DD614671E3}.Development|x86.ActiveCfg = Development|x86
		{DE1CF1FB-BEB9-4E49-810D-C8DD614671E3}.Development|x86.Build.0 = Development|x86
		{DE1CF1FB-BEB9-4E49-810D-C8DD614671E3}.Development|x86.Deploy.0 = Development|x86
		{EE474C65-FB1F-40E3-9AFF-EA19956F7F3F}.Development|x86.ActiveCfg = Development|x86
		{EE474C65-FB1F-40E3-9AFF-EA19956F7F3F}.Development|x86.Build.0 = Development|x86
		{EE474C65-FB1F-40E3-9AFF-EA19956F7F3F}.Development|x86.Deploy.0 = Development|x86
		{8CE414BB-95B2-4C99-9E03-51BA72086E22}.Development|x86.ActiveCfg = Development|x86
		{8CE414BB-95B2-4C99-9E03-51BA72086E22}.Development|x86.Build.0 = Development|x86
		{8CE414BB-95B2-4C99-9E03-51BA72086E22}.Development|x86.Deploy.0 = Development|x86
	EndGlobalSection
	GlobalSection(SolutionProperties) = preSolution
		HideSolutionNode = FALSE
	EndGlobalSection
EndGlobal
