
Microsoft Visual Studio Solution File, Format Version 11.00
# Visual Studio 2010
Project("{6870E480-7721-4708-BFB8-9AE898AA21B3}") = "Pohjakoulutus korkeakoulut", "Pohjakoulutus korkeakoulut\Pohjakoulutus korkeakoulut.smproj", "{6CD0BBB0-D538-4CAB-9966-DE1B464C6F02}"
EndProject
Project("{6870E480-7721-4708-BFB8-9AE898AA21B3}") = "Pohjakoulutus korkeakoulut amk", "Pohjakoulutus korkeakoulut amk\Pohjakoulutus korkeakoulut amk.smproj", "{37D2FFA6-A134-4F33-A0FA-458F623B61DB}"
EndProject
Project("{6870E480-7721-4708-BFB8-9AE898AA21B3}") = "Pohjakoulutus korkeakoulut yliopisto", "Pohjakoulutus korkeakoulut yliopisto\Pohjakoulutus korkeakoulut yliopisto.smproj", "{9C1D25E2-C094-4343-94E1-8AB960DA336E}"
EndProject
Global
	GlobalSection(SolutionConfigurationPlatforms) = preSolution
		Development|x86 = Development|x86
	EndGlobalSection
	GlobalSection(ProjectConfigurationPlatforms) = postSolution
		{6CD0BBB0-D538-4CAB-9966-DE1B464C6F02}.Development|x86.ActiveCfg = Development|x86
		{6CD0BBB0-D538-4CAB-9966-DE1B464C6F02}.Development|x86.Build.0 = Development|x86
		{6CD0BBB0-D538-4CAB-9966-DE1B464C6F02}.Development|x86.Deploy.0 = Development|x86
		{37D2FFA6-A134-4F33-A0FA-458F623B61DB}.Development|x86.ActiveCfg = Development|x86
		{37D2FFA6-A134-4F33-A0FA-458F623B61DB}.Development|x86.Build.0 = Development|x86
		{37D2FFA6-A134-4F33-A0FA-458F623B61DB}.Development|x86.Deploy.0 = Development|x86
		{9C1D25E2-C094-4343-94E1-8AB960DA336E}.Development|x86.ActiveCfg = Development|x86
		{9C1D25E2-C094-4343-94E1-8AB960DA336E}.Development|x86.Build.0 = Development|x86
		{9C1D25E2-C094-4343-94E1-8AB960DA336E}.Development|x86.Deploy.0 = Development|x86
	EndGlobalSection
	GlobalSection(SolutionProperties) = preSolution
		HideSolutionNode = FALSE
	EndGlobalSection
EndGlobal
