
Microsoft Visual Studio Solution File, Format Version 11.00
# Visual Studio 2010
Project("{6870E480-7721-4708-BFB8-9AE898AA21B3}") = "AL yhteiset K310", "AL yhteiset K310\AL yhteiset K310.smproj", "{D3763324-3D2C-421B-9E1F-149B50DD98FD}"
EndProject
Project("{6870E480-7721-4708-BFB8-9AE898AA21B3}") = "AL yhteiset K39", "AL yhteiset K39\AL yhteiset K39.smproj", "{7A535706-ECFB-4FC3-A943-F12154AEC5D2}"
EndProject
Project("{6870E480-7721-4708-BFB8-9AE898AA21B3}") = "Aloittaneiden läpäisy K310 amk", "Aloittaneiden läpäisy K310 amk\Aloittaneiden läpäisy K310 amk.smproj", "{289F2BF0-447F-48C9-A318-BE64CDCC17C3}"
EndProject
Project("{6870E480-7721-4708-BFB8-9AE898AA21B3}") = "Aloittaneiden läpäisy K310 yliopisto", "Aloittaneiden läpäisy K310 yliopisto\Aloittaneiden läpäisy K310 yliopisto.smproj", "{0EE65E3E-B115-49C4-A79B-715090446D66}"
EndProject
Project("{6870E480-7721-4708-BFB8-9AE898AA21B3}") = "Aloittaneiden läpäisy K39 lukio", "Aloittaneiden läpäisy K39 lukio\Aloittaneiden läpäisy K39 lukio.smproj", "{C999A0C8-468C-470D-87FA-8D457C362F83}"
EndProject
Project("{6870E480-7721-4708-BFB8-9AE898AA21B3}") = "Aloittaneiden läpäisy K39 ammatillinen", "Aloittaneiden läpäisy K39 ammatillinen\Aloittaneiden läpäisy K39 ammatillinen.smproj", "{572169F9-3DB3-4DE9-8092-F0E1F48791EB}"
EndProject
Global
	GlobalSection(SolutionConfigurationPlatforms) = preSolution
		Development|x86 = Development|x86
	EndGlobalSection
	GlobalSection(ProjectConfigurationPlatforms) = postSolution
		{D3763324-3D2C-421B-9E1F-149B50DD98FD}.Development|x86.ActiveCfg = Development|x86
		{D3763324-3D2C-421B-9E1F-149B50DD98FD}.Development|x86.Build.0 = Development|x86
		{D3763324-3D2C-421B-9E1F-149B50DD98FD}.Development|x86.Deploy.0 = Development|x86
		{7A535706-ECFB-4FC3-A943-F12154AEC5D2}.Development|x86.ActiveCfg = Development|x86
		{7A535706-ECFB-4FC3-A943-F12154AEC5D2}.Development|x86.Build.0 = Development|x86
		{7A535706-ECFB-4FC3-A943-F12154AEC5D2}.Development|x86.Deploy.0 = Development|x86
		{289F2BF0-447F-48C9-A318-BE64CDCC17C3}.Development|x86.ActiveCfg = Development|x86
		{289F2BF0-447F-48C9-A318-BE64CDCC17C3}.Development|x86.Build.0 = Development|x86
		{289F2BF0-447F-48C9-A318-BE64CDCC17C3}.Development|x86.Deploy.0 = Development|x86
		{0EE65E3E-B115-49C4-A79B-715090446D66}.Development|x86.ActiveCfg = Development|x86
		{0EE65E3E-B115-49C4-A79B-715090446D66}.Development|x86.Build.0 = Development|x86
		{0EE65E3E-B115-49C4-A79B-715090446D66}.Development|x86.Deploy.0 = Development|x86
		{C999A0C8-468C-470D-87FA-8D457C362F83}.Development|x86.ActiveCfg = Development|x86
		{C999A0C8-468C-470D-87FA-8D457C362F83}.Development|x86.Build.0 = Development|x86
		{C999A0C8-468C-470D-87FA-8D457C362F83}.Development|x86.Deploy.0 = Development|x86
		{572169F9-3DB3-4DE9-8092-F0E1F48791EB}.Development|x86.ActiveCfg = Development|x86
		{572169F9-3DB3-4DE9-8092-F0E1F48791EB}.Development|x86.Build.0 = Development|x86
		{572169F9-3DB3-4DE9-8092-F0E1F48791EB}.Development|x86.Deploy.0 = Development|x86
	EndGlobalSection
	GlobalSection(SolutionProperties) = preSolution
		HideSolutionNode = FALSE
	EndGlobalSection
EndGlobal
