
Microsoft Visual Studio Solution File, Format Version 12.00
# Visual Studio 14
VisualStudioVersion = 14.0.25420.1
MinimumVisualStudioVersion = 10.0.40219.1
Project("{6870E480-7721-4708-BFB8-9AE898AA21B3}") = "Oiva luvat ammatillinen", "Oiva luvat ammatillinen\Oiva luvat ammatillinen.smproj", "{8CE414BB-95B2-4C99-9E03-51BA72086E22}"
EndProject
Project("{6870E480-7721-4708-BFB8-9AE898AA21B3}") = "Oiva luvat vst", "Oiva luvat vst\Oiva luvat vst.smproj", "{27A427B8-82EE-4314-BB87-B2C67BDD89DB}"
EndProject
Project("{6870E480-7721-4708-BFB8-9AE898AA21B3}") = "Oiva luvat esi- ja perusopetus", "Oiva luvat esi- ja perusopetus\Oiva luvat esi- ja perusopetus.smproj", "{9BF21AA7-335F-4982-85F9-0505F29793B9}"
EndProject
Project("{6870E480-7721-4708-BFB8-9AE898AA21B3}") = "Oiva luvat TUVA", "Oiva luvat TUVA\Oiva luvat TUVA.smproj", "{C141AE05-D3E3-44F7-99A9-A61F888544C3}"
EndProject
Project("{6870E480-7721-4708-BFB8-9AE898AA21B3}") = "Oiva luvat lukio", "Oiva luvat lukio\Oiva luvat lukio.smproj", "{72DD9969-5646-4D0B-A6C1-673D311E57C9}"
EndProject
Global
	GlobalSection(SolutionConfigurationPlatforms) = preSolution
		Development|x86 = Development|x86
	EndGlobalSection
	GlobalSection(ProjectConfigurationPlatforms) = postSolution
		{8CE414BB-95B2-4C99-9E03-51BA72086E22}.Development|x86.ActiveCfg = Development|x86
		{8CE414BB-95B2-4C99-9E03-51BA72086E22}.Development|x86.Build.0 = Development|x86
		{8CE414BB-95B2-4C99-9E03-51BA72086E22}.Development|x86.Deploy.0 = Development|x86
		{27A427B8-82EE-4314-BB87-B2C67BDD89DB}.Development|x86.ActiveCfg = Development|x86
		{27A427B8-82EE-4314-BB87-B2C67BDD89DB}.Development|x86.Build.0 = Development|x86
		{27A427B8-82EE-4314-BB87-B2C67BDD89DB}.Development|x86.Deploy.0 = Development|x86
		{9BF21AA7-335F-4982-85F9-0505F29793B9}.Development|x86.ActiveCfg = Development|x86
		{9BF21AA7-335F-4982-85F9-0505F29793B9}.Development|x86.Build.0 = Development|x86
		{9BF21AA7-335F-4982-85F9-0505F29793B9}.Development|x86.Deploy.0 = Development|x86
		{C141AE05-D3E3-44F7-99A9-A61F888544C3}.Development|x86.ActiveCfg = Development|x86
		{C141AE05-D3E3-44F7-99A9-A61F888544C3}.Development|x86.Build.0 = Development|x86
		{C141AE05-D3E3-44F7-99A9-A61F888544C3}.Development|x86.Deploy.0 = Development|x86
		{72DD9969-5646-4D0B-A6C1-673D311E57C9}.Development|x86.ActiveCfg = Development|x86
		{72DD9969-5646-4D0B-A6C1-673D311E57C9}.Development|x86.Build.0 = Development|x86
		{72DD9969-5646-4D0B-A6C1-673D311E57C9}.Development|x86.Deploy.0 = Development|x86
	EndGlobalSection
	GlobalSection(SolutionProperties) = preSolution
		HideSolutionNode = FALSE
	EndGlobalSection
EndGlobal
