
Microsoft Visual Studio Solution File, Format Version 11.00
# Visual Studio 2010
Project("{6870E480-7721-4708-BFB8-9AE898AA21B3}") = "Väestö", "Väestö\Väestö.smproj", "{069C202C-FF4D-4EB5-BA81-1F826062A316}"
EndProject
Global
	GlobalSection(SolutionConfigurationPlatforms) = preSolution
		Development|x86 = Development|x86
	EndGlobalSection
	GlobalSection(ProjectConfigurationPlatforms) = postSolution
		{069C202C-FF4D-4EB5-BA81-1F826062A316}.Development|x86.ActiveCfg = Development|x86
		{069C202C-FF4D-4EB5-BA81-1F826062A316}.Development|x86.Build.0 = Development|x86
		{069C202C-FF4D-4EB5-BA81-1F826062A316}.Development|x86.Deploy.0 = Development|x86
	EndGlobalSection
	GlobalSection(SolutionProperties) = preSolution
		HideSolutionNode = FALSE
	EndGlobalSection
EndGlobal
