
Microsoft Visual Studio Solution File, Format Version 11.00
# Visual Studio 2010
Project("{6870E480-7721-4708-BFB8-9AE898AA21B3}") = "Sektoritutkimuslaitosten tutkimus ja kehitys", "Sektoritutkimuslaitosten tutkimus ja kehitys\Sektoritutkimuslaitosten tutkimus ja kehitys.smproj", "{8CBB9111-630C-4982-975B-9EAB6FA73D1C}"
EndProject
Global
	GlobalSection(SolutionConfigurationPlatforms) = preSolution
		Development|x86 = Development|x86
	EndGlobalSection
	GlobalSection(ProjectConfigurationPlatforms) = postSolution
		{8CBB9111-630C-4982-975B-9EAB6FA73D1C}.Development|x86.ActiveCfg = Development|x86
		{8CBB9111-630C-4982-975B-9EAB6FA73D1C}.Development|x86.Build.0 = Development|x86
		{8CBB9111-630C-4982-975B-9EAB6FA73D1C}.Development|x86.Deploy.0 = Development|x86
	EndGlobalSection
	GlobalSection(SolutionProperties) = preSolution
		HideSolutionNode = FALSE
	EndGlobalSection
EndGlobal
