
Microsoft Visual Studio Solution File, Format Version 11.00
# Visual Studio 2010
Project("{6870E480-7721-4708-BFB8-9AE898AA21B3}") = "Lukio ja ammatillinen koulutus - kotikunta", "Lukio ja ammatillinen koulutus - kotikunta\Lukio ja ammatillinen koulutus - kotikunta.smproj", "{D22C9765-A88F-4CD4-82D9-7E9E9320C6CC}"
EndProject
Global
	GlobalSection(SolutionConfigurationPlatforms) = preSolution
		Development|x86 = Development|x86
	EndGlobalSection
	GlobalSection(ProjectConfigurationPlatforms) = postSolution
		{D22C9765-A88F-4CD4-82D9-7E9E9320C6CC}.Development|x86.ActiveCfg = Development|x86
		{D22C9765-A88F-4CD4-82D9-7E9E9320C6CC}.Development|x86.Build.0 = Development|x86
		{D22C9765-A88F-4CD4-82D9-7E9E9320C6CC}.Development|x86.Deploy.0 = Development|x86
	EndGlobalSection
	GlobalSection(SolutionProperties) = preSolution
		HideSolutionNode = FALSE
	EndGlobalSection
EndGlobal
