
Microsoft Visual Studio Solution File, Format Version 12.00
# Visual Studio 14
VisualStudioVersion = 14.0.25420.1
MinimumVisualStudioVersion = 10.0.40219.1
Project("{6870E480-7721-4708-BFB8-9AE898AA21B3}") = "Haku ja valinta yo-arvosanat", "Haku ja valinta yo-arvosanat\Haku ja valinta yo-arvosanat.smproj", "{8CE414BB-95B2-4C99-9E03-51BA72086E22}"
EndProject
Project("{6870E480-7721-4708-BFB8-9AE898AA21B3}") = "Korkeakoulut amk", "Haku ja valinta Korkeakoulut amk\Korkeakoulut amk.smproj", "{8034C7E7-EA47-4144-984A-8EFEE6029137}"
EndProject
Project("{6870E480-7721-4708-BFB8-9AE898AA21B3}") = "Korkeakoulut live", "Haku ja valinta Korkeakoulut live\Korkeakoulut live.smproj", "{8D0CF30B-41B1-4E4E-975A-25ECCADCF1DA}"
EndProject
Project("{6870E480-7721-4708-BFB8-9AE898AA21B3}") = "Korkeakoulut yhteinen", "Haku ja valinta Korkeakoulut yhteinen\Korkeakoulut yhteinen.smproj", "{D4FB3CD4-7B84-4A43-B66B-6A25E3A26668}"
EndProject
Project("{6870E480-7721-4708-BFB8-9AE898AA21B3}") = "Korkeakoulut yo", "Haku ja valinta Korkeakoulut yo\Korkeakoulut yo.smproj", "{F5EE9EF7-60DF-4E98-B595-6C005CE5150C}"
EndProject
Project("{6870E480-7721-4708-BFB8-9AE898AA21B3}") = "Toinen aste amm erityisopetus", "Haku ja valinta Toinen aste amm erityisopetus\Toinen aste amm erityisopetus.smproj", "{12F7EE38-4910-453B-8E93-533A5FB397EA}"
EndProject
Project("{6870E480-7721-4708-BFB8-9AE898AA21B3}") = "Toinen aste koonti", "Haku ja valinta Toinen aste koonti\Toinen aste koonti.smproj", "{B1D1D7FD-A8FA-4529-B0EA-3BC4E5D4725F}"
EndProject
Project("{6870E480-7721-4708-BFB8-9AE898AA21B3}") = "Toinen aste live", "Haku ja valinta Toinen aste live\Toinen aste live.smproj", "{340ECCE1-716F-4496-A189-5B408881A52C}"
EndProject
Project("{6870E480-7721-4708-BFB8-9AE898AA21B3}") = "Toinen aste valmistava", "Haku ja valinta Toinen aste valmistava\Toinen aste valmistava.smproj", "{FBF6089F-EC34-4891-B750-5AAC8969F858}"
EndProject
Project("{6870E480-7721-4708-BFB8-9AE898AA21B3}") = "Toinen aste yhteishaku", "Haku ja valinta Toinen aste yhteishaku\Toinen aste yhteishaku.smproj", "{08098942-C17F-474C-AE8F-6FC3F8A612EF}"
EndProject
Project("{6870E480-7721-4708-BFB8-9AE898AA21B3}") = "Korkeakoulut aiemmat tutk ja oik", "Haku ja valinta Korkeakoulut aiemmat tutk ja oik\Korkeakoulut aiemmat tutk ja oik.smproj", "{8C0B749A-45ED-44FC-88A9-BD4CC51861C4}"
EndProject
Project("{6870E480-7721-4708-BFB8-9AE898AA21B3}") = "Haku ja valinta Korkeakoulut ylioppilaat", "Haku ja valinta Korkeakoulut ylioppilaat\Haku ja valinta Korkeakoulut ylioppilaat.smproj", "{85C67674-648B-4F0E-8266-09E0172200FE}"
EndProject
Project("{6870E480-7721-4708-BFB8-9AE898AA21B3}") = "Haku ja valinta Toinen aste live cultures", "Haku ja valinta Toinen aste live cultures\Haku ja valinta Toinen aste live cultures.smproj", "{9D149C10-6CC0-4EF1-B76F-F11B5B5748BD}"
EndProject
Project("{6870E480-7721-4708-BFB8-9AE898AA21B3}") = "Toinen aste yhteishaku cultures", "Haku ja valinta Toinen aste yhteishaku cultures\Toinen aste yhteishaku cultures.smproj", "{1950228B-A5ED-495D-878D-4F44E056DF29}"
EndProject
Project("{6870E480-7721-4708-BFB8-9AE898AA21B3}") = "Haku ja valinta Korkeakoulut live cultures", "Haku ja valinta Korkeakoulut live cultures\Haku ja valinta Korkeakoulut live cultures.smproj", "{4119DDF2-F7ED-402D-8A7B-A33C9058A366}"
EndProject
Global
	GlobalSection(SolutionConfigurationPlatforms) = preSolution
		Development|x86 = Development|x86
	EndGlobalSection
	GlobalSection(ProjectConfigurationPlatforms) = postSolution
		{8CE414BB-95B2-4C99-9E03-51BA72086E22}.Development|x86.ActiveCfg = Development|x86
		{8CE414BB-95B2-4C99-9E03-51BA72086E22}.Development|x86.Build.0 = Development|x86
		{8CE414BB-95B2-4C99-9E03-51BA72086E22}.Development|x86.Deploy.0 = Development|x86
		{8034C7E7-EA47-4144-984A-8EFEE6029137}.Development|x86.ActiveCfg = Development|x86
		{8034C7E7-EA47-4144-984A-8EFEE6029137}.Development|x86.Build.0 = Development|x86
		{8034C7E7-EA47-4144-984A-8EFEE6029137}.Development|x86.Deploy.0 = Development|x86
		{8D0CF30B-41B1-4E4E-975A-25ECCADCF1DA}.Development|x86.ActiveCfg = Development|x86
		{8D0CF30B-41B1-4E4E-975A-25ECCADCF1DA}.Development|x86.Build.0 = Development|x86
		{8D0CF30B-41B1-4E4E-975A-25ECCADCF1DA}.Development|x86.Deploy.0 = Development|x86
		{D4FB3CD4-7B84-4A43-B66B-6A25E3A26668}.Development|x86.ActiveCfg = Development|x86
		{D4FB3CD4-7B84-4A43-B66B-6A25E3A26668}.Development|x86.Build.0 = Development|x86
		{D4FB3CD4-7B84-4A43-B66B-6A25E3A26668}.Development|x86.Deploy.0 = Development|x86
		{F5EE9EF7-60DF-4E98-B595-6C005CE5150C}.Development|x86.ActiveCfg = Development|x86
		{F5EE9EF7-60DF-4E98-B595-6C005CE5150C}.Development|x86.Build.0 = Development|x86
		{F5EE9EF7-60DF-4E98-B595-6C005CE5150C}.Development|x86.Deploy.0 = Development|x86
		{12F7EE38-4910-453B-8E93-533A5FB397EA}.Development|x86.ActiveCfg = Development|x86
		{12F7EE38-4910-453B-8E93-533A5FB397EA}.Development|x86.Build.0 = Development|x86
		{12F7EE38-4910-453B-8E93-533A5FB397EA}.Development|x86.Deploy.0 = Development|x86
		{B1D1D7FD-A8FA-4529-B0EA-3BC4E5D4725F}.Development|x86.ActiveCfg = Development|x86
		{B1D1D7FD-A8FA-4529-B0EA-3BC4E5D4725F}.Development|x86.Build.0 = Development|x86
		{B1D1D7FD-A8FA-4529-B0EA-3BC4E5D4725F}.Development|x86.Deploy.0 = Development|x86
		{340ECCE1-716F-4496-A189-5B408881A52C}.Development|x86.ActiveCfg = Development|x86
		{340ECCE1-716F-4496-A189-5B408881A52C}.Development|x86.Build.0 = Development|x86
		{340ECCE1-716F-4496-A189-5B408881A52C}.Development|x86.Deploy.0 = Development|x86
		{FBF6089F-EC34-4891-B750-5AAC8969F858}.Development|x86.ActiveCfg = Development|x86
		{FBF6089F-EC34-4891-B750-5AAC8969F858}.Development|x86.Build.0 = Development|x86
		{FBF6089F-EC34-4891-B750-5AAC8969F858}.Development|x86.Deploy.0 = Development|x86
		{08098942-C17F-474C-AE8F-6FC3F8A612EF}.Development|x86.ActiveCfg = Development|x86
		{08098942-C17F-474C-AE8F-6FC3F8A612EF}.Development|x86.Build.0 = Development|x86
		{08098942-C17F-474C-AE8F-6FC3F8A612EF}.Development|x86.Deploy.0 = Development|x86
		{8C0B749A-45ED-44FC-88A9-BD4CC51861C4}.Development|x86.ActiveCfg = Development|x86
		{8C0B749A-45ED-44FC-88A9-BD4CC51861C4}.Development|x86.Build.0 = Development|x86
		{8C0B749A-45ED-44FC-88A9-BD4CC51861C4}.Development|x86.Deploy.0 = Development|x86
		{85C67674-648B-4F0E-8266-09E0172200FE}.Development|x86.ActiveCfg = Development|x86
		{85C67674-648B-4F0E-8266-09E0172200FE}.Development|x86.Build.0 = Development|x86
		{85C67674-648B-4F0E-8266-09E0172200FE}.Development|x86.Deploy.0 = Development|x86
		{9D149C10-6CC0-4EF1-B76F-F11B5B5748BD}.Development|x86.ActiveCfg = Development|x86
		{9D149C10-6CC0-4EF1-B76F-F11B5B5748BD}.Development|x86.Build.0 = Development|x86
		{9D149C10-6CC0-4EF1-B76F-F11B5B5748BD}.Development|x86.Deploy.0 = Development|x86
		{1950228B-A5ED-495D-878D-4F44E056DF29}.Development|x86.ActiveCfg = Development|x86
		{1950228B-A5ED-495D-878D-4F44E056DF29}.Development|x86.Build.0 = Development|x86
		{1950228B-A5ED-495D-878D-4F44E056DF29}.Development|x86.Deploy.0 = Development|x86
		{4119DDF2-F7ED-402D-8A7B-A33C9058A366}.Development|x86.ActiveCfg = Development|x86
		{4119DDF2-F7ED-402D-8A7B-A33C9058A366}.Development|x86.Build.0 = Development|x86
		{4119DDF2-F7ED-402D-8A7B-A33C9058A366}.Development|x86.Deploy.0 = Development|x86
	EndGlobalSection
	GlobalSection(SolutionProperties) = preSolution
		HideSolutionNode = FALSE
	EndGlobalSection
EndGlobal
