
Microsoft Visual Studio Solution File, Format Version 12.00
# Visual Studio 14
VisualStudioVersion = 14.0.25420.1
MinimumVisualStudioVersion = 10.0.40219.1
Project("{6870E480-7721-4708-BFB8-9AE898AA21B3}") = "KK", "KK\KK.smproj", "{D4FB3CD4-7B84-4A43-B66B-6A25E3A26668}"
EndProject
Project("{6870E480-7721-4708-BFB8-9AE898AA21B3}") = "YO", "YO\YO.smproj", "{F5EE9EF7-60DF-4E98-B595-6C005CE5150C}"
EndProject
Project("{6870E480-7721-4708-BFB8-9AE898AA21B3}") = "AMK", "AMK\AMK.smproj", "{8034C7E7-EA47-4144-984A-8EFEE6029137}"
EndProject
Project("{6870E480-7721-4708-BFB8-9AE898AA21B3}") = "Toinen aste yhteishaku", "Toinen aste yhteishaku kevät\Toinen aste yhteishaku.smproj", "{08098942-C17F-474C-AE8F-6FC3F8A612EF}"
EndProject
Project("{6870E480-7721-4708-BFB8-9AE898AA21B3}") = "Ammatillinen erityisopetus", "Ammatillinen erityisopetus\Ammatillinen erityisopetus.smproj", "{12F7EE38-4910-453B-8E93-533A5FB397EA}"
EndProject
Project("{6870E480-7721-4708-BFB8-9AE898AA21B3}") = "KK aiemmat tutk ja opiskoik", "KK aiemmat tutk ja opiskoik\KK aiemmat tutk ja opiskoik.smproj", "{8C0B749A-45ED-44FC-88A9-BD4CC51861C4}"
EndProject
Project("{6870E480-7721-4708-BFB8-9AE898AA21B3}") = "Perusopetuksen jälkeisen valmistavan koulutuksen haku", "Perusopetuksen jälkeisen valmistavan koulutuksen haku\Perusopetuksen jälkeisen valmistavan koulutuksen haku.smproj", "{FBF6089F-EC34-4891-B750-5AAC8969F858}"
EndProject
Project("{6870E480-7721-4708-BFB8-9AE898AA21B3}") = "Toinen aste koonti", "Toinen aste koonti\Toinen aste koonti.smproj", "{B1D1D7FD-A8FA-4529-B0EA-3BC4E5D4725F}"
EndProject
Project("{6870E480-7721-4708-BFB8-9AE898AA21B3}") = "KK live", "KK live\KK live.smproj", "{8D0CF30B-41B1-4E4E-975A-25ECCADCF1DA}"
EndProject
Global
	GlobalSection(SolutionConfigurationPlatforms) = preSolution
		Development|x86 = Development|x86
	EndGlobalSection
	GlobalSection(ProjectConfigurationPlatforms) = postSolution
		{D4FB3CD4-7B84-4A43-B66B-6A25E3A26668}.Development|x86.ActiveCfg = Development|x86
		{D4FB3CD4-7B84-4A43-B66B-6A25E3A26668}.Development|x86.Build.0 = Development|x86
		{D4FB3CD4-7B84-4A43-B66B-6A25E3A26668}.Development|x86.Deploy.0 = Development|x86
		{F5EE9EF7-60DF-4E98-B595-6C005CE5150C}.Development|x86.ActiveCfg = Development|x86
		{F5EE9EF7-60DF-4E98-B595-6C005CE5150C}.Development|x86.Build.0 = Development|x86
		{F5EE9EF7-60DF-4E98-B595-6C005CE5150C}.Development|x86.Deploy.0 = Development|x86
		{8034C7E7-EA47-4144-984A-8EFEE6029137}.Development|x86.ActiveCfg = Development|x86
		{8034C7E7-EA47-4144-984A-8EFEE6029137}.Development|x86.Build.0 = Development|x86
		{8034C7E7-EA47-4144-984A-8EFEE6029137}.Development|x86.Deploy.0 = Development|x86
		{08098942-C17F-474C-AE8F-6FC3F8A612EF}.Development|x86.ActiveCfg = Development|x86
		{08098942-C17F-474C-AE8F-6FC3F8A612EF}.Development|x86.Build.0 = Development|x86
		{08098942-C17F-474C-AE8F-6FC3F8A612EF}.Development|x86.Deploy.0 = Development|x86
		{12F7EE38-4910-453B-8E93-533A5FB397EA}.Development|x86.ActiveCfg = Development|x86
		{12F7EE38-4910-453B-8E93-533A5FB397EA}.Development|x86.Build.0 = Development|x86
		{12F7EE38-4910-453B-8E93-533A5FB397EA}.Development|x86.Deploy.0 = Development|x86
		{8C0B749A-45ED-44FC-88A9-BD4CC51861C4}.Development|x86.ActiveCfg = Development|x86
		{8C0B749A-45ED-44FC-88A9-BD4CC51861C4}.Development|x86.Build.0 = Development|x86
		{8C0B749A-45ED-44FC-88A9-BD4CC51861C4}.Development|x86.Deploy.0 = Development|x86
		{FBF6089F-EC34-4891-B750-5AAC8969F858}.Development|x86.ActiveCfg = Development|x86
		{FBF6089F-EC34-4891-B750-5AAC8969F858}.Development|x86.Build.0 = Development|x86
		{FBF6089F-EC34-4891-B750-5AAC8969F858}.Development|x86.Deploy.0 = Development|x86
		{B1D1D7FD-A8FA-4529-B0EA-3BC4E5D4725F}.Development|x86.ActiveCfg = Development|x86
		{B1D1D7FD-A8FA-4529-B0EA-3BC4E5D4725F}.Development|x86.Build.0 = Development|x86
		{B1D1D7FD-A8FA-4529-B0EA-3BC4E5D4725F}.Development|x86.Deploy.0 = Development|x86
		{8D0CF30B-41B1-4E4E-975A-25ECCADCF1DA}.Development|x86.ActiveCfg = Development|x86
		{8D0CF30B-41B1-4E4E-975A-25ECCADCF1DA}.Development|x86.Build.0 = Development|x86
		{8D0CF30B-41B1-4E4E-975A-25ECCADCF1DA}.Development|x86.Deploy.0 = Development|x86
	EndGlobalSection
	GlobalSection(SolutionProperties) = preSolution
		HideSolutionNode = FALSE
	EndGlobalSection
EndGlobal
