
Microsoft Visual Studio Solution File, Format Version 12.00
# Visual Studio 14
VisualStudioVersion = 14.0.25420.1
MinimumVisualStudioVersion = 10.0.40219.1
Project("{6870E480-7721-4708-BFB8-9AE898AA21B3}") = "Opettajatiedot_7_1", "Opettajatiedot_7_1\Opettajatiedot_7_1.smproj", "{BCE43495-B001-479B-97BF-B64B6F1F7F0A}"
EndProject
Project("{6870E480-7721-4708-BFB8-9AE898AA21B3}") = "Opettajatiedot_7_2", "Opettajatiedot_7_2\Opettajatiedot_7_2.smproj", "{D7D850B0-EE75-43C4-B5DD-791EA344F77B}"
EndProject
Project("{6870E480-7721-4708-BFB8-9AE898AA21B3}") = "Opettajatiedot_7_3", "Opettajatiedot_7_3\Opettajatiedot_7_3.smproj", "{11DA0FFD-186F-4531-AC89-50CF18809F0A}"
EndProject
Project("{6870E480-7721-4708-BFB8-9AE898AA21B3}") = "Opettajatiedot_7_4", "Opettajatiedot_7_4\Opettajatiedot_7_4.smproj", "{AEA6DB02-C241-475C-A9D4-361F548E97F7}"
EndProject
Project("{6870E480-7721-4708-BFB8-9AE898AA21B3}") = "Opettajatiedot_7_5", "Opettajatiedot_7_5\Opettajatiedot_7_5.smproj", "{FC12A4C3-ACA5-4C21-9DF3-3EE001AECFFB}"
EndProject
Project("{6870E480-7721-4708-BFB8-9AE898AA21B3}") = "Opettajatiedot_7_6", "Opettajatiedot_7_6\Opettajatiedot_7_6.smproj", "{2E80775D-FF6F-4553-9729-5C8D53C93455}"
EndProject
Project("{6870E480-7721-4708-BFB8-9AE898AA21B3}") = "Opettajatiedot_7_10", "Opettajatiedot_7_10\Opettajatiedot_7_10.smproj", "{B7B0D67A-C9F1-452D-8280-B3DF3AED6061}"
EndProject
Project("{6870E480-7721-4708-BFB8-9AE898AA21B3}") = "Opettajatiedot_7_8", "Opettajatiedot_7_8\Opettajatiedot_7_8.smproj", "{A524AC08-7A13-4F2C-92E6-AA7AA4773CF7}"
EndProject
Project("{6870E480-7721-4708-BFB8-9AE898AA21B3}") = "Opettajatiedot_7_9", "Opettajatiedot_7_9\Opettajatiedot_7_9.smproj", "{C19553AC-5B09-405A-953B-FC1FF740A657}"
EndProject
Project("{6870E480-7721-4708-BFB8-9AE898AA21B3}") = "Opettajatiedot_7_12", "Opettajatiedot_7_12\Opettajatiedot_7_12.smproj", "{0FCC5BA9-4A47-43F5-8642-C475C49ADC59}"
EndProject
Project("{6870E480-7721-4708-BFB8-9AE898AA21B3}") = "Opettajatiedot_yhteinen", "Opettajatiedot_yhteinen\Opettajatiedot_yhteinen.smproj", "{42C41714-1455-44C3-A067-45DE732D95BE}"
EndProject
Project("{6870E480-7721-4708-BFB8-9AE898AA21B3}") = "Opettajatiedot_7_7", "Opettajatiedot_7_7\Opettajatiedot_7_7.smproj", "{D324493C-B563-4447-98BF-C5895682AAC9}"
EndProject
Project("{6870E480-7721-4708-BFB8-9AE898AA21B3}") = "Opettajatiedot_7_15", "Opettajatiedot_7_15\Opettajatiedot_7_15.smproj", "{04B1E157-3E7D-4F13-8467-EBC2D58AE9DA}"
EndProject
Project("{6870E480-7721-4708-BFB8-9AE898AA21B3}") = "Opettajatiedot_7_17", "Opettajatiedot_7_17\Opettajatiedot_7_17.smproj", "{11EBD183-D587-4D20-86B9-1191F2226B90}"
EndProject
Project("{6870E480-7721-4708-BFB8-9AE898AA21B3}") = "Opettajatiedot_7_18", "Opettajatiedot_7_18\Opettajatiedot_7_18.smproj", "{45CAC7F9-CEDB-46AA-8468-9C6D3869DE77}"
EndProject
Project("{6870E480-7721-4708-BFB8-9AE898AA21B3}") = "Opettajatiedot_7_19", "Opettajatiedot_7_19\Opettajatiedot_7_19.smproj", "{A0A33A56-87BD-4B7D-8B5B-3E1ECE94B181}"
EndProject
Global
	GlobalSection(SolutionConfigurationPlatforms) = preSolution
		Development|x86 = Development|x86
	EndGlobalSection
	GlobalSection(ProjectConfigurationPlatforms) = postSolution
		{BCE43495-B001-479B-97BF-B64B6F1F7F0A}.Development|x86.ActiveCfg = Development|x86
		{BCE43495-B001-479B-97BF-B64B6F1F7F0A}.Development|x86.Build.0 = Development|x86
		{BCE43495-B001-479B-97BF-B64B6F1F7F0A}.Development|x86.Deploy.0 = Development|x86
		{D7D850B0-EE75-43C4-B5DD-791EA344F77B}.Development|x86.ActiveCfg = Development|x86
		{D7D850B0-EE75-43C4-B5DD-791EA344F77B}.Development|x86.Build.0 = Development|x86
		{D7D850B0-EE75-43C4-B5DD-791EA344F77B}.Development|x86.Deploy.0 = Development|x86
		{11DA0FFD-186F-4531-AC89-50CF18809F0A}.Development|x86.ActiveCfg = Development|x86
		{11DA0FFD-186F-4531-AC89-50CF18809F0A}.Development|x86.Build.0 = Development|x86
		{11DA0FFD-186F-4531-AC89-50CF18809F0A}.Development|x86.Deploy.0 = Development|x86
		{AEA6DB02-C241-475C-A9D4-361F548E97F7}.Development|x86.ActiveCfg = Development|x86
		{AEA6DB02-C241-475C-A9D4-361F548E97F7}.Development|x86.Build.0 = Development|x86
		{AEA6DB02-C241-475C-A9D4-361F548E97F7}.Development|x86.Deploy.0 = Development|x86
		{FC12A4C3-ACA5-4C21-9DF3-3EE001AECFFB}.Development|x86.ActiveCfg = Development|x86
		{FC12A4C3-ACA5-4C21-9DF3-3EE001AECFFB}.Development|x86.Build.0 = Development|x86
		{FC12A4C3-ACA5-4C21-9DF3-3EE001AECFFB}.Development|x86.Deploy.0 = Development|x86
		{2E80775D-FF6F-4553-9729-5C8D53C93455}.Development|x86.ActiveCfg = Development|x86
		{2E80775D-FF6F-4553-9729-5C8D53C93455}.Development|x86.Build.0 = Development|x86
		{2E80775D-FF6F-4553-9729-5C8D53C93455}.Development|x86.Deploy.0 = Development|x86
		{B7B0D67A-C9F1-452D-8280-B3DF3AED6061}.Development|x86.ActiveCfg = Development|x86
		{B7B0D67A-C9F1-452D-8280-B3DF3AED6061}.Development|x86.Build.0 = Development|x86
		{B7B0D67A-C9F1-452D-8280-B3DF3AED6061}.Development|x86.Deploy.0 = Development|x86
		{A524AC08-7A13-4F2C-92E6-AA7AA4773CF7}.Development|x86.ActiveCfg = Development|x86
		{A524AC08-7A13-4F2C-92E6-AA7AA4773CF7}.Development|x86.Build.0 = Development|x86
		{A524AC08-7A13-4F2C-92E6-AA7AA4773CF7}.Development|x86.Deploy.0 = Development|x86
		{C19553AC-5B09-405A-953B-FC1FF740A657}.Development|x86.ActiveCfg = Development|x86
		{C19553AC-5B09-405A-953B-FC1FF740A657}.Development|x86.Build.0 = Development|x86
		{C19553AC-5B09-405A-953B-FC1FF740A657}.Development|x86.Deploy.0 = Development|x86
		{0FCC5BA9-4A47-43F5-8642-C475C49ADC59}.Development|x86.ActiveCfg = Development|x86
		{0FCC5BA9-4A47-43F5-8642-C475C49ADC59}.Development|x86.Build.0 = Development|x86
		{0FCC5BA9-4A47-43F5-8642-C475C49ADC59}.Development|x86.Deploy.0 = Development|x86
		{42C41714-1455-44C3-A067-45DE732D95BE}.Development|x86.ActiveCfg = Development|x86
		{42C41714-1455-44C3-A067-45DE732D95BE}.Development|x86.Build.0 = Development|x86
		{42C41714-1455-44C3-A067-45DE732D95BE}.Development|x86.Deploy.0 = Development|x86
		{D324493C-B563-4447-98BF-C5895682AAC9}.Development|x86.ActiveCfg = Development|x86
		{D324493C-B563-4447-98BF-C5895682AAC9}.Development|x86.Build.0 = Development|x86
		{D324493C-B563-4447-98BF-C5895682AAC9}.Development|x86.Deploy.0 = Development|x86
		{04B1E157-3E7D-4F13-8467-EBC2D58AE9DA}.Development|x86.ActiveCfg = Development|x86
		{04B1E157-3E7D-4F13-8467-EBC2D58AE9DA}.Development|x86.Build.0 = Development|x86
		{04B1E157-3E7D-4F13-8467-EBC2D58AE9DA}.Development|x86.Deploy.0 = Development|x86
		{11EBD183-D587-4D20-86B9-1191F2226B90}.Development|x86.ActiveCfg = Development|x86
		{11EBD183-D587-4D20-86B9-1191F2226B90}.Development|x86.Build.0 = Development|x86
		{11EBD183-D587-4D20-86B9-1191F2226B90}.Development|x86.Deploy.0 = Development|x86
		{45CAC7F9-CEDB-46AA-8468-9C6D3869DE77}.Development|x86.ActiveCfg = Development|x86
		{45CAC7F9-CEDB-46AA-8468-9C6D3869DE77}.Development|x86.Build.0 = Development|x86
		{45CAC7F9-CEDB-46AA-8468-9C6D3869DE77}.Development|x86.Deploy.0 = Development|x86
		{A0A33A56-87BD-4B7D-8B5B-3E1ECE94B181}.Development|x86.ActiveCfg = Development|x86
		{A0A33A56-87BD-4B7D-8B5B-3E1ECE94B181}.Development|x86.Build.0 = Development|x86
		{A0A33A56-87BD-4B7D-8B5B-3E1ECE94B181}.Development|x86.Deploy.0 = Development|x86
	EndGlobalSection
	GlobalSection(SolutionProperties) = preSolution
		HideSolutionNode = FALSE
	EndGlobalSection
EndGlobal
