
Microsoft Visual Studio Solution File, Format Version 11.00
# Visual Studio 2010
Project("{6870E480-7721-4708-BFB8-9AE898AA21B3}") = "Pohjakoulutus toinen aste", "Pohjakoulutus toinen aste\Pohjakoulutus toinen aste.smproj", "{13F6DF60-A086-4F07-9B07-DBF20660FCA4}"
EndProject
Project("{6870E480-7721-4708-BFB8-9AE898AA21B3}") = "Pohjakoulutus toinen aste ammatillinen", "Pohjakoulutus toinen aste ammatillinen\Pohjakoulutus toinen aste ammatillinen.smproj", "{722E02E7-14E3-4BBA-B789-4C4CF7D6F7C5}"
EndProject
Project("{6870E480-7721-4708-BFB8-9AE898AA21B3}") = "Pohjakoulutus toinen aste lukio", "Pohjakoulutus toinen aste lukio\Pohjakoulutus toinen aste lukio.smproj", "{ED3608EA-978F-4104-88F6-267C9A790E91}"
EndProject
Global
	GlobalSection(SolutionConfigurationPlatforms) = preSolution
		Development|x86 = Development|x86
	EndGlobalSection
	GlobalSection(ProjectConfigurationPlatforms) = postSolution
		{13F6DF60-A086-4F07-9B07-DBF20660FCA4}.Development|x86.ActiveCfg = Development|x86
		{13F6DF60-A086-4F07-9B07-DBF20660FCA4}.Development|x86.Build.0 = Development|x86
		{13F6DF60-A086-4F07-9B07-DBF20660FCA4}.Development|x86.Deploy.0 = Development|x86
		{722E02E7-14E3-4BBA-B789-4C4CF7D6F7C5}.Development|x86.ActiveCfg = Development|x86
		{722E02E7-14E3-4BBA-B789-4C4CF7D6F7C5}.Development|x86.Build.0 = Development|x86
		{722E02E7-14E3-4BBA-B789-4C4CF7D6F7C5}.Development|x86.Deploy.0 = Development|x86
		{ED3608EA-978F-4104-88F6-267C9A790E91}.Development|x86.ActiveCfg = Development|x86
		{ED3608EA-978F-4104-88F6-267C9A790E91}.Development|x86.Build.0 = Development|x86
		{ED3608EA-978F-4104-88F6-267C9A790E91}.Development|x86.Deploy.0 = Development|x86
	EndGlobalSection
	GlobalSection(SolutionProperties) = preSolution
		HideSolutionNode = FALSE
	EndGlobalSection
EndGlobal
