
Microsoft Visual Studio Solution File, Format Version 12.00
# Visual Studio 14
VisualStudioVersion = 14.0.25420.1
MinimumVisualStudioVersion = 10.0.40219.1
Project("{6870E480-7721-4708-BFB8-9AE898AA21B3}") = "Virta OTP Opettajakelpoisuudet uudet", "Virta OTP Opettajakelpoisuudet uudet\Virta OTP Opettajakelpoisuudet uudet.smproj", "{99199CB5-09F6-4B37-992F-96EB4B699E8B}"
EndProject
Project("{6870E480-7721-4708-BFB8-9AE898AA21B3}") = "Virta OTP Ainekelpoisuudet", "Virta OTP Ainekelpoisuudet\Virta OTP Ainekelpoisuudet.smproj", "{34F9CF56-9F34-4F9B-B82B-B0F8F325A40E}"
EndProject
Project("{6870E480-7721-4708-BFB8-9AE898AA21B3}") = "Virta OTP Opettajakelpoisuudet tarkistukset", "Virta OTP Opettajakelpoisuudet tarkistukset\Virta OTP Opettajakelpoisuudet tarkistukset.smproj", "{F2F864C9-3E58-443F-899C-3FE1A305A21A}"
EndProject
Project("{6870E480-7721-4708-BFB8-9AE898AA21B3}") = "Virta OTP Opettajakelpoisuudet jaadytys", "Virta OTP Opettajakelpoisuudet jaadytys\Virta OTP Opettajakelpoisuudet jaadytys.smproj", "{8CE414BB-95B2-4C99-9E03-51BA72086E22}"
EndProject
Project("{6870E480-7721-4708-BFB8-9AE898AA21B3}") = "Virta OTP Ainekelpoisuudet jaadytys", "Virta OTP Ainekelpoisuudet jaadytys\Virta OTP Ainekelpoisuudet jaadytys.smproj", "{818FF9F2-235D-4D80-B164-B134796E26CD}"
EndProject
Global
	GlobalSection(SolutionConfigurationPlatforms) = preSolution
		Development|x86 = Development|x86
	EndGlobalSection
	GlobalSection(ProjectConfigurationPlatforms) = postSolution
		{99199CB5-09F6-4B37-992F-96EB4B699E8B}.Development|x86.ActiveCfg = Development|x86
		{99199CB5-09F6-4B37-992F-96EB4B699E8B}.Development|x86.Build.0 = Development|x86
		{99199CB5-09F6-4B37-992F-96EB4B699E8B}.Development|x86.Deploy.0 = Development|x86
		{34F9CF56-9F34-4F9B-B82B-B0F8F325A40E}.Development|x86.ActiveCfg = Development|x86
		{34F9CF56-9F34-4F9B-B82B-B0F8F325A40E}.Development|x86.Build.0 = Development|x86
		{34F9CF56-9F34-4F9B-B82B-B0F8F325A40E}.Development|x86.Deploy.0 = Development|x86
		{F2F864C9-3E58-443F-899C-3FE1A305A21A}.Development|x86.ActiveCfg = Development|x86
		{F2F864C9-3E58-443F-899C-3FE1A305A21A}.Development|x86.Build.0 = Development|x86
		{F2F864C9-3E58-443F-899C-3FE1A305A21A}.Development|x86.Deploy.0 = Development|x86
		{8CE414BB-95B2-4C99-9E03-51BA72086E22}.Development|x86.ActiveCfg = Development|x86
		{8CE414BB-95B2-4C99-9E03-51BA72086E22}.Development|x86.Build.0 = Development|x86
		{8CE414BB-95B2-4C99-9E03-51BA72086E22}.Development|x86.Deploy.0 = Development|x86
		{818FF9F2-235D-4D80-B164-B134796E26CD}.Development|x86.ActiveCfg = Development|x86
		{818FF9F2-235D-4D80-B164-B134796E26CD}.Development|x86.Build.0 = Development|x86
		{818FF9F2-235D-4D80-B164-B134796E26CD}.Development|x86.Deploy.0 = Development|x86
	EndGlobalSection
	GlobalSection(SolutionProperties) = preSolution
		HideSolutionNode = FALSE
	EndGlobalSection
EndGlobal
