
Microsoft Visual Studio Solution File, Format Version 12.00
# Visual Studio 14
VisualStudioVersion = 14.0.25420.1
MinimumVisualStudioVersion = 10.0.40219.1
Project("{6870E480-7721-4708-BFB8-9AE898AA21B3}") = "Virta OTP Opettajapatevyydet", "Virta OTP Opettajapatevyydet\Virta OTP Opettajapatevyydet.smproj", "{8CE414BB-95B2-4C99-9E03-51BA72086E22}"
EndProject
Project("{6870E480-7721-4708-BFB8-9AE898AA21B3}") = "Virta OTP Opettajapatevyydet kumulatiivinen", "Virta OTP Opettajapatevyydet kumulatiivinen\Virta OTP Opettajapatevyydet kumulatiivinen.smproj", "{7EBCF67C-6830-43E6-84F2-8000133A7348}"
EndProject
Project("{6870E480-7721-4708-BFB8-9AE898AA21B3}") = "Virta OTP Opettajapatevyydet kumulatiivinen aine", "Virta OTP Opettajapatevyydet kumulatiivinen aine\Virta OTP Opettajapatevyydet kumulatiivinen aine.smproj", "{A4F210E7-1706-4F50-B7E8-581373BCAACC}"
EndProject
Global
	GlobalSection(SolutionConfigurationPlatforms) = preSolution
		Development|x86 = Development|x86
	EndGlobalSection
	GlobalSection(ProjectConfigurationPlatforms) = postSolution
		{8CE414BB-95B2-4C99-9E03-51BA72086E22}.Development|x86.ActiveCfg = Development|x86
		{8CE414BB-95B2-4C99-9E03-51BA72086E22}.Development|x86.Build.0 = Development|x86
		{8CE414BB-95B2-4C99-9E03-51BA72086E22}.Development|x86.Deploy.0 = Development|x86
		{7EBCF67C-6830-43E6-84F2-8000133A7348}.Development|x86.ActiveCfg = Development|x86
		{7EBCF67C-6830-43E6-84F2-8000133A7348}.Development|x86.Build.0 = Development|x86
		{7EBCF67C-6830-43E6-84F2-8000133A7348}.Development|x86.Deploy.0 = Development|x86
		{A4F210E7-1706-4F50-B7E8-581373BCAACC}.Development|x86.ActiveCfg = Development|x86
		{A4F210E7-1706-4F50-B7E8-581373BCAACC}.Development|x86.Build.0 = Development|x86
		{A4F210E7-1706-4F50-B7E8-581373BCAACC}.Development|x86.Deploy.0 = Development|x86
	EndGlobalSection
	GlobalSection(SolutionProperties) = preSolution
		HideSolutionNode = FALSE
	EndGlobalSection
EndGlobal
