
Microsoft Visual Studio Solution File, Format Version 12.00
# Visual Studio 14
VisualStudioVersion = 14.0.25420.1
MinimumVisualStudioVersion = 10.0.40219.1
Project("{6870E480-7721-4708-BFB8-9AE898AA21B3}") = "Virta OTP Opettajapatevyydet", "Virta OTP Opettajapatevyydet\Virta OTP Opettajapatevyydet.smproj", "{8CE414BB-95B2-4C99-9E03-51BA72086E22}"
EndProject
Project("{6870E480-7721-4708-BFB8-9AE898AA21B3}") = "Virta OTP Opettajakelpoisuudet kumulatiivinen", "Virta OTP Opettajapatevyydet kumulatiivinen\Virta OTP Opettajakelpoisuudet kumulatiivinen.smproj", "{7EBCF67C-6830-43E6-84F2-8000133A7348}"
EndProject
Project("{6870E480-7721-4708-BFB8-9AE898AA21B3}") = "Virta OTP Opettajakelpoisuudet kumulatiivinen aineet", "Virta OTP Opettajapatevyydet kumulatiivinen aine\Virta OTP Opettajakelpoisuudet kumulatiivinen aineet.smproj", "{A4F210E7-1706-4F50-B7E8-581373BCAACC}"
EndProject
Project("{6870E480-7721-4708-BFB8-9AE898AA21B3}") = "Virta OTP Opettajakelpoisuudet uudet", "Virta OTP Opettajakelpoisuudet uudet\Virta OTP Opettajakelpoisuudet uudet.smproj", "{99199CB5-09F6-4B37-992F-96EB4B699E8B}"
EndProject
Project("{6870E480-7721-4708-BFB8-9AE898AA21B3}") = "Virta OTP Opettajakelpoisuudet uudet aineet", "Virta OTP Opettajakelpoisuudet uudet aineet\Virta OTP Opettajakelpoisuudet uudet aineet.smproj", "{F1B8491F-099C-4279-927C-EA63936F64DD}"
EndProject
Global
	GlobalSection(SolutionConfigurationPlatforms) = preSolution
		Development|x86 = Development|x86
	EndGlobalSection
	GlobalSection(ProjectConfigurationPlatforms) = postSolution
		{8CE414BB-95B2-4C99-9E03-51BA72086E22}.Development|x86.ActiveCfg = Development|x86
		{8CE414BB-95B2-4C99-9E03-51BA72086E22}.Development|x86.Build.0 = Development|x86
		{8CE414BB-95B2-4C99-9E03-51BA72086E22}.Development|x86.Deploy.0 = Development|x86
		{7EBCF67C-6830-43E6-84F2-8000133A7348}.Development|x86.ActiveCfg = Development|x86
		{7EBCF67C-6830-43E6-84F2-8000133A7348}.Development|x86.Build.0 = Development|x86
		{7EBCF67C-6830-43E6-84F2-8000133A7348}.Development|x86.Deploy.0 = Development|x86
		{A4F210E7-1706-4F50-B7E8-581373BCAACC}.Development|x86.ActiveCfg = Development|x86
		{A4F210E7-1706-4F50-B7E8-581373BCAACC}.Development|x86.Build.0 = Development|x86
		{A4F210E7-1706-4F50-B7E8-581373BCAACC}.Development|x86.Deploy.0 = Development|x86
		{99199CB5-09F6-4B37-992F-96EB4B699E8B}.Development|x86.ActiveCfg = Development|x86
		{99199CB5-09F6-4B37-992F-96EB4B699E8B}.Development|x86.Build.0 = Development|x86
		{99199CB5-09F6-4B37-992F-96EB4B699E8B}.Development|x86.Deploy.0 = Development|x86
		{F1B8491F-099C-4279-927C-EA63936F64DD}.Development|x86.ActiveCfg = Development|x86
		{F1B8491F-099C-4279-927C-EA63936F64DD}.Development|x86.Build.0 = Development|x86
		{F1B8491F-099C-4279-927C-EA63936F64DD}.Development|x86.Deploy.0 = Development|x86
	EndGlobalSection
	GlobalSection(SolutionProperties) = preSolution
		HideSolutionNode = FALSE
	EndGlobalSection
EndGlobal
