
Microsoft Visual Studio Solution File, Format Version 11.00
# Visual Studio 2010
Project("{6870E480-7721-4708-BFB8-9AE898AA21B3}") = "Keskeyttäneet", "Keskeyttäneet\Keskeyttäneet.smproj", "{B1008603-6820-444C-84A5-1C26C3FFAB5C}"
EndProject
Project("{6870E480-7721-4708-BFB8-9AE898AA21B3}") = "Keskeyttäneet ammatillinen koulutus", "Keskeyttäneet ammatillinen koulutus\Keskeyttäneet ammatillinen koulutus.smproj", "{9D5339DD-AFF0-4BCF-AC55-A3E9FD15DD72}"
EndProject
Project("{6870E480-7721-4708-BFB8-9AE898AA21B3}") = "Keskeyttäneet lukio", "Keskeyttäneet lukio\Keskeyttäneet lukio.smproj", "{41184FBC-59B7-4AA6-A7C5-9A19BBF60837}"
EndProject
Project("{6870E480-7721-4708-BFB8-9AE898AA21B3}") = "Keskeyttäneet ammattikorkeakoulutus", "Keskeyttäneet ammattikorkeakoulutus\Keskeyttäneet ammattikorkeakoulutus.smproj", "{F0E119F5-5607-4B20-BBF0-1EC98D3B8997}"
EndProject
Project("{6870E480-7721-4708-BFB8-9AE898AA21B3}") = "Keskeyttäneet yliopisto", "Keskeyttäneet yliopisto\Keskeyttäneet yliopisto.smproj", "{9DC0B380-F264-4C01-BC58-CC4E7CC31C11}"
EndProject
Global
	GlobalSection(SolutionConfigurationPlatforms) = preSolution
		Development|x86 = Development|x86
	EndGlobalSection
	GlobalSection(ProjectConfigurationPlatforms) = postSolution
		{B1008603-6820-444C-84A5-1C26C3FFAB5C}.Development|x86.ActiveCfg = Development|x86
		{B1008603-6820-444C-84A5-1C26C3FFAB5C}.Development|x86.Build.0 = Development|x86
		{B1008603-6820-444C-84A5-1C26C3FFAB5C}.Development|x86.Deploy.0 = Development|x86
		{9D5339DD-AFF0-4BCF-AC55-A3E9FD15DD72}.Development|x86.ActiveCfg = Development|x86
		{9D5339DD-AFF0-4BCF-AC55-A3E9FD15DD72}.Development|x86.Build.0 = Development|x86
		{9D5339DD-AFF0-4BCF-AC55-A3E9FD15DD72}.Development|x86.Deploy.0 = Development|x86
		{41184FBC-59B7-4AA6-A7C5-9A19BBF60837}.Development|x86.ActiveCfg = Development|x86
		{41184FBC-59B7-4AA6-A7C5-9A19BBF60837}.Development|x86.Build.0 = Development|x86
		{41184FBC-59B7-4AA6-A7C5-9A19BBF60837}.Development|x86.Deploy.0 = Development|x86
		{F0E119F5-5607-4B20-BBF0-1EC98D3B8997}.Development|x86.ActiveCfg = Development|x86
		{F0E119F5-5607-4B20-BBF0-1EC98D3B8997}.Development|x86.Build.0 = Development|x86
		{F0E119F5-5607-4B20-BBF0-1EC98D3B8997}.Development|x86.Deploy.0 = Development|x86
		{9DC0B380-F264-4C01-BC58-CC4E7CC31C11}.Development|x86.ActiveCfg = Development|x86
		{9DC0B380-F264-4C01-BC58-CC4E7CC31C11}.Development|x86.Build.0 = Development|x86
		{9DC0B380-F264-4C01-BC58-CC4E7CC31C11}.Development|x86.Deploy.0 = Development|x86
	EndGlobalSection
	GlobalSection(SolutionProperties) = preSolution
		HideSolutionNode = FALSE
	EndGlobalSection
EndGlobal
